
Microsoft Visual Studio Solution File, Format Version 12.00
# Visual Studio Version 17
VisualStudioVersion = 17.8.34309.116
MinimumVisualStudioVersion = 10.0.40219.1
Project("{8BC9CEB8-8B4A-11D0-8D11-00A0C91BC942}") = "Bai005", "Bai005\Bai005.vcxproj", "{4271D648-B9F2-4D26-9325-2AE52BB15E33}"
EndProject
Project("{8BC9CEB8-8B4A-11D0-8D11-00A0C91BC942}") = "Bai011", "Bai011\Bai011.vcxproj", "{5D348C8E-7CBA-496C-818C-01E13D02C3F8}"
EndProject
Project("{8BC9CEB8-8B4A-11D0-8D11-00A0C91BC942}") = "Bai017", "Bai017\Bai017.vcxproj", "{E712CFE8-F03C-4742-8028-C23C45DD2550}"
EndProject
Project("{8BC9CEB8-8B4A-11D0-8D11-00A0C91BC942}") = "Bai023", "Bai023\Bai023.vcxproj", "{4C7E3FFA-BED4-446A-9D31-723C2B1B974E}"
EndProject
Project("{8BC9CEB8-8B4A-11D0-8D11-00A0C91BC942}") = "Bai029", "Bai029\Bai029.vcxproj", "{EFA2C354-A054-463A-BB8A-234200A6130F}"
EndProject
Project("{8BC9CEB8-8B4A-11D0-8D11-00A0C91BC942}") = "Bai035", "Bai035\Bai035.vcxproj", "{54FD9D46-92CB-454C-A4E6-AA50B2359792}"
EndProject
Project("{8BC9CEB8-8B4A-11D0-8D11-00A0C91BC942}") = "Bai041", "Bai041\Bai041.vcxproj", "{9A7A48B5-A8ED-48F1-821E-D13D0198196A}"
EndProject
Project("{8BC9CEB8-8B4A-11D0-8D11-00A0C91BC942}") = "Bai047", "Bai047\Bai047.vcxproj", "{1B799B64-138C-4A13-8EC8-EB9F7EAEC894}"
EndProject
Project("{8BC9CEB8-8B4A-11D0-8D11-00A0C91BC942}") = "Bai053", "Bai053\Bai053.vcxproj", "{7938755B-4341-4E4E-B0D2-F8A33CC2EB6C}"
EndProject
Project("{8BC9CEB8-8B4A-11D0-8D11-00A0C91BC942}") = "Bai059", "Bai059\Bai059.vcxproj", "{35C2D3A4-FB16-41BC-AF64-FD8A96943416}"
EndProject
Project("{8BC9CEB8-8B4A-11D0-8D11-00A0C91BC942}") = "Bai065", "Bai065\Bai065.vcxproj", "{88EB6CB3-EAE2-4F40-B9E2-48A86F785289}"
EndProject
Project("{8BC9CEB8-8B4A-11D0-8D11-00A0C91BC942}") = "Bai071", "Bai071\Bai071.vcxproj", "{62001A0F-FB54-46DB-A34F-F7DF5E5855E8}"
EndProject
Project("{8BC9CEB8-8B4A-11D0-8D11-00A0C91BC942}") = "Bai077", "Bai077\Bai077.vcxproj", "{E87BC2A6-73AF-4353-A093-887CB1CCAC4D}"
EndProject
Project("{8BC9CEB8-8B4A-11D0-8D11-00A0C91BC942}") = "Bai083", "Bai083\Bai083.vcxproj", "{5DC8C626-9174-49A2-B3AB-DAB8358A409A}"
EndProject
Project("{8BC9CEB8-8B4A-11D0-8D11-00A0C91BC942}") = "Bai089", "Bai089\Bai089.vcxproj", "{C4B2AD43-994E-4B9F-8BBE-1776F4B2804B}"
EndProject
Project("{8BC9CEB8-8B4A-11D0-8D11-00A0C91BC942}") = "Bai095", "Bai095\Bai095.vcxproj", "{E82650DA-A43C-4FB8-930A-511AE0D8FCFF}"
EndProject
Project("{8BC9CEB8-8B4A-11D0-8D11-00A0C91BC942}") = "Bai101", "Bai101\Bai101.vcxproj", "{08B69CB6-AB1B-44EB-8F12-DA3D082C1FFC}"
EndProject
Project("{8BC9CEB8-8B4A-11D0-8D11-00A0C91BC942}") = "Bai107", "Bai107\Bai107.vcxproj", "{29BCA3FA-ED7F-461E-8DE9-95A34313BB0B}"
EndProject
Project("{8BC9CEB8-8B4A-11D0-8D11-00A0C91BC942}") = "Bai113", "Bai113\Bai113.vcxproj", "{97550E5D-43CD-434B-9AA6-197B4B48D321}"
EndProject
Project("{8BC9CEB8-8B4A-11D0-8D11-00A0C91BC942}") = "Bai119", "Bai119\Bai119.vcxproj", "{E1346B98-C313-4E0B-B1C2-A73F814ABAB9}"
EndProject
Project("{8BC9CEB8-8B4A-11D0-8D11-00A0C91BC942}") = "Bai125", "Bai125\Bai125.vcxproj", "{7C397C19-C1A8-406C-80EA-BDDF76909B18}"
EndProject
Project("{8BC9CEB8-8B4A-11D0-8D11-00A0C91BC942}") = "Bai131", "Bai131\Bai131.vcxproj", "{E07F2574-426C-4ECD-9AAC-D28F06D9787C}"
EndProject
Project("{8BC9CEB8-8B4A-11D0-8D11-00A0C91BC942}") = "Bai137", "Bai137\Bai137.vcxproj", "{654828BF-0909-4FE7-9597-57394A9E40ED}"
EndProject
Project("{8BC9CEB8-8B4A-11D0-8D11-00A0C91BC942}") = "Bai143", "Bai143\Bai143.vcxproj", "{55A288FE-BEC5-4B93-A5EB-09A4363EFD20}"
EndProject
Project("{8BC9CEB8-8B4A-11D0-8D11-00A0C91BC942}") = "Bai149", "Bai149\Bai149.vcxproj", "{616EDC01-A73E-4099-AAF7-99EAE157D1E9}"
EndProject
Project("{8BC9CEB8-8B4A-11D0-8D11-00A0C91BC942}") = "Bai155", "Bai155\Bai155.vcxproj", "{DF291771-C4B5-4D30-AA87-A19CA2F7D3D7}"
EndProject
Project("{8BC9CEB8-8B4A-11D0-8D11-00A0C91BC942}") = "Bai161", "Bai161\Bai161.vcxproj", "{00472433-25E5-415C-84F9-59136B0FA9F2}"
EndProject
Project("{8BC9CEB8-8B4A-11D0-8D11-00A0C91BC942}") = "Bai167", "Bai167\Bai167.vcxproj", "{A43EA7F8-8B51-4AE2-97B1-099C61C6A7F8}"
EndProject
Project("{8BC9CEB8-8B4A-11D0-8D11-00A0C91BC942}") = "Bai173", "Bai173\Bai173.vcxproj", "{077849B6-7471-4A82-B33B-6FFE307BCDDB}"
EndProject
Project("{8BC9CEB8-8B4A-11D0-8D11-00A0C91BC942}") = "Bai179", "Bai179\Bai179.vcxproj", "{2DF6908C-2656-4932-978A-5DA4507C71BB}"
EndProject
Project("{8BC9CEB8-8B4A-11D0-8D11-00A0C91BC942}") = "Bai185", "Bai185\Bai185.vcxproj", "{4FB86088-4617-4D8B-BBFA-2A8C7978B08D}"
EndProject
Project("{8BC9CEB8-8B4A-11D0-8D11-00A0C91BC942}") = "Bai191", "Bai191\Bai191.vcxproj", "{A8420065-8DE6-4EA6-8360-D64D49D7CD7E}"
EndProject
Project("{8BC9CEB8-8B4A-11D0-8D11-00A0C91BC942}") = "Bai197", "Bai197\Bai197.vcxproj", "{D7BC0139-9DFE-4C85-A0AD-3F8329A69C5A}"
EndProject
Project("{8BC9CEB8-8B4A-11D0-8D11-00A0C91BC942}") = "Bai203", "Bai203\Bai203.vcxproj", "{E13CA4CD-EF24-47E4-B53E-D955C02860FC}"
EndProject
Project("{8BC9CEB8-8B4A-11D0-8D11-00A0C91BC942}") = "Bai209", "Bai209\Bai209.vcxproj", "{F6E457A2-FEF2-4F55-9DE8-117F068CFCA0}"
EndProject
Project("{8BC9CEB8-8B4A-11D0-8D11-00A0C91BC942}") = "Bai215", "Bai215\Bai215.vcxproj", "{3662B366-E325-44B7-9EDD-015EC8AEF5C7}"
EndProject
Project("{8BC9CEB8-8B4A-11D0-8D11-00A0C91BC942}") = "Bai221", "Bai221\Bai221.vcxproj", "{D4711051-2562-4538-AD57-81C12A01D74C}"
EndProject
Project("{8BC9CEB8-8B4A-11D0-8D11-00A0C91BC942}") = "Bai227", "Bai227\Bai227.vcxproj", "{AFF7C1A0-B480-455A-91BE-32C9F170EA68}"
EndProject
Project("{8BC9CEB8-8B4A-11D0-8D11-00A0C91BC942}") = "Bai233", "Bai233\Bai233.vcxproj", "{005DF31C-8FC9-4A39-BA89-81CEE1E2F622}"
EndProject
Project("{8BC9CEB8-8B4A-11D0-8D11-00A0C91BC942}") = "Bai239", "Bai239\Bai239.vcxproj", "{D71945EA-B0F4-40CF-9037-7CBCBA1289E0}"
EndProject
Project("{8BC9CEB8-8B4A-11D0-8D11-00A0C91BC942}") = "Bai245", "Bai245\Bai245.vcxproj", "{1F4ECE44-5C3C-475C-B28F-4D955097F37F}"
EndProject
Project("{8BC9CEB8-8B4A-11D0-8D11-00A0C91BC942}") = "Bai251", "Bai251\Bai251.vcxproj", "{58DAA07F-B3CB-4620-BEA5-B9C1EB188979}"
EndProject
Project("{8BC9CEB8-8B4A-11D0-8D11-00A0C91BC942}") = "Bai257", "Bai257\Bai257.vcxproj", "{DE78A347-7699-4FD5-8754-3BE450928B59}"
EndProject
Project("{8BC9CEB8-8B4A-11D0-8D11-00A0C91BC942}") = "Bai263", "Bai263\Bai263.vcxproj", "{8BDE9BA5-D13C-42C1-967C-94E9114E5A33}"
EndProject
Project("{8BC9CEB8-8B4A-11D0-8D11-00A0C91BC942}") = "Bai269", "Bai269\Bai269.vcxproj", "{BE6F9C69-2395-40D6-BFC8-D87D825CAA08}"
EndProject
Project("{8BC9CEB8-8B4A-11D0-8D11-00A0C91BC942}") = "Bai275", "Bai275\Bai275.vcxproj", "{E8A05780-2726-4B53-8AD8-3BB031C3A825}"
EndProject
Project("{8BC9CEB8-8B4A-11D0-8D11-00A0C91BC942}") = "Bai281", "Bai281\Bai281.vcxproj", "{BF8997A2-DF48-4AA3-92DA-B8D7376D9A0C}"
EndProject
Project("{8BC9CEB8-8B4A-11D0-8D11-00A0C91BC942}") = "Bai287", "Bai287\Bai287.vcxproj", "{A9C170B0-EF06-425F-A785-02870F54483D}"
EndProject
Global
	GlobalSection(SolutionConfigurationPlatforms) = preSolution
		Debug|x64 = Debug|x64
		Debug|x86 = Debug|x86
		Release|x64 = Release|x64
		Release|x86 = Release|x86
	EndGlobalSection
	GlobalSection(ProjectConfigurationPlatforms) = postSolution
		{4271D648-B9F2-4D26-9325-2AE52BB15E33}.Debug|x64.ActiveCfg = Debug|x64
		{4271D648-B9F2-4D26-9325-2AE52BB15E33}.Debug|x64.Build.0 = Debug|x64
		{4271D648-B9F2-4D26-9325-2AE52BB15E33}.Debug|x86.ActiveCfg = Debug|Win32
		{4271D648-B9F2-4D26-9325-2AE52BB15E33}.Debug|x86.Build.0 = Debug|Win32
		{4271D648-B9F2-4D26-9325-2AE52BB15E33}.Release|x64.ActiveCfg = Release|x64
		{4271D648-B9F2-4D26-9325-2AE52BB15E33}.Release|x64.Build.0 = Release|x64
		{4271D648-B9F2-4D26-9325-2AE52BB15E33}.Release|x86.ActiveCfg = Release|Win32
		{4271D648-B9F2-4D26-9325-2AE52BB15E33}.Release|x86.Build.0 = Release|Win32
		{5D348C8E-7CBA-496C-818C-01E13D02C3F8}.Debug|x64.ActiveCfg = Debug|x64
		{5D348C8E-7CBA-496C-818C-01E13D02C3F8}.Debug|x64.Build.0 = Debug|x64
		{5D348C8E-7CBA-496C-818C-01E13D02C3F8}.Debug|x86.ActiveCfg = Debug|Win32
		{5D348C8E-7CBA-496C-818C-01E13D02C3F8}.Debug|x86.Build.0 = Debug|Win32
		{5D348C8E-7CBA-496C-818C-01E13D02C3F8}.Release|x64.ActiveCfg = Release|x64
		{5D348C8E-7CBA-496C-818C-01E13D02C3F8}.Release|x64.Build.0 = Release|x64
		{5D348C8E-7CBA-496C-818C-01E13D02C3F8}.Release|x86.ActiveCfg = Release|Win32
		{5D348C8E-7CBA-496C-818C-01E13D02C3F8}.Release|x86.Build.0 = Release|Win32
		{E712CFE8-F03C-4742-8028-C23C45DD2550}.Debug|x64.ActiveCfg = Debug|x64
		{E712CFE8-F03C-4742-8028-C23C45DD2550}.Debug|x64.Build.0 = Debug|x64
		{E712CFE8-F03C-4742-8028-C23C45DD2550}.Debug|x86.ActiveCfg = Debug|Win32
		{E712CFE8-F03C-4742-8028-C23C45DD2550}.Debug|x86.Build.0 = Debug|Win32
		{E712CFE8-F03C-4742-8028-C23C45DD2550}.Release|x64.ActiveCfg = Release|x64
		{E712CFE8-F03C-4742-8028-C23C45DD2550}.Release|x64.Build.0 = Release|x64
		{E712CFE8-F03C-4742-8028-C23C45DD2550}.Release|x86.ActiveCfg = Release|Win32
		{E712CFE8-F03C-4742-8028-C23C45DD2550}.Release|x86.Build.0 = Release|Win32
		{4C7E3FFA-BED4-446A-9D31-723C2B1B974E}.Debug|x64.ActiveCfg = Debug|x64
		{4C7E3FFA-BED4-446A-9D31-723C2B1B974E}.Debug|x64.Build.0 = Debug|x64
		{4C7E3FFA-BED4-446A-9D31-723C2B1B974E}.Debug|x86.ActiveCfg = Debug|Win32
		{4C7E3FFA-BED4-446A-9D31-723C2B1B974E}.Debug|x86.Build.0 = Debug|Win32
		{4C7E3FFA-BED4-446A-9D31-723C2B1B974E}.Release|x64.ActiveCfg = Release|x64
		{4C7E3FFA-BED4-446A-9D31-723C2B1B974E}.Release|x64.Build.0 = Release|x64
		{4C7E3FFA-BED4-446A-9D31-723C2B1B974E}.Release|x86.ActiveCfg = Release|Win32
		{4C7E3FFA-BED4-446A-9D31-723C2B1B974E}.Release|x86.Build.0 = Release|Win32
		{EFA2C354-A054-463A-BB8A-234200A6130F}.Debug|x64.ActiveCfg = Debug|x64
		{EFA2C354-A054-463A-BB8A-234200A6130F}.Debug|x64.Build.0 = Debug|x64
		{EFA2C354-A054-463A-BB8A-234200A6130F}.Debug|x86.ActiveCfg = Debug|Win32
		{EFA2C354-A054-463A-BB8A-234200A6130F}.Debug|x86.Build.0 = Debug|Win32
		{EFA2C354-A054-463A-BB8A-234200A6130F}.Release|x64.ActiveCfg = Release|x64
		{EFA2C354-A054-463A-BB8A-234200A6130F}.Release|x64.Build.0 = Release|x64
		{EFA2C354-A054-463A-BB8A-234200A6130F}.Release|x86.ActiveCfg = Release|Win32
		{EFA2C354-A054-463A-BB8A-234200A6130F}.Release|x86.Build.0 = Release|Win32
		{54FD9D46-92CB-454C-A4E6-AA50B2359792}.Debug|x64.ActiveCfg = Debug|x64
		{54FD9D46-92CB-454C-A4E6-AA50B2359792}.Debug|x64.Build.0 = Debug|x64
		{54FD9D46-92CB-454C-A4E6-AA50B2359792}.Debug|x86.ActiveCfg = Debug|Win32
		{54FD9D46-92CB-454C-A4E6-AA50B2359792}.Debug|x86.Build.0 = Debug|Win32
		{54FD9D46-92CB-454C-A4E6-AA50B2359792}.Release|x64.ActiveCfg = Release|x64
		{54FD9D46-92CB-454C-A4E6-AA50B2359792}.Release|x64.Build.0 = Release|x64
		{54FD9D46-92CB-454C-A4E6-AA50B2359792}.Release|x86.ActiveCfg = Release|Win32
		{54FD9D46-92CB-454C-A4E6-AA50B2359792}.Release|x86.Build.0 = Release|Win32
		{9A7A48B5-A8ED-48F1-821E-D13D0198196A}.Debug|x64.ActiveCfg = Debug|x64
		{9A7A48B5-A8ED-48F1-821E-D13D0198196A}.Debug|x64.Build.0 = Debug|x64
		{9A7A48B5-A8ED-48F1-821E-D13D0198196A}.Debug|x86.ActiveCfg = Debug|Win32
		{9A7A48B5-A8ED-48F1-821E-D13D0198196A}.Debug|x86.Build.0 = Debug|Win32
		{9A7A48B5-A8ED-48F1-821E-D13D0198196A}.Release|x64.ActiveCfg = Release|x64
		{9A7A48B5-A8ED-48F1-821E-D13D0198196A}.Release|x64.Build.0 = Release|x64
		{9A7A48B5-A8ED-48F1-821E-D13D0198196A}.Release|x86.ActiveCfg = Release|Win32
		{9A7A48B5-A8ED-48F1-821E-D13D0198196A}.Release|x86.Build.0 = Release|Win32
		{1B799B64-138C-4A13-8EC8-EB9F7EAEC894}.Debug|x64.ActiveCfg = Debug|x64
		{1B799B64-138C-4A13-8EC8-EB9F7EAEC894}.Debug|x64.Build.0 = Debug|x64
		{1B799B64-138C-4A13-8EC8-EB9F7EAEC894}.Debug|x86.ActiveCfg = Debug|Win32
		{1B799B64-138C-4A13-8EC8-EB9F7EAEC894}.Debug|x86.Build.0 = Debug|Win32
		{1B799B64-138C-4A13-8EC8-EB9F7EAEC894}.Release|x64.ActiveCfg = Release|x64
		{1B799B64-138C-4A13-8EC8-EB9F7EAEC894}.Release|x64.Build.0 = Release|x64
		{1B799B64-138C-4A13-8EC8-EB9F7EAEC894}.Release|x86.ActiveCfg = Release|Win32
		{1B799B64-138C-4A13-8EC8-EB9F7EAEC894}.Release|x86.Build.0 = Release|Win32
		{7938755B-4341-4E4E-B0D2-F8A33CC2EB6C}.Debug|x64.ActiveCfg = Debug|x64
		{7938755B-4341-4E4E-B0D2-F8A33CC2EB6C}.Debug|x64.Build.0 = Debug|x64
		{7938755B-4341-4E4E-B0D2-F8A33CC2EB6C}.Debug|x86.ActiveCfg = Debug|Win32
		{7938755B-4341-4E4E-B0D2-F8A33CC2EB6C}.Debug|x86.Build.0 = Debug|Win32
		{7938755B-4341-4E4E-B0D2-F8A33CC2EB6C}.Release|x64.ActiveCfg = Release|x64
		{7938755B-4341-4E4E-B0D2-F8A33CC2EB6C}.Release|x64.Build.0 = Release|x64
		{7938755B-4341-4E4E-B0D2-F8A33CC2EB6C}.Release|x86.ActiveCfg = Release|Win32
		{7938755B-4341-4E4E-B0D2-F8A33CC2EB6C}.Release|x86.Build.0 = Release|Win32
		{35C2D3A4-FB16-41BC-AF64-FD8A96943416}.Debug|x64.ActiveCfg = Debug|x64
		{35C2D3A4-FB16-41BC-AF64-FD8A96943416}.Debug|x64.Build.0 = Debug|x64
		{35C2D3A4-FB16-41BC-AF64-FD8A96943416}.Debug|x86.ActiveCfg = Debug|Win32
		{35C2D3A4-FB16-41BC-AF64-FD8A96943416}.Debug|x86.Build.0 = Debug|Win32
		{35C2D3A4-FB16-41BC-AF64-FD8A96943416}.Release|x64.ActiveCfg = Release|x64
		{35C2D3A4-FB16-41BC-AF64-FD8A96943416}.Release|x64.Build.0 = Release|x64
		{35C2D3A4-FB16-41BC-AF64-FD8A96943416}.Release|x86.ActiveCfg = Release|Win32
		{35C2D3A4-FB16-41BC-AF64-FD8A96943416}.Release|x86.Build.0 = Release|Win32
		{88EB6CB3-EAE2-4F40-B9E2-48A86F785289}.Debug|x64.ActiveCfg = Debug|x64
		{88EB6CB3-EAE2-4F40-B9E2-48A86F785289}.Debug|x64.Build.0 = Debug|x64
		{88EB6CB3-EAE2-4F40-B9E2-48A86F785289}.Debug|x86.ActiveCfg = Debug|Win32
		{88EB6CB3-EAE2-4F40-B9E2-48A86F785289}.Debug|x86.Build.0 = Debug|Win32
		{88EB6CB3-EAE2-4F40-B9E2-48A86F785289}.Release|x64.ActiveCfg = Release|x64
		{88EB6CB3-EAE2-4F40-B9E2-48A86F785289}.Release|x64.Build.0 = Release|x64
		{88EB6CB3-EAE2-4F40-B9E2-48A86F785289}.Release|x86.ActiveCfg = Release|Win32
		{88EB6CB3-EAE2-4F40-B9E2-48A86F785289}.Release|x86.Build.0 = Release|Win32
		{62001A0F-FB54-46DB-A34F-F7DF5E5855E8}.Debug|x64.ActiveCfg = Debug|x64
		{62001A0F-FB54-46DB-A34F-F7DF5E5855E8}.Debug|x64.Build.0 = Debug|x64
		{62001A0F-FB54-46DB-A34F-F7DF5E5855E8}.Debug|x86.ActiveCfg = Debug|Win32
		{62001A0F-FB54-46DB-A34F-F7DF5E5855E8}.Debug|x86.Build.0 = Debug|Win32
		{62001A0F-FB54-46DB-A34F-F7DF5E5855E8}.Release|x64.ActiveCfg = Release|x64
		{62001A0F-FB54-46DB-A34F-F7DF5E5855E8}.Release|x64.Build.0 = Release|x64
		{62001A0F-FB54-46DB-A34F-F7DF5E5855E8}.Release|x86.ActiveCfg = Release|Win32
		{62001A0F-FB54-46DB-A34F-F7DF5E5855E8}.Release|x86.Build.0 = Release|Win32
		{E87BC2A6-73AF-4353-A093-887CB1CCAC4D}.Debug|x64.ActiveCfg = Debug|x64
		{E87BC2A6-73AF-4353-A093-887CB1CCAC4D}.Debug|x64.Build.0 = Debug|x64
		{E87BC2A6-73AF-4353-A093-887CB1CCAC4D}.Debug|x86.ActiveCfg = Debug|Win32
		{E87BC2A6-73AF-4353-A093-887CB1CCAC4D}.Debug|x86.Build.0 = Debug|Win32
		{E87BC2A6-73AF-4353-A093-887CB1CCAC4D}.Release|x64.ActiveCfg = Release|x64
		{E87BC2A6-73AF-4353-A093-887CB1CCAC4D}.Release|x64.Build.0 = Release|x64
		{E87BC2A6-73AF-4353-A093-887CB1CCAC4D}.Release|x86.ActiveCfg = Release|Win32
		{E87BC2A6-73AF-4353-A093-887CB1CCAC4D}.Release|x86.Build.0 = Release|Win32
		{5DC8C626-9174-49A2-B3AB-DAB8358A409A}.Debug|x64.ActiveCfg = Debug|x64
		{5DC8C626-9174-49A2-B3AB-DAB8358A409A}.Debug|x64.Build.0 = Debug|x64
		{5DC8C626-9174-49A2-B3AB-DAB8358A409A}.Debug|x86.ActiveCfg = Debug|Win32
		{5DC8C626-9174-49A2-B3AB-DAB8358A409A}.Debug|x86.Build.0 = Debug|Win32
		{5DC8C626-9174-49A2-B3AB-DAB8358A409A}.Release|x64.ActiveCfg = Release|x64
		{5DC8C626-9174-49A2-B3AB-DAB8358A409A}.Release|x64.Build.0 = Release|x64
		{5DC8C626-9174-49A2-B3AB-DAB8358A409A}.Release|x86.ActiveCfg = Release|Win32
		{5DC8C626-9174-49A2-B3AB-DAB8358A409A}.Release|x86.Build.0 = Release|Win32
		{C4B2AD43-994E-4B9F-8BBE-1776F4B2804B}.Debug|x64.ActiveCfg = Debug|x64
		{C4B2AD43-994E-4B9F-8BBE-1776F4B2804B}.Debug|x64.Build.0 = Debug|x64
		{C4B2AD43-994E-4B9F-8BBE-1776F4B2804B}.Debug|x86.ActiveCfg = Debug|Win32
		{C4B2AD43-994E-4B9F-8BBE-1776F4B2804B}.Debug|x86.Build.0 = Debug|Win32
		{C4B2AD43-994E-4B9F-8BBE-1776F4B2804B}.Release|x64.ActiveCfg = Release|x64
		{C4B2AD43-994E-4B9F-8BBE-1776F4B2804B}.Release|x64.Build.0 = Release|x64
		{C4B2AD43-994E-4B9F-8BBE-1776F4B2804B}.Release|x86.ActiveCfg = Release|Win32
		{C4B2AD43-994E-4B9F-8BBE-1776F4B2804B}.Release|x86.Build.0 = Release|Win32
		{E82650DA-A43C-4FB8-930A-511AE0D8FCFF}.Debug|x64.ActiveCfg = Debug|x64
		{E82650DA-A43C-4FB8-930A-511AE0D8FCFF}.Debug|x64.Build.0 = Debug|x64
		{E82650DA-A43C-4FB8-930A-511AE0D8FCFF}.Debug|x86.ActiveCfg = Debug|Win32
		{E82650DA-A43C-4FB8-930A-511AE0D8FCFF}.Debug|x86.Build.0 = Debug|Win32
		{E82650DA-A43C-4FB8-930A-511AE0D8FCFF}.Release|x64.ActiveCfg = Release|x64
		{E82650DA-A43C-4FB8-930A-511AE0D8FCFF}.Release|x64.Build.0 = Release|x64
		{E82650DA-A43C-4FB8-930A-511AE0D8FCFF}.Release|x86.ActiveCfg = Release|Win32
		{E82650DA-A43C-4FB8-930A-511AE0D8FCFF}.Release|x86.Build.0 = Release|Win32
		{08B69CB6-AB1B-44EB-8F12-DA3D082C1FFC}.Debug|x64.ActiveCfg = Debug|x64
		{08B69CB6-AB1B-44EB-8F12-DA3D082C1FFC}.Debug|x64.Build.0 = Debug|x64
		{08B69CB6-AB1B-44EB-8F12-DA3D082C1FFC}.Debug|x86.ActiveCfg = Debug|Win32
		{08B69CB6-AB1B-44EB-8F12-DA3D082C1FFC}.Debug|x86.Build.0 = Debug|Win32
		{08B69CB6-AB1B-44EB-8F12-DA3D082C1FFC}.Release|x64.ActiveCfg = Release|x64
		{08B69CB6-AB1B-44EB-8F12-DA3D082C1FFC}.Release|x64.Build.0 = Release|x64
		{08B69CB6-AB1B-44EB-8F12-DA3D082C1FFC}.Release|x86.ActiveCfg = Release|Win32
		{08B69CB6-AB1B-44EB-8F12-DA3D082C1FFC}.Release|x86.Build.0 = Release|Win32
		{29BCA3FA-ED7F-461E-8DE9-95A34313BB0B}.Debug|x64.ActiveCfg = Debug|x64
		{29BCA3FA-ED7F-461E-8DE9-95A34313BB0B}.Debug|x64.Build.0 = Debug|x64
		{29BCA3FA-ED7F-461E-8DE9-95A34313BB0B}.Debug|x86.ActiveCfg = Debug|Win32
		{29BCA3FA-ED7F-461E-8DE9-95A34313BB0B}.Debug|x86.Build.0 = Debug|Win32
		{29BCA3FA-ED7F-461E-8DE9-95A34313BB0B}.Release|x64.ActiveCfg = Release|x64
		{29BCA3FA-ED7F-461E-8DE9-95A34313BB0B}.Release|x64.Build.0 = Release|x64
		{29BCA3FA-ED7F-461E-8DE9-95A34313BB0B}.Release|x86.ActiveCfg = Release|Win32
		{29BCA3FA-ED7F-461E-8DE9-95A34313BB0B}.Release|x86.Build.0 = Release|Win32
		{97550E5D-43CD-434B-9AA6-197B4B48D321}.Debug|x64.ActiveCfg = Debug|x64
		{97550E5D-43CD-434B-9AA6-197B4B48D321}.Debug|x64.Build.0 = Debug|x64
		{97550E5D-43CD-434B-9AA6-197B4B48D321}.Debug|x86.ActiveCfg = Debug|Win32
		{97550E5D-43CD-434B-9AA6-197B4B48D321}.Debug|x86.Build.0 = Debug|Win32
		{97550E5D-43CD-434B-9AA6-197B4B48D321}.Release|x64.ActiveCfg = Release|x64
		{97550E5D-43CD-434B-9AA6-197B4B48D321}.Release|x64.Build.0 = Release|x64
		{97550E5D-43CD-434B-9AA6-197B4B48D321}.Release|x86.ActiveCfg = Release|Win32
		{97550E5D-43CD-434B-9AA6-197B4B48D321}.Release|x86.Build.0 = Release|Win32
		{E1346B98-C313-4E0B-B1C2-A73F814ABAB9}.Debug|x64.ActiveCfg = Debug|x64
		{E1346B98-C313-4E0B-B1C2-A73F814ABAB9}.Debug|x64.Build.0 = Debug|x64
		{E1346B98-C313-4E0B-B1C2-A73F814ABAB9}.Debug|x86.ActiveCfg = Debug|Win32
		{E1346B98-C313-4E0B-B1C2-A73F814ABAB9}.Debug|x86.Build.0 = Debug|Win32
		{E1346B98-C313-4E0B-B1C2-A73F814ABAB9}.Release|x64.ActiveCfg = Release|x64
		{E1346B98-C313-4E0B-B1C2-A73F814ABAB9}.Release|x64.Build.0 = Release|x64
		{E1346B98-C313-4E0B-B1C2-A73F814ABAB9}.Release|x86.ActiveCfg = Release|Win32
		{E1346B98-C313-4E0B-B1C2-A73F814ABAB9}.Release|x86.Build.0 = Release|Win32
		{7C397C19-C1A8-406C-80EA-BDDF76909B18}.Debug|x64.ActiveCfg = Debug|x64
		{7C397C19-C1A8-406C-80EA-BDDF76909B18}.Debug|x64.Build.0 = Debug|x64
		{7C397C19-C1A8-406C-80EA-BDDF76909B18}.Debug|x86.ActiveCfg = Debug|Win32
		{7C397C19-C1A8-406C-80EA-BDDF76909B18}.Debug|x86.Build.0 = Debug|Win32
		{7C397C19-C1A8-406C-80EA-BDDF76909B18}.Release|x64.ActiveCfg = Release|x64
		{7C397C19-C1A8-406C-80EA-BDDF76909B18}.Release|x64.Build.0 = Release|x64
		{7C397C19-C1A8-406C-80EA-BDDF76909B18}.Release|x86.ActiveCfg = Release|Win32
		{7C397C19-C1A8-406C-80EA-BDDF76909B18}.Release|x86.Build.0 = Release|Win32
		{E07F2574-426C-4ECD-9AAC-D28F06D9787C}.Debug|x64.ActiveCfg = Debug|x64
		{E07F2574-426C-4ECD-9AAC-D28F06D9787C}.Debug|x64.Build.0 = Debug|x64
		{E07F2574-426C-4ECD-9AAC-D28F06D9787C}.Debug|x86.ActiveCfg = Debug|Win32
		{E07F2574-426C-4ECD-9AAC-D28F06D9787C}.Debug|x86.Build.0 = Debug|Win32
		{E07F2574-426C-4ECD-9AAC-D28F06D9787C}.Release|x64.ActiveCfg = Release|x64
		{E07F2574-426C-4ECD-9AAC-D28F06D9787C}.Release|x64.Build.0 = Release|x64
		{E07F2574-426C-4ECD-9AAC-D28F06D9787C}.Release|x86.ActiveCfg = Release|Win32
		{E07F2574-426C-4ECD-9AAC-D28F06D9787C}.Release|x86.Build.0 = Release|Win32
		{654828BF-0909-4FE7-9597-57394A9E40ED}.Debug|x64.ActiveCfg = Debug|x64
		{654828BF-0909-4FE7-9597-57394A9E40ED}.Debug|x64.Build.0 = Debug|x64
		{654828BF-0909-4FE7-9597-57394A9E40ED}.Debug|x86.ActiveCfg = Debug|Win32
		{654828BF-0909-4FE7-9597-57394A9E40ED}.Debug|x86.Build.0 = Debug|Win32
		{654828BF-0909-4FE7-9597-57394A9E40ED}.Release|x64.ActiveCfg = Release|x64
		{654828BF-0909-4FE7-9597-57394A9E40ED}.Release|x64.Build.0 = Release|x64
		{654828BF-0909-4FE7-9597-57394A9E40ED}.Release|x86.ActiveCfg = Release|Win32
		{654828BF-0909-4FE7-9597-57394A9E40ED}.Release|x86.Build.0 = Release|Win32
		{55A288FE-BEC5-4B93-A5EB-09A4363EFD20}.Debug|x64.ActiveCfg = Debug|x64
		{55A288FE-BEC5-4B93-A5EB-09A4363EFD20}.Debug|x64.Build.0 = Debug|x64
		{55A288FE-BEC5-4B93-A5EB-09A4363EFD20}.Debug|x86.ActiveCfg = Debug|Win32
		{55A288FE-BEC5-4B93-A5EB-09A4363EFD20}.Debug|x86.Build.0 = Debug|Win32
		{55A288FE-BEC5-4B93-A5EB-09A4363EFD20}.Release|x64.ActiveCfg = Release|x64
		{55A288FE-BEC5-4B93-A5EB-09A4363EFD20}.Release|x64.Build.0 = Release|x64
		{55A288FE-BEC5-4B93-A5EB-09A4363EFD20}.Release|x86.ActiveCfg = Release|Win32
		{55A288FE-BEC5-4B93-A5EB-09A4363EFD20}.Release|x86.Build.0 = Release|Win32
		{616EDC01-A73E-4099-AAF7-99EAE157D1E9}.Debug|x64.ActiveCfg = Debug|x64
		{616EDC01-A73E-4099-AAF7-99EAE157D1E9}.Debug|x64.Build.0 = Debug|x64
		{616EDC01-A73E-4099-AAF7-99EAE157D1E9}.Debug|x86.ActiveCfg = Debug|Win32
		{616EDC01-A73E-4099-AAF7-99EAE157D1E9}.Debug|x86.Build.0 = Debug|Win32
		{616EDC01-A73E-4099-AAF7-99EAE157D1E9}.Release|x64.ActiveCfg = Release|x64
		{616EDC01-A73E-4099-AAF7-99EAE157D1E9}.Release|x64.Build.0 = Release|x64
		{616EDC01-A73E-4099-AAF7-99EAE157D1E9}.Release|x86.ActiveCfg = Release|Win32
		{616EDC01-A73E-4099-AAF7-99EAE157D1E9}.Release|x86.Build.0 = Release|Win32
		{DF291771-C4B5-4D30-AA87-A19CA2F7D3D7}.Debug|x64.ActiveCfg = Debug|x64
		{DF291771-C4B5-4D30-AA87-A19CA2F7D3D7}.Debug|x64.Build.0 = Debug|x64
		{DF291771-C4B5-4D30-AA87-A19CA2F7D3D7}.Debug|x86.ActiveCfg = Debug|Win32
		{DF291771-C4B5-4D30-AA87-A19CA2F7D3D7}.Debug|x86.Build.0 = Debug|Win32
		{DF291771-C4B5-4D30-AA87-A19CA2F7D3D7}.Release|x64.ActiveCfg = Release|x64
		{DF291771-C4B5-4D30-AA87-A19CA2F7D3D7}.Release|x64.Build.0 = Release|x64
		{DF291771-C4B5-4D30-AA87-A19CA2F7D3D7}.Release|x86.ActiveCfg = Release|Win32
		{DF291771-C4B5-4D30-AA87-A19CA2F7D3D7}.Release|x86.Build.0 = Release|Win32
		{00472433-25E5-415C-84F9-59136B0FA9F2}.Debug|x64.ActiveCfg = Debug|x64
		{00472433-25E5-415C-84F9-59136B0FA9F2}.Debug|x64.Build.0 = Debug|x64
		{00472433-25E5-415C-84F9-59136B0FA9F2}.Debug|x86.ActiveCfg = Debug|Win32
		{00472433-25E5-415C-84F9-59136B0FA9F2}.Debug|x86.Build.0 = Debug|Win32
		{00472433-25E5-415C-84F9-59136B0FA9F2}.Release|x64.ActiveCfg = Release|x64
		{00472433-25E5-415C-84F9-59136B0FA9F2}.Release|x64.Build.0 = Release|x64
		{00472433-25E5-415C-84F9-59136B0FA9F2}.Release|x86.ActiveCfg = Release|Win32
		{00472433-25E5-415C-84F9-59136B0FA9F2}.Release|x86.Build.0 = Release|Win32
		{A43EA7F8-8B51-4AE2-97B1-099C61C6A7F8}.Debug|x64.ActiveCfg = Debug|x64
		{A43EA7F8-8B51-4AE2-97B1-099C61C6A7F8}.Debug|x64.Build.0 = Debug|x64
		{A43EA7F8-8B51-4AE2-97B1-099C61C6A7F8}.Debug|x86.ActiveCfg = Debug|Win32
		{A43EA7F8-8B51-4AE2-97B1-099C61C6A7F8}.Debug|x86.Build.0 = Debug|Win32
		{A43EA7F8-8B51-4AE2-97B1-099C61C6A7F8}.Release|x64.ActiveCfg = Release|x64
		{A43EA7F8-8B51-4AE2-97B1-099C61C6A7F8}.Release|x64.Build.0 = Release|x64
		{A43EA7F8-8B51-4AE2-97B1-099C61C6A7F8}.Release|x86.ActiveCfg = Release|Win32
		{A43EA7F8-8B51-4AE2-97B1-099C61C6A7F8}.Release|x86.Build.0 = Release|Win32
		{077849B6-7471-4A82-B33B-6FFE307BCDDB}.Debug|x64.ActiveCfg = Debug|x64
		{077849B6-7471-4A82-B33B-6FFE307BCDDB}.Debug|x64.Build.0 = Debug|x64
		{077849B6-7471-4A82-B33B-6FFE307BCDDB}.Debug|x86.ActiveCfg = Debug|Win32
		{077849B6-7471-4A82-B33B-6FFE307BCDDB}.Debug|x86.Build.0 = Debug|Win32
		{077849B6-7471-4A82-B33B-6FFE307BCDDB}.Release|x64.ActiveCfg = Release|x64
		{077849B6-7471-4A82-B33B-6FFE307BCDDB}.Release|x64.Build.0 = Release|x64
		{077849B6-7471-4A82-B33B-6FFE307BCDDB}.Release|x86.ActiveCfg = Release|Win32
		{077849B6-7471-4A82-B33B-6FFE307BCDDB}.Release|x86.Build.0 = Release|Win32
		{2DF6908C-2656-4932-978A-5DA4507C71BB}.Debug|x64.ActiveCfg = Debug|x64
		{2DF6908C-2656-4932-978A-5DA4507C71BB}.Debug|x64.Build.0 = Debug|x64
		{2DF6908C-2656-4932-978A-5DA4507C71BB}.Debug|x86.ActiveCfg = Debug|Win32
		{2DF6908C-2656-4932-978A-5DA4507C71BB}.Debug|x86.Build.0 = Debug|Win32
		{2DF6908C-2656-4932-978A-5DA4507C71BB}.Release|x64.ActiveCfg = Release|x64
		{2DF6908C-2656-4932-978A-5DA4507C71BB}.Release|x64.Build.0 = Release|x64
		{2DF6908C-2656-4932-978A-5DA4507C71BB}.Release|x86.ActiveCfg = Release|Win32
		{2DF6908C-2656-4932-978A-5DA4507C71BB}.Release|x86.Build.0 = Release|Win32
		{4FB86088-4617-4D8B-BBFA-2A8C7978B08D}.Debug|x64.ActiveCfg = Debug|x64
		{4FB86088-4617-4D8B-BBFA-2A8C7978B08D}.Debug|x64.Build.0 = Debug|x64
		{4FB86088-4617-4D8B-BBFA-2A8C7978B08D}.Debug|x86.ActiveCfg = Debug|Win32
		{4FB86088-4617-4D8B-BBFA-2A8C7978B08D}.Debug|x86.Build.0 = Debug|Win32
		{4FB86088-4617-4D8B-BBFA-2A8C7978B08D}.Release|x64.ActiveCfg = Release|x64
		{4FB86088-4617-4D8B-BBFA-2A8C7978B08D}.Release|x64.Build.0 = Release|x64
		{4FB86088-4617-4D8B-BBFA-2A8C7978B08D}.Release|x86.ActiveCfg = Release|Win32
		{4FB86088-4617-4D8B-BBFA-2A8C7978B08D}.Release|x86.Build.0 = Release|Win32
		{A8420065-8DE6-4EA6-8360-D64D49D7CD7E}.Debug|x64.ActiveCfg = Debug|x64
		{A8420065-8DE6-4EA6-8360-D64D49D7CD7E}.Debug|x64.Build.0 = Debug|x64
		{A8420065-8DE6-4EA6-8360-D64D49D7CD7E}.Debug|x86.ActiveCfg = Debug|Win32
		{A8420065-8DE6-4EA6-8360-D64D49D7CD7E}.Debug|x86.Build.0 = Debug|Win32
		{A8420065-8DE6-4EA6-8360-D64D49D7CD7E}.Release|x64.ActiveCfg = Release|x64
		{A8420065-8DE6-4EA6-8360-D64D49D7CD7E}.Release|x64.Build.0 = Release|x64
		{A8420065-8DE6-4EA6-8360-D64D49D7CD7E}.Release|x86.ActiveCfg = Release|Win32
		{A8420065-8DE6-4EA6-8360-D64D49D7CD7E}.Release|x86.Build.0 = Release|Win32
		{D7BC0139-9DFE-4C85-A0AD-3F8329A69C5A}.Debug|x64.ActiveCfg = Debug|x64
		{D7BC0139-9DFE-4C85-A0AD-3F8329A69C5A}.Debug|x64.Build.0 = Debug|x64
		{D7BC0139-9DFE-4C85-A0AD-3F8329A69C5A}.Debug|x86.ActiveCfg = Debug|Win32
		{D7BC0139-9DFE-4C85-A0AD-3F8329A69C5A}.Debug|x86.Build.0 = Debug|Win32
		{D7BC0139-9DFE-4C85-A0AD-3F8329A69C5A}.Release|x64.ActiveCfg = Release|x64
		{D7BC0139-9DFE-4C85-A0AD-3F8329A69C5A}.Release|x64.Build.0 = Release|x64
		{D7BC0139-9DFE-4C85-A0AD-3F8329A69C5A}.Release|x86.ActiveCfg = Release|Win32
		{D7BC0139-9DFE-4C85-A0AD-3F8329A69C5A}.Release|x86.Build.0 = Release|Win32
		{E13CA4CD-EF24-47E4-B53E-D955C02860FC}.Debug|x64.ActiveCfg = Debug|x64
		{E13CA4CD-EF24-47E4-B53E-D955C02860FC}.Debug|x64.Build.0 = Debug|x64
		{E13CA4CD-EF24-47E4-B53E-D955C02860FC}.Debug|x86.ActiveCfg = Debug|Win32
		{E13CA4CD-EF24-47E4-B53E-D955C02860FC}.Debug|x86.Build.0 = Debug|Win32
		{E13CA4CD-EF24-47E4-B53E-D955C02860FC}.Release|x64.ActiveCfg = Release|x64
		{E13CA4CD-EF24-47E4-B53E-D955C02860FC}.Release|x64.Build.0 = Release|x64
		{E13CA4CD-EF24-47E4-B53E-D955C02860FC}.Release|x86.ActiveCfg = Release|Win32
		{E13CA4CD-EF24-47E4-B53E-D955C02860FC}.Release|x86.Build.0 = Release|Win32
		{F6E457A2-FEF2-4F55-9DE8-117F068CFCA0}.Debug|x64.ActiveCfg = Debug|x64
		{F6E457A2-FEF2-4F55-9DE8-117F068CFCA0}.Debug|x64.Build.0 = Debug|x64
		{F6E457A2-FEF2-4F55-9DE8-117F068CFCA0}.Debug|x86.ActiveCfg = Debug|Win32
		{F6E457A2-FEF2-4F55-9DE8-117F068CFCA0}.Debug|x86.Build.0 = Debug|Win32
		{F6E457A2-FEF2-4F55-9DE8-117F068CFCA0}.Release|x64.ActiveCfg = Release|x64
		{F6E457A2-FEF2-4F55-9DE8-117F068CFCA0}.Release|x64.Build.0 = Release|x64
		{F6E457A2-FEF2-4F55-9DE8-117F068CFCA0}.Release|x86.ActiveCfg = Release|Win32
		{F6E457A2-FEF2-4F55-9DE8-117F068CFCA0}.Release|x86.Build.0 = Release|Win32
		{3662B366-E325-44B7-9EDD-015EC8AEF5C7}.Debug|x64.ActiveCfg = Debug|x64
		{3662B366-E325-44B7-9EDD-015EC8AEF5C7}.Debug|x64.Build.0 = Debug|x64
		{3662B366-E325-44B7-9EDD-015EC8AEF5C7}.Debug|x86.ActiveCfg = Debug|Win32
		{3662B366-E325-44B7-9EDD-015EC8AEF5C7}.Debug|x86.Build.0 = Debug|Win32
		{3662B366-E325-44B7-9EDD-015EC8AEF5C7}.Release|x64.ActiveCfg = Release|x64
		{3662B366-E325-44B7-9EDD-015EC8AEF5C7}.Release|x64.Build.0 = Release|x64
		{3662B366-E325-44B7-9EDD-015EC8AEF5C7}.Release|x86.ActiveCfg = Release|Win32
		{3662B366-E325-44B7-9EDD-015EC8AEF5C7}.Release|x86.Build.0 = Release|Win32
		{D4711051-2562-4538-AD57-81C12A01D74C}.Debug|x64.ActiveCfg = Debug|x64
		{D4711051-2562-4538-AD57-81C12A01D74C}.Debug|x64.Build.0 = Debug|x64
		{D4711051-2562-4538-AD57-81C12A01D74C}.Debug|x86.ActiveCfg = Debug|Win32
		{D4711051-2562-4538-AD57-81C12A01D74C}.Debug|x86.Build.0 = Debug|Win32
		{D4711051-2562-4538-AD57-81C12A01D74C}.Release|x64.ActiveCfg = Release|x64
		{D4711051-2562-4538-AD57-81C12A01D74C}.Release|x64.Build.0 = Release|x64
		{D4711051-2562-4538-AD57-81C12A01D74C}.Release|x86.ActiveCfg = Release|Win32
		{D4711051-2562-4538-AD57-81C12A01D74C}.Release|x86.Build.0 = Release|Win32
		{AFF7C1A0-B480-455A-91BE-32C9F170EA68}.Debug|x64.ActiveCfg = Debug|x64
		{AFF7C1A0-B480-455A-91BE-32C9F170EA68}.Debug|x64.Build.0 = Debug|x64
		{AFF7C1A0-B480-455A-91BE-32C9F170EA68}.Debug|x86.ActiveCfg = Debug|Win32
		{AFF7C1A0-B480-455A-91BE-32C9F170EA68}.Debug|x86.Build.0 = Debug|Win32
		{AFF7C1A0-B480-455A-91BE-32C9F170EA68}.Release|x64.ActiveCfg = Release|x64
		{AFF7C1A0-B480-455A-91BE-32C9F170EA68}.Release|x64.Build.0 = Release|x64
		{AFF7C1A0-B480-455A-91BE-32C9F170EA68}.Release|x86.ActiveCfg = Release|Win32
		{AFF7C1A0-B480-455A-91BE-32C9F170EA68}.Release|x86.Build.0 = Release|Win32
		{005DF31C-8FC9-4A39-BA89-81CEE1E2F622}.Debug|x64.ActiveCfg = Debug|x64
		{005DF31C-8FC9-4A39-BA89-81CEE1E2F622}.Debug|x64.Build.0 = Debug|x64
		{005DF31C-8FC9-4A39-BA89-81CEE1E2F622}.Debug|x86.ActiveCfg = Debug|Win32
		{005DF31C-8FC9-4A39-BA89-81CEE1E2F622}.Debug|x86.Build.0 = Debug|Win32
		{005DF31C-8FC9-4A39-BA89-81CEE1E2F622}.Release|x64.ActiveCfg = Release|x64
		{005DF31C-8FC9-4A39-BA89-81CEE1E2F622}.Release|x64.Build.0 = Release|x64
		{005DF31C-8FC9-4A39-BA89-81CEE1E2F622}.Release|x86.ActiveCfg = Release|Win32
		{005DF31C-8FC9-4A39-BA89-81CEE1E2F622}.Release|x86.Build.0 = Release|Win32
		{D71945EA-B0F4-40CF-9037-7CBCBA1289E0}.Debug|x64.ActiveCfg = Debug|x64
		{D71945EA-B0F4-40CF-9037-7CBCBA1289E0}.Debug|x64.Build.0 = Debug|x64
		{D71945EA-B0F4-40CF-9037-7CBCBA1289E0}.Debug|x86.ActiveCfg = Debug|Win32
		{D71945EA-B0F4-40CF-9037-7CBCBA1289E0}.Debug|x86.Build.0 = Debug|Win32
		{D71945EA-B0F4-40CF-9037-7CBCBA1289E0}.Release|x64.ActiveCfg = Release|x64
		{D71945EA-B0F4-40CF-9037-7CBCBA1289E0}.Release|x64.Build.0 = Release|x64
		{D71945EA-B0F4-40CF-9037-7CBCBA1289E0}.Release|x86.ActiveCfg = Release|Win32
		{D71945EA-B0F4-40CF-9037-7CBCBA1289E0}.Release|x86.Build.0 = Release|Win32
		{1F4ECE44-5C3C-475C-B28F-4D955097F37F}.Debug|x64.ActiveCfg = Debug|x64
		{1F4ECE44-5C3C-475C-B28F-4D955097F37F}.Debug|x64.Build.0 = Debug|x64
		{1F4ECE44-5C3C-475C-B28F-4D955097F37F}.Debug|x86.ActiveCfg = Debug|Win32
		{1F4ECE44-5C3C-475C-B28F-4D955097F37F}.Debug|x86.Build.0 = Debug|Win32
		{1F4ECE44-5C3C-475C-B28F-4D955097F37F}.Release|x64.ActiveCfg = Release|x64
		{1F4ECE44-5C3C-475C-B28F-4D955097F37F}.Release|x64.Build.0 = Release|x64
		{1F4ECE44-5C3C-475C-B28F-4D955097F37F}.Release|x86.ActiveCfg = Release|Win32
		{1F4ECE44-5C3C-475C-B28F-4D955097F37F}.Release|x86.Build.0 = Release|Win32
		{58DAA07F-B3CB-4620-BEA5-B9C1EB188979}.Debug|x64.ActiveCfg = Debug|x64
		{58DAA07F-B3CB-4620-BEA5-B9C1EB188979}.Debug|x64.Build.0 = Debug|x64
		{58DAA07F-B3CB-4620-BEA5-B9C1EB188979}.Debug|x86.ActiveCfg = Debug|Win32
		{58DAA07F-B3CB-4620-BEA5-B9C1EB188979}.Debug|x86.Build.0 = Debug|Win32
		{58DAA07F-B3CB-4620-BEA5-B9C1EB188979}.Release|x64.ActiveCfg = Release|x64
		{58DAA07F-B3CB-4620-BEA5-B9C1EB188979}.Release|x64.Build.0 = Release|x64
		{58DAA07F-B3CB-4620-BEA5-B9C1EB188979}.Release|x86.ActiveCfg = Release|Win32
		{58DAA07F-B3CB-4620-BEA5-B9C1EB188979}.Release|x86.Build.0 = Release|Win32
		{DE78A347-7699-4FD5-8754-3BE450928B59}.Debug|x64.ActiveCfg = Debug|x64
		{DE78A347-7699-4FD5-8754-3BE450928B59}.Debug|x64.Build.0 = Debug|x64
		{DE78A347-7699-4FD5-8754-3BE450928B59}.Debug|x86.ActiveCfg = Debug|Win32
		{DE78A347-7699-4FD5-8754-3BE450928B59}.Debug|x86.Build.0 = Debug|Win32
		{DE78A347-7699-4FD5-8754-3BE450928B59}.Release|x64.ActiveCfg = Release|x64
		{DE78A347-7699-4FD5-8754-3BE450928B59}.Release|x64.Build.0 = Release|x64
		{DE78A347-7699-4FD5-8754-3BE450928B59}.Release|x86.ActiveCfg = Release|Win32
		{DE78A347-7699-4FD5-8754-3BE450928B59}.Release|x86.Build.0 = Release|Win32
		{8BDE9BA5-D13C-42C1-967C-94E9114E5A33}.Debug|x64.ActiveCfg = Debug|x64
		{8BDE9BA5-D13C-42C1-967C-94E9114E5A33}.Debug|x64.Build.0 = Debug|x64
		{8BDE9BA5-D13C-42C1-967C-94E9114E5A33}.Debug|x86.ActiveCfg = Debug|Win32
		{8BDE9BA5-D13C-42C1-967C-94E9114E5A33}.Debug|x86.Build.0 = Debug|Win32
		{8BDE9BA5-D13C-42C1-967C-94E9114E5A33}.Release|x64.ActiveCfg = Release|x64
		{8BDE9BA5-D13C-42C1-967C-94E9114E5A33}.Release|x64.Build.0 = Release|x64
		{8BDE9BA5-D13C-42C1-967C-94E9114E5A33}.Release|x86.ActiveCfg = Release|Win32
		{8BDE9BA5-D13C-42C1-967C-94E9114E5A33}.Release|x86.Build.0 = Release|Win32
		{BE6F9C69-2395-40D6-BFC8-D87D825CAA08}.Debug|x64.ActiveCfg = Debug|x64
		{BE6F9C69-2395-40D6-BFC8-D87D825CAA08}.Debug|x64.Build.0 = Debug|x64
		{BE6F9C69-2395-40D6-BFC8-D87D825CAA08}.Debug|x86.ActiveCfg = Debug|Win32
		{BE6F9C69-2395-40D6-BFC8-D87D825CAA08}.Debug|x86.Build.0 = Debug|Win32
		{BE6F9C69-2395-40D6-BFC8-D87D825CAA08}.Release|x64.ActiveCfg = Release|x64
		{BE6F9C69-2395-40D6-BFC8-D87D825CAA08}.Release|x64.Build.0 = Release|x64
		{BE6F9C69-2395-40D6-BFC8-D87D825CAA08}.Release|x86.ActiveCfg = Release|Win32
		{BE6F9C69-2395-40D6-BFC8-D87D825CAA08}.Release|x86.Build.0 = Release|Win32
		{E8A05780-2726-4B53-8AD8-3BB031C3A825}.Debug|x64.ActiveCfg = Debug|x64
		{E8A05780-2726-4B53-8AD8-3BB031C3A825}.Debug|x64.Build.0 = Debug|x64
		{E8A05780-2726-4B53-8AD8-3BB031C3A825}.Debug|x86.ActiveCfg = Debug|Win32
		{E8A05780-2726-4B53-8AD8-3BB031C3A825}.Debug|x86.Build.0 = Debug|Win32
		{E8A05780-2726-4B53-8AD8-3BB031C3A825}.Release|x64.ActiveCfg = Release|x64
		{E8A05780-2726-4B53-8AD8-3BB031C3A825}.Release|x64.Build.0 = Release|x64
		{E8A05780-2726-4B53-8AD8-3BB031C3A825}.Release|x86.ActiveCfg = Release|Win32
		{E8A05780-2726-4B53-8AD8-3BB031C3A825}.Release|x86.Build.0 = Release|Win32
		{BF8997A2-DF48-4AA3-92DA-B8D7376D9A0C}.Debug|x64.ActiveCfg = Debug|x64
		{BF8997A2-DF48-4AA3-92DA-B8D7376D9A0C}.Debug|x64.Build.0 = Debug|x64
		{BF8997A2-DF48-4AA3-92DA-B8D7376D9A0C}.Debug|x86.ActiveCfg = Debug|Win32
		{BF8997A2-DF48-4AA3-92DA-B8D7376D9A0C}.Debug|x86.Build.0 = Debug|Win32
		{BF8997A2-DF48-4AA3-92DA-B8D7376D9A0C}.Release|x64.ActiveCfg = Release|x64
		{BF8997A2-DF48-4AA3-92DA-B8D7376D9A0C}.Release|x64.Build.0 = Release|x64
		{BF8997A2-DF48-4AA3-92DA-B8D7376D9A0C}.Release|x86.ActiveCfg = Release|Win32
		{BF8997A2-DF48-4AA3-92DA-B8D7376D9A0C}.Release|x86.Build.0 = Release|Win32
		{A9C170B0-EF06-425F-A785-02870F54483D}.Debug|x64.ActiveCfg = Debug|x64
		{A9C170B0-EF06-425F-A785-02870F54483D}.Debug|x64.Build.0 = Debug|x64
		{A9C170B0-EF06-425F-A785-02870F54483D}.Debug|x86.ActiveCfg = Debug|Win32
		{A9C170B0-EF06-425F-A785-02870F54483D}.Debug|x86.Build.0 = Debug|Win32
		{A9C170B0-EF06-425F-A785-02870F54483D}.Release|x64.ActiveCfg = Release|x64
		{A9C170B0-EF06-425F-A785-02870F54483D}.Release|x64.Build.0 = Release|x64
		{A9C170B0-EF06-425F-A785-02870F54483D}.Release|x86.ActiveCfg = Release|Win32
		{A9C170B0-EF06-425F-A785-02870F54483D}.Release|x86.Build.0 = Release|Win32
	EndGlobalSection
	GlobalSection(SolutionProperties) = preSolution
		HideSolutionNode = FALSE
	EndGlobalSection
	GlobalSection(ExtensibilityGlobals) = postSolution
		SolutionGuid = {9C8C0AD8-690D-421A-B12A-3CDA6D599FA8}
	EndGlobalSection
EndGlobal
