
Microsoft Visual Studio Solution File, Format Version 12.00
# Visual Studio Version 17
VisualStudioVersion = 17.7.34031.279
MinimumVisualStudioVersion = 10.0.40219.1
Project("{8BC9CEB8-8B4A-11D0-8D11-00A0C91BC942}") = "Bai001", "Bai001\Bai001.vcxproj", "{3481DB8F-9244-4102-9BFD-5208BC04F7CB}"
EndProject
Project("{8BC9CEB8-8B4A-11D0-8D11-00A0C91BC942}") = "Bai007", "Bai007\Bai007.vcxproj", "{8F870A34-A35D-4657-AEF6-AB1ECC0BBA14}"
EndProject
Project("{8BC9CEB8-8B4A-11D0-8D11-00A0C91BC942}") = "Bai013", "Bai013\Bai013.vcxproj", "{A44D656B-E33B-47AE-B8DB-96AFAD8DC843}"
EndProject
Project("{8BC9CEB8-8B4A-11D0-8D11-00A0C91BC942}") = "Bai019", "Bai019\Bai019.vcxproj", "{5FE87385-9166-48A4-A646-609ABAC19B5F}"
EndProject
Project("{8BC9CEB8-8B4A-11D0-8D11-00A0C91BC942}") = "Bai025", "Bai025\Bai025.vcxproj", "{307660A0-BCDD-44AB-9155-873E1744AA53}"
EndProject
Project("{8BC9CEB8-8B4A-11D0-8D11-00A0C91BC942}") = "Bai031", "Bai031\Bai031.vcxproj", "{915CBDDC-B3A6-4727-B341-DFF6EF2A91DF}"
EndProject
Project("{8BC9CEB8-8B4A-11D0-8D11-00A0C91BC942}") = "Bai037", "Bai037\Bai037.vcxproj", "{5AF60D79-CF0C-49BB-900F-0217BC9972DA}"
EndProject
Project("{8BC9CEB8-8B4A-11D0-8D11-00A0C91BC942}") = "Bai043", "Bai043\Bai043.vcxproj", "{BC4D4DE0-92CA-4800-8CD4-BF0F3EF68257}"
EndProject
Project("{8BC9CEB8-8B4A-11D0-8D11-00A0C91BC942}") = "Bai049", "Bai049\Bai049.vcxproj", "{3DC273DE-F34B-48FD-807F-8C2FD12545DE}"
EndProject
Project("{8BC9CEB8-8B4A-11D0-8D11-00A0C91BC942}") = "Bai055", "Bai055\Bai055.vcxproj", "{CBACC56C-A2C5-4931-8528-4B29E7B54F25}"
EndProject
Project("{8BC9CEB8-8B4A-11D0-8D11-00A0C91BC942}") = "Bai061", "Bai061\Bai061.vcxproj", "{4EF59BA6-8F53-4633-AA67-9E8189E1349E}"
EndProject
Project("{8BC9CEB8-8B4A-11D0-8D11-00A0C91BC942}") = "Bai067", "Bai067\Bai067.vcxproj", "{B4F6A750-3A5A-4A3C-AC41-8566CF05DF19}"
EndProject
Project("{8BC9CEB8-8B4A-11D0-8D11-00A0C91BC942}") = "Bai073", "Bai073\Bai073.vcxproj", "{1C8B3C5C-1C7C-4B23-A420-14842EE92F8A}"
EndProject
Project("{8BC9CEB8-8B4A-11D0-8D11-00A0C91BC942}") = "Bai079", "Bai079\Bai079.vcxproj", "{31CBA82E-609F-4AC4-B884-EFFE05C2BA03}"
EndProject
Project("{8BC9CEB8-8B4A-11D0-8D11-00A0C91BC942}") = "Bai085", "Bai085\Bai085.vcxproj", "{57E5755C-A3C4-420E-B8EE-F47E97EB9D75}"
EndProject
Project("{8BC9CEB8-8B4A-11D0-8D11-00A0C91BC942}") = "Bai091", "Bai091\Bai091.vcxproj", "{15F36D13-EA04-44BD-A8A0-7B6CF4D1FD44}"
EndProject
Project("{8BC9CEB8-8B4A-11D0-8D11-00A0C91BC942}") = "Bai097", "Bai097\Bai097.vcxproj", "{8B3E38BB-84D9-4B53-95D6-A7C0903E3EE0}"
EndProject
Project("{8BC9CEB8-8B4A-11D0-8D11-00A0C91BC942}") = "Bai103", "Bai103\Bai103.vcxproj", "{78698D59-BD56-468F-9115-37875D8475B3}"
EndProject
Project("{8BC9CEB8-8B4A-11D0-8D11-00A0C91BC942}") = "Bai109", "Bai109\Bai109.vcxproj", "{A61717DB-A0B4-45EB-8119-15F279E3A9BF}"
EndProject
Project("{8BC9CEB8-8B4A-11D0-8D11-00A0C91BC942}") = "Bai115", "Bai115\Bai115.vcxproj", "{EAD65771-9F44-4457-A522-DD1D02E48EA6}"
EndProject
Project("{8BC9CEB8-8B4A-11D0-8D11-00A0C91BC942}") = "Bai121", "Bai121\Bai121.vcxproj", "{AF46BE92-AB90-44B4-B86B-2880960A47F3}"
EndProject
Project("{8BC9CEB8-8B4A-11D0-8D11-00A0C91BC942}") = "Bai127", "Bai127\Bai127.vcxproj", "{F5979028-CFD0-47C1-A720-36952B3749FC}"
EndProject
Project("{8BC9CEB8-8B4A-11D0-8D11-00A0C91BC942}") = "Bai133", "Bai133\Bai133.vcxproj", "{0A888702-0847-4BA8-9B69-DE01C431DC3E}"
EndProject
Project("{8BC9CEB8-8B4A-11D0-8D11-00A0C91BC942}") = "Bai139", "Bai139\Bai139.vcxproj", "{E4E7B3AB-EDEF-4193-90A2-7CF1F5B39B5F}"
EndProject
Project("{8BC9CEB8-8B4A-11D0-8D11-00A0C91BC942}") = "Bai145", "Bai145\Bai145.vcxproj", "{70A093FF-346C-44AA-9274-998EC81D9A13}"
EndProject
Project("{8BC9CEB8-8B4A-11D0-8D11-00A0C91BC942}") = "Bai151", "Bai151\Bai151.vcxproj", "{A9116C3F-DEB4-4C04-96A3-8EF0A14964F5}"
EndProject
Project("{8BC9CEB8-8B4A-11D0-8D11-00A0C91BC942}") = "Bai157", "Bai157\Bai157.vcxproj", "{84251381-F7FB-47F9-9F8A-335FB9F9C04A}"
EndProject
Project("{8BC9CEB8-8B4A-11D0-8D11-00A0C91BC942}") = "Bai163", "Bai163\Bai163.vcxproj", "{E7A47A1F-AAF1-4100-98CE-70DCEA3CF901}"
EndProject
Project("{8BC9CEB8-8B4A-11D0-8D11-00A0C91BC942}") = "Bai169", "Bai169\Bai169.vcxproj", "{069ACF2F-7E93-4989-9CA8-DCCA3BCBEAC2}"
EndProject
Project("{8BC9CEB8-8B4A-11D0-8D11-00A0C91BC942}") = "Bai175", "Bai175\Bai175.vcxproj", "{84C73BF9-F64F-453B-89D9-181FAA6ABD57}"
EndProject
Project("{8BC9CEB8-8B4A-11D0-8D11-00A0C91BC942}") = "Bai181", "Bai181\Bai181.vcxproj", "{20EF7620-9D93-4045-B63E-95BF3759FD0E}"
EndProject
Project("{8BC9CEB8-8B4A-11D0-8D11-00A0C91BC942}") = "Bai187", "Bai187\Bai187.vcxproj", "{67E15576-E572-4177-9046-E878C383DBCB}"
EndProject
Project("{8BC9CEB8-8B4A-11D0-8D11-00A0C91BC942}") = "Bai193", "Bai193\Bai193.vcxproj", "{F04D4B24-F0CC-48D7-81D5-CA19E08DBE68}"
EndProject
Project("{8BC9CEB8-8B4A-11D0-8D11-00A0C91BC942}") = "Bai199", "Bai199\Bai199.vcxproj", "{8EFA554D-52FB-4C5C-BF65-F5A4878248DF}"
EndProject
Project("{8BC9CEB8-8B4A-11D0-8D11-00A0C91BC942}") = "Bai205", "Bai205\Bai205.vcxproj", "{3318A472-CA5F-4767-90C5-9500A8248C1B}"
EndProject
Project("{8BC9CEB8-8B4A-11D0-8D11-00A0C91BC942}") = "Bai211", "Bai211\Bai211.vcxproj", "{3581A0D4-6523-4044-832E-35F451AFB2F0}"
EndProject
Project("{8BC9CEB8-8B4A-11D0-8D11-00A0C91BC942}") = "Bai217", "Bai217\Bai217.vcxproj", "{020C23FD-1FFF-4217-A5D2-E8AF1B4D0409}"
EndProject
Project("{8BC9CEB8-8B4A-11D0-8D11-00A0C91BC942}") = "Bai223", "Bai223\Bai223.vcxproj", "{72CAAFD7-0F07-48BF-8D4F-87A75F3F2B8D}"
EndProject
Project("{8BC9CEB8-8B4A-11D0-8D11-00A0C91BC942}") = "Bai229", "Bai229\Bai229.vcxproj", "{D19E9608-0967-4BE2-B6F7-EB9FC1C776BA}"
EndProject
Project("{8BC9CEB8-8B4A-11D0-8D11-00A0C91BC942}") = "Bai235", "Bai235\Bai235.vcxproj", "{6179A7BD-F856-4731-86CB-300617CFB216}"
EndProject
Project("{8BC9CEB8-8B4A-11D0-8D11-00A0C91BC942}") = "Bai241", "Bai241\Bai241.vcxproj", "{30F883E8-DE9B-404D-9ECE-3F6964010339}"
EndProject
Project("{8BC9CEB8-8B4A-11D0-8D11-00A0C91BC942}") = "Bai247", "Bai247\Bai247.vcxproj", "{312608A0-0E49-4B36-A1B1-F0D3EB6848EF}"
EndProject
Project("{8BC9CEB8-8B4A-11D0-8D11-00A0C91BC942}") = "Bai253", "Bai253\Bai253.vcxproj", "{E25CF32E-0F40-4D64-98EA-F4C4BA2605F9}"
EndProject
Project("{8BC9CEB8-8B4A-11D0-8D11-00A0C91BC942}") = "Bai259", "Bai259\Bai259.vcxproj", "{54638A17-83EE-4B84-AB55-BD41816DA6B5}"
EndProject
Project("{8BC9CEB8-8B4A-11D0-8D11-00A0C91BC942}") = "Bai265", "Bai265\Bai265.vcxproj", "{307546B0-037F-49A6-8D97-D9B5FB5CFF77}"
EndProject
Project("{8BC9CEB8-8B4A-11D0-8D11-00A0C91BC942}") = "Bai271", "Bai271\Bai271.vcxproj", "{734F6B7C-F4D8-4AB7-9534-F976138F6406}"
EndProject
Project("{8BC9CEB8-8B4A-11D0-8D11-00A0C91BC942}") = "Bai277", "Bai277\Bai277.vcxproj", "{B3885773-F48F-4F1C-BB0E-45D2EB066C58}"
EndProject
Project("{8BC9CEB8-8B4A-11D0-8D11-00A0C91BC942}") = "Bai283", "Bai283\Bai283.vcxproj", "{CC3A3AD7-098E-4CA9-97E7-11CF53E9CCEC}"
EndProject
Project("{8BC9CEB8-8B4A-11D0-8D11-00A0C91BC942}") = "Bai289", "Bai289\Bai289.vcxproj", "{4A04B2F0-153C-4F7D-BC7C-CCF0894558D1}"
EndProject
Global
	GlobalSection(SolutionConfigurationPlatforms) = preSolution
		Debug|x64 = Debug|x64
		Debug|x86 = Debug|x86
		Release|x64 = Release|x64
		Release|x86 = Release|x86
	EndGlobalSection
	GlobalSection(ProjectConfigurationPlatforms) = postSolution
		{3481DB8F-9244-4102-9BFD-5208BC04F7CB}.Debug|x64.ActiveCfg = Debug|x64
		{3481DB8F-9244-4102-9BFD-5208BC04F7CB}.Debug|x64.Build.0 = Debug|x64
		{3481DB8F-9244-4102-9BFD-5208BC04F7CB}.Debug|x86.ActiveCfg = Debug|Win32
		{3481DB8F-9244-4102-9BFD-5208BC04F7CB}.Debug|x86.Build.0 = Debug|Win32
		{3481DB8F-9244-4102-9BFD-5208BC04F7CB}.Release|x64.ActiveCfg = Release|x64
		{3481DB8F-9244-4102-9BFD-5208BC04F7CB}.Release|x64.Build.0 = Release|x64
		{3481DB8F-9244-4102-9BFD-5208BC04F7CB}.Release|x86.ActiveCfg = Release|Win32
		{3481DB8F-9244-4102-9BFD-5208BC04F7CB}.Release|x86.Build.0 = Release|Win32
		{8F870A34-A35D-4657-AEF6-AB1ECC0BBA14}.Debug|x64.ActiveCfg = Debug|x64
		{8F870A34-A35D-4657-AEF6-AB1ECC0BBA14}.Debug|x64.Build.0 = Debug|x64
		{8F870A34-A35D-4657-AEF6-AB1ECC0BBA14}.Debug|x86.ActiveCfg = Debug|Win32
		{8F870A34-A35D-4657-AEF6-AB1ECC0BBA14}.Debug|x86.Build.0 = Debug|Win32
		{8F870A34-A35D-4657-AEF6-AB1ECC0BBA14}.Release|x64.ActiveCfg = Release|x64
		{8F870A34-A35D-4657-AEF6-AB1ECC0BBA14}.Release|x64.Build.0 = Release|x64
		{8F870A34-A35D-4657-AEF6-AB1ECC0BBA14}.Release|x86.ActiveCfg = Release|Win32
		{8F870A34-A35D-4657-AEF6-AB1ECC0BBA14}.Release|x86.Build.0 = Release|Win32
		{A44D656B-E33B-47AE-B8DB-96AFAD8DC843}.Debug|x64.ActiveCfg = Debug|x64
		{A44D656B-E33B-47AE-B8DB-96AFAD8DC843}.Debug|x64.Build.0 = Debug|x64
		{A44D656B-E33B-47AE-B8DB-96AFAD8DC843}.Debug|x86.ActiveCfg = Debug|Win32
		{A44D656B-E33B-47AE-B8DB-96AFAD8DC843}.Debug|x86.Build.0 = Debug|Win32
		{A44D656B-E33B-47AE-B8DB-96AFAD8DC843}.Release|x64.ActiveCfg = Release|x64
		{A44D656B-E33B-47AE-B8DB-96AFAD8DC843}.Release|x64.Build.0 = Release|x64
		{A44D656B-E33B-47AE-B8DB-96AFAD8DC843}.Release|x86.ActiveCfg = Release|Win32
		{A44D656B-E33B-47AE-B8DB-96AFAD8DC843}.Release|x86.Build.0 = Release|Win32
		{5FE87385-9166-48A4-A646-609ABAC19B5F}.Debug|x64.ActiveCfg = Debug|x64
		{5FE87385-9166-48A4-A646-609ABAC19B5F}.Debug|x64.Build.0 = Debug|x64
		{5FE87385-9166-48A4-A646-609ABAC19B5F}.Debug|x86.ActiveCfg = Debug|Win32
		{5FE87385-9166-48A4-A646-609ABAC19B5F}.Debug|x86.Build.0 = Debug|Win32
		{5FE87385-9166-48A4-A646-609ABAC19B5F}.Release|x64.ActiveCfg = Release|x64
		{5FE87385-9166-48A4-A646-609ABAC19B5F}.Release|x64.Build.0 = Release|x64
		{5FE87385-9166-48A4-A646-609ABAC19B5F}.Release|x86.ActiveCfg = Release|Win32
		{5FE87385-9166-48A4-A646-609ABAC19B5F}.Release|x86.Build.0 = Release|Win32
		{307660A0-BCDD-44AB-9155-873E1744AA53}.Debug|x64.ActiveCfg = Debug|x64
		{307660A0-BCDD-44AB-9155-873E1744AA53}.Debug|x64.Build.0 = Debug|x64
		{307660A0-BCDD-44AB-9155-873E1744AA53}.Debug|x86.ActiveCfg = Debug|Win32
		{307660A0-BCDD-44AB-9155-873E1744AA53}.Debug|x86.Build.0 = Debug|Win32
		{307660A0-BCDD-44AB-9155-873E1744AA53}.Release|x64.ActiveCfg = Release|x64
		{307660A0-BCDD-44AB-9155-873E1744AA53}.Release|x64.Build.0 = Release|x64
		{307660A0-BCDD-44AB-9155-873E1744AA53}.Release|x86.ActiveCfg = Release|Win32
		{307660A0-BCDD-44AB-9155-873E1744AA53}.Release|x86.Build.0 = Release|Win32
		{915CBDDC-B3A6-4727-B341-DFF6EF2A91DF}.Debug|x64.ActiveCfg = Debug|x64
		{915CBDDC-B3A6-4727-B341-DFF6EF2A91DF}.Debug|x64.Build.0 = Debug|x64
		{915CBDDC-B3A6-4727-B341-DFF6EF2A91DF}.Debug|x86.ActiveCfg = Debug|Win32
		{915CBDDC-B3A6-4727-B341-DFF6EF2A91DF}.Debug|x86.Build.0 = Debug|Win32
		{915CBDDC-B3A6-4727-B341-DFF6EF2A91DF}.Release|x64.ActiveCfg = Release|x64
		{915CBDDC-B3A6-4727-B341-DFF6EF2A91DF}.Release|x64.Build.0 = Release|x64
		{915CBDDC-B3A6-4727-B341-DFF6EF2A91DF}.Release|x86.ActiveCfg = Release|Win32
		{915CBDDC-B3A6-4727-B341-DFF6EF2A91DF}.Release|x86.Build.0 = Release|Win32
		{5AF60D79-CF0C-49BB-900F-0217BC9972DA}.Debug|x64.ActiveCfg = Debug|x64
		{5AF60D79-CF0C-49BB-900F-0217BC9972DA}.Debug|x64.Build.0 = Debug|x64
		{5AF60D79-CF0C-49BB-900F-0217BC9972DA}.Debug|x86.ActiveCfg = Debug|Win32
		{5AF60D79-CF0C-49BB-900F-0217BC9972DA}.Debug|x86.Build.0 = Debug|Win32
		{5AF60D79-CF0C-49BB-900F-0217BC9972DA}.Release|x64.ActiveCfg = Release|x64
		{5AF60D79-CF0C-49BB-900F-0217BC9972DA}.Release|x64.Build.0 = Release|x64
		{5AF60D79-CF0C-49BB-900F-0217BC9972DA}.Release|x86.ActiveCfg = Release|Win32
		{5AF60D79-CF0C-49BB-900F-0217BC9972DA}.Release|x86.Build.0 = Release|Win32
		{BC4D4DE0-92CA-4800-8CD4-BF0F3EF68257}.Debug|x64.ActiveCfg = Debug|x64
		{BC4D4DE0-92CA-4800-8CD4-BF0F3EF68257}.Debug|x64.Build.0 = Debug|x64
		{BC4D4DE0-92CA-4800-8CD4-BF0F3EF68257}.Debug|x86.ActiveCfg = Debug|Win32
		{BC4D4DE0-92CA-4800-8CD4-BF0F3EF68257}.Debug|x86.Build.0 = Debug|Win32
		{BC4D4DE0-92CA-4800-8CD4-BF0F3EF68257}.Release|x64.ActiveCfg = Release|x64
		{BC4D4DE0-92CA-4800-8CD4-BF0F3EF68257}.Release|x64.Build.0 = Release|x64
		{BC4D4DE0-92CA-4800-8CD4-BF0F3EF68257}.Release|x86.ActiveCfg = Release|Win32
		{BC4D4DE0-92CA-4800-8CD4-BF0F3EF68257}.Release|x86.Build.0 = Release|Win32
		{3DC273DE-F34B-48FD-807F-8C2FD12545DE}.Debug|x64.ActiveCfg = Debug|x64
		{3DC273DE-F34B-48FD-807F-8C2FD12545DE}.Debug|x64.Build.0 = Debug|x64
		{3DC273DE-F34B-48FD-807F-8C2FD12545DE}.Debug|x86.ActiveCfg = Debug|Win32
		{3DC273DE-F34B-48FD-807F-8C2FD12545DE}.Debug|x86.Build.0 = Debug|Win32
		{3DC273DE-F34B-48FD-807F-8C2FD12545DE}.Release|x64.ActiveCfg = Release|x64
		{3DC273DE-F34B-48FD-807F-8C2FD12545DE}.Release|x64.Build.0 = Release|x64
		{3DC273DE-F34B-48FD-807F-8C2FD12545DE}.Release|x86.ActiveCfg = Release|Win32
		{3DC273DE-F34B-48FD-807F-8C2FD12545DE}.Release|x86.Build.0 = Release|Win32
		{CBACC56C-A2C5-4931-8528-4B29E7B54F25}.Debug|x64.ActiveCfg = Debug|x64
		{CBACC56C-A2C5-4931-8528-4B29E7B54F25}.Debug|x64.Build.0 = Debug|x64
		{CBACC56C-A2C5-4931-8528-4B29E7B54F25}.Debug|x86.ActiveCfg = Debug|Win32
		{CBACC56C-A2C5-4931-8528-4B29E7B54F25}.Debug|x86.Build.0 = Debug|Win32
		{CBACC56C-A2C5-4931-8528-4B29E7B54F25}.Release|x64.ActiveCfg = Release|x64
		{CBACC56C-A2C5-4931-8528-4B29E7B54F25}.Release|x64.Build.0 = Release|x64
		{CBACC56C-A2C5-4931-8528-4B29E7B54F25}.Release|x86.ActiveCfg = Release|Win32
		{CBACC56C-A2C5-4931-8528-4B29E7B54F25}.Release|x86.Build.0 = Release|Win32
		{4EF59BA6-8F53-4633-AA67-9E8189E1349E}.Debug|x64.ActiveCfg = Debug|x64
		{4EF59BA6-8F53-4633-AA67-9E8189E1349E}.Debug|x64.Build.0 = Debug|x64
		{4EF59BA6-8F53-4633-AA67-9E8189E1349E}.Debug|x86.ActiveCfg = Debug|Win32
		{4EF59BA6-8F53-4633-AA67-9E8189E1349E}.Debug|x86.Build.0 = Debug|Win32
		{4EF59BA6-8F53-4633-AA67-9E8189E1349E}.Release|x64.ActiveCfg = Release|x64
		{4EF59BA6-8F53-4633-AA67-9E8189E1349E}.Release|x64.Build.0 = Release|x64
		{4EF59BA6-8F53-4633-AA67-9E8189E1349E}.Release|x86.ActiveCfg = Release|Win32
		{4EF59BA6-8F53-4633-AA67-9E8189E1349E}.Release|x86.Build.0 = Release|Win32
		{B4F6A750-3A5A-4A3C-AC41-8566CF05DF19}.Debug|x64.ActiveCfg = Debug|x64
		{B4F6A750-3A5A-4A3C-AC41-8566CF05DF19}.Debug|x64.Build.0 = Debug|x64
		{B4F6A750-3A5A-4A3C-AC41-8566CF05DF19}.Debug|x86.ActiveCfg = Debug|Win32
		{B4F6A750-3A5A-4A3C-AC41-8566CF05DF19}.Debug|x86.Build.0 = Debug|Win32
		{B4F6A750-3A5A-4A3C-AC41-8566CF05DF19}.Release|x64.ActiveCfg = Release|x64
		{B4F6A750-3A5A-4A3C-AC41-8566CF05DF19}.Release|x64.Build.0 = Release|x64
		{B4F6A750-3A5A-4A3C-AC41-8566CF05DF19}.Release|x86.ActiveCfg = Release|Win32
		{B4F6A750-3A5A-4A3C-AC41-8566CF05DF19}.Release|x86.Build.0 = Release|Win32
		{1C8B3C5C-1C7C-4B23-A420-14842EE92F8A}.Debug|x64.ActiveCfg = Debug|x64
		{1C8B3C5C-1C7C-4B23-A420-14842EE92F8A}.Debug|x64.Build.0 = Debug|x64
		{1C8B3C5C-1C7C-4B23-A420-14842EE92F8A}.Debug|x86.ActiveCfg = Debug|Win32
		{1C8B3C5C-1C7C-4B23-A420-14842EE92F8A}.Debug|x86.Build.0 = Debug|Win32
		{1C8B3C5C-1C7C-4B23-A420-14842EE92F8A}.Release|x64.ActiveCfg = Release|x64
		{1C8B3C5C-1C7C-4B23-A420-14842EE92F8A}.Release|x64.Build.0 = Release|x64
		{1C8B3C5C-1C7C-4B23-A420-14842EE92F8A}.Release|x86.ActiveCfg = Release|Win32
		{1C8B3C5C-1C7C-4B23-A420-14842EE92F8A}.Release|x86.Build.0 = Release|Win32
		{31CBA82E-609F-4AC4-B884-EFFE05C2BA03}.Debug|x64.ActiveCfg = Debug|x64
		{31CBA82E-609F-4AC4-B884-EFFE05C2BA03}.Debug|x64.Build.0 = Debug|x64
		{31CBA82E-609F-4AC4-B884-EFFE05C2BA03}.Debug|x86.ActiveCfg = Debug|Win32
		{31CBA82E-609F-4AC4-B884-EFFE05C2BA03}.Debug|x86.Build.0 = Debug|Win32
		{31CBA82E-609F-4AC4-B884-EFFE05C2BA03}.Release|x64.ActiveCfg = Release|x64
		{31CBA82E-609F-4AC4-B884-EFFE05C2BA03}.Release|x64.Build.0 = Release|x64
		{31CBA82E-609F-4AC4-B884-EFFE05C2BA03}.Release|x86.ActiveCfg = Release|Win32
		{31CBA82E-609F-4AC4-B884-EFFE05C2BA03}.Release|x86.Build.0 = Release|Win32
		{57E5755C-A3C4-420E-B8EE-F47E97EB9D75}.Debug|x64.ActiveCfg = Debug|x64
		{57E5755C-A3C4-420E-B8EE-F47E97EB9D75}.Debug|x64.Build.0 = Debug|x64
		{57E5755C-A3C4-420E-B8EE-F47E97EB9D75}.Debug|x86.ActiveCfg = Debug|Win32
		{57E5755C-A3C4-420E-B8EE-F47E97EB9D75}.Debug|x86.Build.0 = Debug|Win32
		{57E5755C-A3C4-420E-B8EE-F47E97EB9D75}.Release|x64.ActiveCfg = Release|x64
		{57E5755C-A3C4-420E-B8EE-F47E97EB9D75}.Release|x64.Build.0 = Release|x64
		{57E5755C-A3C4-420E-B8EE-F47E97EB9D75}.Release|x86.ActiveCfg = Release|Win32
		{57E5755C-A3C4-420E-B8EE-F47E97EB9D75}.Release|x86.Build.0 = Release|Win32
		{15F36D13-EA04-44BD-A8A0-7B6CF4D1FD44}.Debug|x64.ActiveCfg = Debug|x64
		{15F36D13-EA04-44BD-A8A0-7B6CF4D1FD44}.Debug|x64.Build.0 = Debug|x64
		{15F36D13-EA04-44BD-A8A0-7B6CF4D1FD44}.Debug|x86.ActiveCfg = Debug|Win32
		{15F36D13-EA04-44BD-A8A0-7B6CF4D1FD44}.Debug|x86.Build.0 = Debug|Win32
		{15F36D13-EA04-44BD-A8A0-7B6CF4D1FD44}.Release|x64.ActiveCfg = Release|x64
		{15F36D13-EA04-44BD-A8A0-7B6CF4D1FD44}.Release|x64.Build.0 = Release|x64
		{15F36D13-EA04-44BD-A8A0-7B6CF4D1FD44}.Release|x86.ActiveCfg = Release|Win32
		{15F36D13-EA04-44BD-A8A0-7B6CF4D1FD44}.Release|x86.Build.0 = Release|Win32
		{8B3E38BB-84D9-4B53-95D6-A7C0903E3EE0}.Debug|x64.ActiveCfg = Debug|x64
		{8B3E38BB-84D9-4B53-95D6-A7C0903E3EE0}.Debug|x64.Build.0 = Debug|x64
		{8B3E38BB-84D9-4B53-95D6-A7C0903E3EE0}.Debug|x86.ActiveCfg = Debug|Win32
		{8B3E38BB-84D9-4B53-95D6-A7C0903E3EE0}.Debug|x86.Build.0 = Debug|Win32
		{8B3E38BB-84D9-4B53-95D6-A7C0903E3EE0}.Release|x64.ActiveCfg = Release|x64
		{8B3E38BB-84D9-4B53-95D6-A7C0903E3EE0}.Release|x64.Build.0 = Release|x64
		{8B3E38BB-84D9-4B53-95D6-A7C0903E3EE0}.Release|x86.ActiveCfg = Release|Win32
		{8B3E38BB-84D9-4B53-95D6-A7C0903E3EE0}.Release|x86.Build.0 = Release|Win32
		{78698D59-BD56-468F-9115-37875D8475B3}.Debug|x64.ActiveCfg = Debug|x64
		{78698D59-BD56-468F-9115-37875D8475B3}.Debug|x64.Build.0 = Debug|x64
		{78698D59-BD56-468F-9115-37875D8475B3}.Debug|x86.ActiveCfg = Debug|Win32
		{78698D59-BD56-468F-9115-37875D8475B3}.Debug|x86.Build.0 = Debug|Win32
		{78698D59-BD56-468F-9115-37875D8475B3}.Release|x64.ActiveCfg = Release|x64
		{78698D59-BD56-468F-9115-37875D8475B3}.Release|x64.Build.0 = Release|x64
		{78698D59-BD56-468F-9115-37875D8475B3}.Release|x86.ActiveCfg = Release|Win32
		{78698D59-BD56-468F-9115-37875D8475B3}.Release|x86.Build.0 = Release|Win32
		{A61717DB-A0B4-45EB-8119-15F279E3A9BF}.Debug|x64.ActiveCfg = Debug|x64
		{A61717DB-A0B4-45EB-8119-15F279E3A9BF}.Debug|x64.Build.0 = Debug|x64
		{A61717DB-A0B4-45EB-8119-15F279E3A9BF}.Debug|x86.ActiveCfg = Debug|Win32
		{A61717DB-A0B4-45EB-8119-15F279E3A9BF}.Debug|x86.Build.0 = Debug|Win32
		{A61717DB-A0B4-45EB-8119-15F279E3A9BF}.Release|x64.ActiveCfg = Release|x64
		{A61717DB-A0B4-45EB-8119-15F279E3A9BF}.Release|x64.Build.0 = Release|x64
		{A61717DB-A0B4-45EB-8119-15F279E3A9BF}.Release|x86.ActiveCfg = Release|Win32
		{A61717DB-A0B4-45EB-8119-15F279E3A9BF}.Release|x86.Build.0 = Release|Win32
		{EAD65771-9F44-4457-A522-DD1D02E48EA6}.Debug|x64.ActiveCfg = Debug|x64
		{EAD65771-9F44-4457-A522-DD1D02E48EA6}.Debug|x64.Build.0 = Debug|x64
		{EAD65771-9F44-4457-A522-DD1D02E48EA6}.Debug|x86.ActiveCfg = Debug|Win32
		{EAD65771-9F44-4457-A522-DD1D02E48EA6}.Debug|x86.Build.0 = Debug|Win32
		{EAD65771-9F44-4457-A522-DD1D02E48EA6}.Release|x64.ActiveCfg = Release|x64
		{EAD65771-9F44-4457-A522-DD1D02E48EA6}.Release|x64.Build.0 = Release|x64
		{EAD65771-9F44-4457-A522-DD1D02E48EA6}.Release|x86.ActiveCfg = Release|Win32
		{EAD65771-9F44-4457-A522-DD1D02E48EA6}.Release|x86.Build.0 = Release|Win32
		{AF46BE92-AB90-44B4-B86B-2880960A47F3}.Debug|x64.ActiveCfg = Debug|x64
		{AF46BE92-AB90-44B4-B86B-2880960A47F3}.Debug|x64.Build.0 = Debug|x64
		{AF46BE92-AB90-44B4-B86B-2880960A47F3}.Debug|x86.ActiveCfg = Debug|Win32
		{AF46BE92-AB90-44B4-B86B-2880960A47F3}.Debug|x86.Build.0 = Debug|Win32
		{AF46BE92-AB90-44B4-B86B-2880960A47F3}.Release|x64.ActiveCfg = Release|x64
		{AF46BE92-AB90-44B4-B86B-2880960A47F3}.Release|x64.Build.0 = Release|x64
		{AF46BE92-AB90-44B4-B86B-2880960A47F3}.Release|x86.ActiveCfg = Release|Win32
		{AF46BE92-AB90-44B4-B86B-2880960A47F3}.Release|x86.Build.0 = Release|Win32
		{F5979028-CFD0-47C1-A720-36952B3749FC}.Debug|x64.ActiveCfg = Debug|x64
		{F5979028-CFD0-47C1-A720-36952B3749FC}.Debug|x64.Build.0 = Debug|x64
		{F5979028-CFD0-47C1-A720-36952B3749FC}.Debug|x86.ActiveCfg = Debug|Win32
		{F5979028-CFD0-47C1-A720-36952B3749FC}.Debug|x86.Build.0 = Debug|Win32
		{F5979028-CFD0-47C1-A720-36952B3749FC}.Release|x64.ActiveCfg = Release|x64
		{F5979028-CFD0-47C1-A720-36952B3749FC}.Release|x64.Build.0 = Release|x64
		{F5979028-CFD0-47C1-A720-36952B3749FC}.Release|x86.ActiveCfg = Release|Win32
		{F5979028-CFD0-47C1-A720-36952B3749FC}.Release|x86.Build.0 = Release|Win32
		{0A888702-0847-4BA8-9B69-DE01C431DC3E}.Debug|x64.ActiveCfg = Debug|x64
		{0A888702-0847-4BA8-9B69-DE01C431DC3E}.Debug|x64.Build.0 = Debug|x64
		{0A888702-0847-4BA8-9B69-DE01C431DC3E}.Debug|x86.ActiveCfg = Debug|Win32
		{0A888702-0847-4BA8-9B69-DE01C431DC3E}.Debug|x86.Build.0 = Debug|Win32
		{0A888702-0847-4BA8-9B69-DE01C431DC3E}.Release|x64.ActiveCfg = Release|x64
		{0A888702-0847-4BA8-9B69-DE01C431DC3E}.Release|x64.Build.0 = Release|x64
		{0A888702-0847-4BA8-9B69-DE01C431DC3E}.Release|x86.ActiveCfg = Release|Win32
		{0A888702-0847-4BA8-9B69-DE01C431DC3E}.Release|x86.Build.0 = Release|Win32
		{E4E7B3AB-EDEF-4193-90A2-7CF1F5B39B5F}.Debug|x64.ActiveCfg = Debug|x64
		{E4E7B3AB-EDEF-4193-90A2-7CF1F5B39B5F}.Debug|x64.Build.0 = Debug|x64
		{E4E7B3AB-EDEF-4193-90A2-7CF1F5B39B5F}.Debug|x86.ActiveCfg = Debug|Win32
		{E4E7B3AB-EDEF-4193-90A2-7CF1F5B39B5F}.Debug|x86.Build.0 = Debug|Win32
		{E4E7B3AB-EDEF-4193-90A2-7CF1F5B39B5F}.Release|x64.ActiveCfg = Release|x64
		{E4E7B3AB-EDEF-4193-90A2-7CF1F5B39B5F}.Release|x64.Build.0 = Release|x64
		{E4E7B3AB-EDEF-4193-90A2-7CF1F5B39B5F}.Release|x86.ActiveCfg = Release|Win32
		{E4E7B3AB-EDEF-4193-90A2-7CF1F5B39B5F}.Release|x86.Build.0 = Release|Win32
		{70A093FF-346C-44AA-9274-998EC81D9A13}.Debug|x64.ActiveCfg = Debug|x64
		{70A093FF-346C-44AA-9274-998EC81D9A13}.Debug|x64.Build.0 = Debug|x64
		{70A093FF-346C-44AA-9274-998EC81D9A13}.Debug|x86.ActiveCfg = Debug|Win32
		{70A093FF-346C-44AA-9274-998EC81D9A13}.Debug|x86.Build.0 = Debug|Win32
		{70A093FF-346C-44AA-9274-998EC81D9A13}.Release|x64.ActiveCfg = Release|x64
		{70A093FF-346C-44AA-9274-998EC81D9A13}.Release|x64.Build.0 = Release|x64
		{70A093FF-346C-44AA-9274-998EC81D9A13}.Release|x86.ActiveCfg = Release|Win32
		{70A093FF-346C-44AA-9274-998EC81D9A13}.Release|x86.Build.0 = Release|Win32
		{A9116C3F-DEB4-4C04-96A3-8EF0A14964F5}.Debug|x64.ActiveCfg = Debug|x64
		{A9116C3F-DEB4-4C04-96A3-8EF0A14964F5}.Debug|x64.Build.0 = Debug|x64
		{A9116C3F-DEB4-4C04-96A3-8EF0A14964F5}.Debug|x86.ActiveCfg = Debug|Win32
		{A9116C3F-DEB4-4C04-96A3-8EF0A14964F5}.Debug|x86.Build.0 = Debug|Win32
		{A9116C3F-DEB4-4C04-96A3-8EF0A14964F5}.Release|x64.ActiveCfg = Release|x64
		{A9116C3F-DEB4-4C04-96A3-8EF0A14964F5}.Release|x64.Build.0 = Release|x64
		{A9116C3F-DEB4-4C04-96A3-8EF0A14964F5}.Release|x86.ActiveCfg = Release|Win32
		{A9116C3F-DEB4-4C04-96A3-8EF0A14964F5}.Release|x86.Build.0 = Release|Win32
		{84251381-F7FB-47F9-9F8A-335FB9F9C04A}.Debug|x64.ActiveCfg = Debug|x64
		{84251381-F7FB-47F9-9F8A-335FB9F9C04A}.Debug|x64.Build.0 = Debug|x64
		{84251381-F7FB-47F9-9F8A-335FB9F9C04A}.Debug|x86.ActiveCfg = Debug|Win32
		{84251381-F7FB-47F9-9F8A-335FB9F9C04A}.Debug|x86.Build.0 = Debug|Win32
		{84251381-F7FB-47F9-9F8A-335FB9F9C04A}.Release|x64.ActiveCfg = Release|x64
		{84251381-F7FB-47F9-9F8A-335FB9F9C04A}.Release|x64.Build.0 = Release|x64
		{84251381-F7FB-47F9-9F8A-335FB9F9C04A}.Release|x86.ActiveCfg = Release|Win32
		{84251381-F7FB-47F9-9F8A-335FB9F9C04A}.Release|x86.Build.0 = Release|Win32
		{E7A47A1F-AAF1-4100-98CE-70DCEA3CF901}.Debug|x64.ActiveCfg = Debug|x64
		{E7A47A1F-AAF1-4100-98CE-70DCEA3CF901}.Debug|x64.Build.0 = Debug|x64
		{E7A47A1F-AAF1-4100-98CE-70DCEA3CF901}.Debug|x86.ActiveCfg = Debug|Win32
		{E7A47A1F-AAF1-4100-98CE-70DCEA3CF901}.Debug|x86.Build.0 = Debug|Win32
		{E7A47A1F-AAF1-4100-98CE-70DCEA3CF901}.Release|x64.ActiveCfg = Release|x64
		{E7A47A1F-AAF1-4100-98CE-70DCEA3CF901}.Release|x64.Build.0 = Release|x64
		{E7A47A1F-AAF1-4100-98CE-70DCEA3CF901}.Release|x86.ActiveCfg = Release|Win32
		{E7A47A1F-AAF1-4100-98CE-70DCEA3CF901}.Release|x86.Build.0 = Release|Win32
		{069ACF2F-7E93-4989-9CA8-DCCA3BCBEAC2}.Debug|x64.ActiveCfg = Debug|x64
		{069ACF2F-7E93-4989-9CA8-DCCA3BCBEAC2}.Debug|x64.Build.0 = Debug|x64
		{069ACF2F-7E93-4989-9CA8-DCCA3BCBEAC2}.Debug|x86.ActiveCfg = Debug|Win32
		{069ACF2F-7E93-4989-9CA8-DCCA3BCBEAC2}.Debug|x86.Build.0 = Debug|Win32
		{069ACF2F-7E93-4989-9CA8-DCCA3BCBEAC2}.Release|x64.ActiveCfg = Release|x64
		{069ACF2F-7E93-4989-9CA8-DCCA3BCBEAC2}.Release|x64.Build.0 = Release|x64
		{069ACF2F-7E93-4989-9CA8-DCCA3BCBEAC2}.Release|x86.ActiveCfg = Release|Win32
		{069ACF2F-7E93-4989-9CA8-DCCA3BCBEAC2}.Release|x86.Build.0 = Release|Win32
		{84C73BF9-F64F-453B-89D9-181FAA6ABD57}.Debug|x64.ActiveCfg = Debug|x64
		{84C73BF9-F64F-453B-89D9-181FAA6ABD57}.Debug|x64.Build.0 = Debug|x64
		{84C73BF9-F64F-453B-89D9-181FAA6ABD57}.Debug|x86.ActiveCfg = Debug|Win32
		{84C73BF9-F64F-453B-89D9-181FAA6ABD57}.Debug|x86.Build.0 = Debug|Win32
		{84C73BF9-F64F-453B-89D9-181FAA6ABD57}.Release|x64.ActiveCfg = Release|x64
		{84C73BF9-F64F-453B-89D9-181FAA6ABD57}.Release|x64.Build.0 = Release|x64
		{84C73BF9-F64F-453B-89D9-181FAA6ABD57}.Release|x86.ActiveCfg = Release|Win32
		{84C73BF9-F64F-453B-89D9-181FAA6ABD57}.Release|x86.Build.0 = Release|Win32
		{20EF7620-9D93-4045-B63E-95BF3759FD0E}.Debug|x64.ActiveCfg = Debug|x64
		{20EF7620-9D93-4045-B63E-95BF3759FD0E}.Debug|x64.Build.0 = Debug|x64
		{20EF7620-9D93-4045-B63E-95BF3759FD0E}.Debug|x86.ActiveCfg = Debug|Win32
		{20EF7620-9D93-4045-B63E-95BF3759FD0E}.Debug|x86.Build.0 = Debug|Win32
		{20EF7620-9D93-4045-B63E-95BF3759FD0E}.Release|x64.ActiveCfg = Release|x64
		{20EF7620-9D93-4045-B63E-95BF3759FD0E}.Release|x64.Build.0 = Release|x64
		{20EF7620-9D93-4045-B63E-95BF3759FD0E}.Release|x86.ActiveCfg = Release|Win32
		{20EF7620-9D93-4045-B63E-95BF3759FD0E}.Release|x86.Build.0 = Release|Win32
		{67E15576-E572-4177-9046-E878C383DBCB}.Debug|x64.ActiveCfg = Debug|x64
		{67E15576-E572-4177-9046-E878C383DBCB}.Debug|x64.Build.0 = Debug|x64
		{67E15576-E572-4177-9046-E878C383DBCB}.Debug|x86.ActiveCfg = Debug|Win32
		{67E15576-E572-4177-9046-E878C383DBCB}.Debug|x86.Build.0 = Debug|Win32
		{67E15576-E572-4177-9046-E878C383DBCB}.Release|x64.ActiveCfg = Release|x64
		{67E15576-E572-4177-9046-E878C383DBCB}.Release|x64.Build.0 = Release|x64
		{67E15576-E572-4177-9046-E878C383DBCB}.Release|x86.ActiveCfg = Release|Win32
		{67E15576-E572-4177-9046-E878C383DBCB}.Release|x86.Build.0 = Release|Win32
		{F04D4B24-F0CC-48D7-81D5-CA19E08DBE68}.Debug|x64.ActiveCfg = Debug|x64
		{F04D4B24-F0CC-48D7-81D5-CA19E08DBE68}.Debug|x64.Build.0 = Debug|x64
		{F04D4B24-F0CC-48D7-81D5-CA19E08DBE68}.Debug|x86.ActiveCfg = Debug|Win32
		{F04D4B24-F0CC-48D7-81D5-CA19E08DBE68}.Debug|x86.Build.0 = Debug|Win32
		{F04D4B24-F0CC-48D7-81D5-CA19E08DBE68}.Release|x64.ActiveCfg = Release|x64
		{F04D4B24-F0CC-48D7-81D5-CA19E08DBE68}.Release|x64.Build.0 = Release|x64
		{F04D4B24-F0CC-48D7-81D5-CA19E08DBE68}.Release|x86.ActiveCfg = Release|Win32
		{F04D4B24-F0CC-48D7-81D5-CA19E08DBE68}.Release|x86.Build.0 = Release|Win32
		{8EFA554D-52FB-4C5C-BF65-F5A4878248DF}.Debug|x64.ActiveCfg = Debug|x64
		{8EFA554D-52FB-4C5C-BF65-F5A4878248DF}.Debug|x64.Build.0 = Debug|x64
		{8EFA554D-52FB-4C5C-BF65-F5A4878248DF}.Debug|x86.ActiveCfg = Debug|Win32
		{8EFA554D-52FB-4C5C-BF65-F5A4878248DF}.Debug|x86.Build.0 = Debug|Win32
		{8EFA554D-52FB-4C5C-BF65-F5A4878248DF}.Release|x64.ActiveCfg = Release|x64
		{8EFA554D-52FB-4C5C-BF65-F5A4878248DF}.Release|x64.Build.0 = Release|x64
		{8EFA554D-52FB-4C5C-BF65-F5A4878248DF}.Release|x86.ActiveCfg = Release|Win32
		{8EFA554D-52FB-4C5C-BF65-F5A4878248DF}.Release|x86.Build.0 = Release|Win32
		{3318A472-CA5F-4767-90C5-9500A8248C1B}.Debug|x64.ActiveCfg = Debug|x64
		{3318A472-CA5F-4767-90C5-9500A8248C1B}.Debug|x64.Build.0 = Debug|x64
		{3318A472-CA5F-4767-90C5-9500A8248C1B}.Debug|x86.ActiveCfg = Debug|Win32
		{3318A472-CA5F-4767-90C5-9500A8248C1B}.Debug|x86.Build.0 = Debug|Win32
		{3318A472-CA5F-4767-90C5-9500A8248C1B}.Release|x64.ActiveCfg = Release|x64
		{3318A472-CA5F-4767-90C5-9500A8248C1B}.Release|x64.Build.0 = Release|x64
		{3318A472-CA5F-4767-90C5-9500A8248C1B}.Release|x86.ActiveCfg = Release|Win32
		{3318A472-CA5F-4767-90C5-9500A8248C1B}.Release|x86.Build.0 = Release|Win32
		{3581A0D4-6523-4044-832E-35F451AFB2F0}.Debug|x64.ActiveCfg = Debug|x64
		{3581A0D4-6523-4044-832E-35F451AFB2F0}.Debug|x64.Build.0 = Debug|x64
		{3581A0D4-6523-4044-832E-35F451AFB2F0}.Debug|x86.ActiveCfg = Debug|Win32
		{3581A0D4-6523-4044-832E-35F451AFB2F0}.Debug|x86.Build.0 = Debug|Win32
		{3581A0D4-6523-4044-832E-35F451AFB2F0}.Release|x64.ActiveCfg = Release|x64
		{3581A0D4-6523-4044-832E-35F451AFB2F0}.Release|x64.Build.0 = Release|x64
		{3581A0D4-6523-4044-832E-35F451AFB2F0}.Release|x86.ActiveCfg = Release|Win32
		{3581A0D4-6523-4044-832E-35F451AFB2F0}.Release|x86.Build.0 = Release|Win32
		{020C23FD-1FFF-4217-A5D2-E8AF1B4D0409}.Debug|x64.ActiveCfg = Debug|x64
		{020C23FD-1FFF-4217-A5D2-E8AF1B4D0409}.Debug|x64.Build.0 = Debug|x64
		{020C23FD-1FFF-4217-A5D2-E8AF1B4D0409}.Debug|x86.ActiveCfg = Debug|Win32
		{020C23FD-1FFF-4217-A5D2-E8AF1B4D0409}.Debug|x86.Build.0 = Debug|Win32
		{020C23FD-1FFF-4217-A5D2-E8AF1B4D0409}.Release|x64.ActiveCfg = Release|x64
		{020C23FD-1FFF-4217-A5D2-E8AF1B4D0409}.Release|x64.Build.0 = Release|x64
		{020C23FD-1FFF-4217-A5D2-E8AF1B4D0409}.Release|x86.ActiveCfg = Release|Win32
		{020C23FD-1FFF-4217-A5D2-E8AF1B4D0409}.Release|x86.Build.0 = Release|Win32
		{72CAAFD7-0F07-48BF-8D4F-87A75F3F2B8D}.Debug|x64.ActiveCfg = Debug|x64
		{72CAAFD7-0F07-48BF-8D4F-87A75F3F2B8D}.Debug|x64.Build.0 = Debug|x64
		{72CAAFD7-0F07-48BF-8D4F-87A75F3F2B8D}.Debug|x86.ActiveCfg = Debug|Win32
		{72CAAFD7-0F07-48BF-8D4F-87A75F3F2B8D}.Debug|x86.Build.0 = Debug|Win32
		{72CAAFD7-0F07-48BF-8D4F-87A75F3F2B8D}.Release|x64.ActiveCfg = Release|x64
		{72CAAFD7-0F07-48BF-8D4F-87A75F3F2B8D}.Release|x64.Build.0 = Release|x64
		{72CAAFD7-0F07-48BF-8D4F-87A75F3F2B8D}.Release|x86.ActiveCfg = Release|Win32
		{72CAAFD7-0F07-48BF-8D4F-87A75F3F2B8D}.Release|x86.Build.0 = Release|Win32
		{D19E9608-0967-4BE2-B6F7-EB9FC1C776BA}.Debug|x64.ActiveCfg = Debug|x64
		{D19E9608-0967-4BE2-B6F7-EB9FC1C776BA}.Debug|x64.Build.0 = Debug|x64
		{D19E9608-0967-4BE2-B6F7-EB9FC1C776BA}.Debug|x86.ActiveCfg = Debug|Win32
		{D19E9608-0967-4BE2-B6F7-EB9FC1C776BA}.Debug|x86.Build.0 = Debug|Win32
		{D19E9608-0967-4BE2-B6F7-EB9FC1C776BA}.Release|x64.ActiveCfg = Release|x64
		{D19E9608-0967-4BE2-B6F7-EB9FC1C776BA}.Release|x64.Build.0 = Release|x64
		{D19E9608-0967-4BE2-B6F7-EB9FC1C776BA}.Release|x86.ActiveCfg = Release|Win32
		{D19E9608-0967-4BE2-B6F7-EB9FC1C776BA}.Release|x86.Build.0 = Release|Win32
		{6179A7BD-F856-4731-86CB-300617CFB216}.Debug|x64.ActiveCfg = Debug|x64
		{6179A7BD-F856-4731-86CB-300617CFB216}.Debug|x64.Build.0 = Debug|x64
		{6179A7BD-F856-4731-86CB-300617CFB216}.Debug|x86.ActiveCfg = Debug|Win32
		{6179A7BD-F856-4731-86CB-300617CFB216}.Debug|x86.Build.0 = Debug|Win32
		{6179A7BD-F856-4731-86CB-300617CFB216}.Release|x64.ActiveCfg = Release|x64
		{6179A7BD-F856-4731-86CB-300617CFB216}.Release|x64.Build.0 = Release|x64
		{6179A7BD-F856-4731-86CB-300617CFB216}.Release|x86.ActiveCfg = Release|Win32
		{6179A7BD-F856-4731-86CB-300617CFB216}.Release|x86.Build.0 = Release|Win32
		{30F883E8-DE9B-404D-9ECE-3F6964010339}.Debug|x64.ActiveCfg = Debug|x64
		{30F883E8-DE9B-404D-9ECE-3F6964010339}.Debug|x64.Build.0 = Debug|x64
		{30F883E8-DE9B-404D-9ECE-3F6964010339}.Debug|x86.ActiveCfg = Debug|Win32
		{30F883E8-DE9B-404D-9ECE-3F6964010339}.Debug|x86.Build.0 = Debug|Win32
		{30F883E8-DE9B-404D-9ECE-3F6964010339}.Release|x64.ActiveCfg = Release|x64
		{30F883E8-DE9B-404D-9ECE-3F6964010339}.Release|x64.Build.0 = Release|x64
		{30F883E8-DE9B-404D-9ECE-3F6964010339}.Release|x86.ActiveCfg = Release|Win32
		{30F883E8-DE9B-404D-9ECE-3F6964010339}.Release|x86.Build.0 = Release|Win32
		{312608A0-0E49-4B36-A1B1-F0D3EB6848EF}.Debug|x64.ActiveCfg = Debug|x64
		{312608A0-0E49-4B36-A1B1-F0D3EB6848EF}.Debug|x64.Build.0 = Debug|x64
		{312608A0-0E49-4B36-A1B1-F0D3EB6848EF}.Debug|x86.ActiveCfg = Debug|Win32
		{312608A0-0E49-4B36-A1B1-F0D3EB6848EF}.Debug|x86.Build.0 = Debug|Win32
		{312608A0-0E49-4B36-A1B1-F0D3EB6848EF}.Release|x64.ActiveCfg = Release|x64
		{312608A0-0E49-4B36-A1B1-F0D3EB6848EF}.Release|x64.Build.0 = Release|x64
		{312608A0-0E49-4B36-A1B1-F0D3EB6848EF}.Release|x86.ActiveCfg = Release|Win32
		{312608A0-0E49-4B36-A1B1-F0D3EB6848EF}.Release|x86.Build.0 = Release|Win32
		{E25CF32E-0F40-4D64-98EA-F4C4BA2605F9}.Debug|x64.ActiveCfg = Debug|x64
		{E25CF32E-0F40-4D64-98EA-F4C4BA2605F9}.Debug|x64.Build.0 = Debug|x64
		{E25CF32E-0F40-4D64-98EA-F4C4BA2605F9}.Debug|x86.ActiveCfg = Debug|Win32
		{E25CF32E-0F40-4D64-98EA-F4C4BA2605F9}.Debug|x86.Build.0 = Debug|Win32
		{E25CF32E-0F40-4D64-98EA-F4C4BA2605F9}.Release|x64.ActiveCfg = Release|x64
		{E25CF32E-0F40-4D64-98EA-F4C4BA2605F9}.Release|x64.Build.0 = Release|x64
		{E25CF32E-0F40-4D64-98EA-F4C4BA2605F9}.Release|x86.ActiveCfg = Release|Win32
		{E25CF32E-0F40-4D64-98EA-F4C4BA2605F9}.Release|x86.Build.0 = Release|Win32
		{54638A17-83EE-4B84-AB55-BD41816DA6B5}.Debug|x64.ActiveCfg = Debug|x64
		{54638A17-83EE-4B84-AB55-BD41816DA6B5}.Debug|x64.Build.0 = Debug|x64
		{54638A17-83EE-4B84-AB55-BD41816DA6B5}.Debug|x86.ActiveCfg = Debug|Win32
		{54638A17-83EE-4B84-AB55-BD41816DA6B5}.Debug|x86.Build.0 = Debug|Win32
		{54638A17-83EE-4B84-AB55-BD41816DA6B5}.Release|x64.ActiveCfg = Release|x64
		{54638A17-83EE-4B84-AB55-BD41816DA6B5}.Release|x64.Build.0 = Release|x64
		{54638A17-83EE-4B84-AB55-BD41816DA6B5}.Release|x86.ActiveCfg = Release|Win32
		{54638A17-83EE-4B84-AB55-BD41816DA6B5}.Release|x86.Build.0 = Release|Win32
		{307546B0-037F-49A6-8D97-D9B5FB5CFF77}.Debug|x64.ActiveCfg = Debug|x64
		{307546B0-037F-49A6-8D97-D9B5FB5CFF77}.Debug|x64.Build.0 = Debug|x64
		{307546B0-037F-49A6-8D97-D9B5FB5CFF77}.Debug|x86.ActiveCfg = Debug|Win32
		{307546B0-037F-49A6-8D97-D9B5FB5CFF77}.Debug|x86.Build.0 = Debug|Win32
		{307546B0-037F-49A6-8D97-D9B5FB5CFF77}.Release|x64.ActiveCfg = Release|x64
		{307546B0-037F-49A6-8D97-D9B5FB5CFF77}.Release|x64.Build.0 = Release|x64
		{307546B0-037F-49A6-8D97-D9B5FB5CFF77}.Release|x86.ActiveCfg = Release|Win32
		{307546B0-037F-49A6-8D97-D9B5FB5CFF77}.Release|x86.Build.0 = Release|Win32
		{734F6B7C-F4D8-4AB7-9534-F976138F6406}.Debug|x64.ActiveCfg = Debug|x64
		{734F6B7C-F4D8-4AB7-9534-F976138F6406}.Debug|x64.Build.0 = Debug|x64
		{734F6B7C-F4D8-4AB7-9534-F976138F6406}.Debug|x86.ActiveCfg = Debug|Win32
		{734F6B7C-F4D8-4AB7-9534-F976138F6406}.Debug|x86.Build.0 = Debug|Win32
		{734F6B7C-F4D8-4AB7-9534-F976138F6406}.Release|x64.ActiveCfg = Release|x64
		{734F6B7C-F4D8-4AB7-9534-F976138F6406}.Release|x64.Build.0 = Release|x64
		{734F6B7C-F4D8-4AB7-9534-F976138F6406}.Release|x86.ActiveCfg = Release|Win32
		{734F6B7C-F4D8-4AB7-9534-F976138F6406}.Release|x86.Build.0 = Release|Win32
		{B3885773-F48F-4F1C-BB0E-45D2EB066C58}.Debug|x64.ActiveCfg = Debug|x64
		{B3885773-F48F-4F1C-BB0E-45D2EB066C58}.Debug|x64.Build.0 = Debug|x64
		{B3885773-F48F-4F1C-BB0E-45D2EB066C58}.Debug|x86.ActiveCfg = Debug|Win32
		{B3885773-F48F-4F1C-BB0E-45D2EB066C58}.Debug|x86.Build.0 = Debug|Win32
		{B3885773-F48F-4F1C-BB0E-45D2EB066C58}.Release|x64.ActiveCfg = Release|x64
		{B3885773-F48F-4F1C-BB0E-45D2EB066C58}.Release|x64.Build.0 = Release|x64
		{B3885773-F48F-4F1C-BB0E-45D2EB066C58}.Release|x86.ActiveCfg = Release|Win32
		{B3885773-F48F-4F1C-BB0E-45D2EB066C58}.Release|x86.Build.0 = Release|Win32
		{CC3A3AD7-098E-4CA9-97E7-11CF53E9CCEC}.Debug|x64.ActiveCfg = Debug|x64
		{CC3A3AD7-098E-4CA9-97E7-11CF53E9CCEC}.Debug|x64.Build.0 = Debug|x64
		{CC3A3AD7-098E-4CA9-97E7-11CF53E9CCEC}.Debug|x86.ActiveCfg = Debug|Win32
		{CC3A3AD7-098E-4CA9-97E7-11CF53E9CCEC}.Debug|x86.Build.0 = Debug|Win32
		{CC3A3AD7-098E-4CA9-97E7-11CF53E9CCEC}.Release|x64.ActiveCfg = Release|x64
		{CC3A3AD7-098E-4CA9-97E7-11CF53E9CCEC}.Release|x64.Build.0 = Release|x64
		{CC3A3AD7-098E-4CA9-97E7-11CF53E9CCEC}.Release|x86.ActiveCfg = Release|Win32
		{CC3A3AD7-098E-4CA9-97E7-11CF53E9CCEC}.Release|x86.Build.0 = Release|Win32
		{4A04B2F0-153C-4F7D-BC7C-CCF0894558D1}.Debug|x64.ActiveCfg = Debug|x64
		{4A04B2F0-153C-4F7D-BC7C-CCF0894558D1}.Debug|x64.Build.0 = Debug|x64
		{4A04B2F0-153C-4F7D-BC7C-CCF0894558D1}.Debug|x86.ActiveCfg = Debug|Win32
		{4A04B2F0-153C-4F7D-BC7C-CCF0894558D1}.Debug|x86.Build.0 = Debug|Win32
		{4A04B2F0-153C-4F7D-BC7C-CCF0894558D1}.Release|x64.ActiveCfg = Release|x64
		{4A04B2F0-153C-4F7D-BC7C-CCF0894558D1}.Release|x64.Build.0 = Release|x64
		{4A04B2F0-153C-4F7D-BC7C-CCF0894558D1}.Release|x86.ActiveCfg = Release|Win32
		{4A04B2F0-153C-4F7D-BC7C-CCF0894558D1}.Release|x86.Build.0 = Release|Win32
	EndGlobalSection
	GlobalSection(SolutionProperties) = preSolution
		HideSolutionNode = FALSE
	EndGlobalSection
	GlobalSection(ExtensibilityGlobals) = postSolution
		SolutionGuid = {3EC4E62C-849B-4585-A7C0-8E9BE8A4A46B}
	EndGlobalSection
EndGlobal
