
Microsoft Visual Studio Solution File, Format Version 12.00
# Visual Studio Version 17
VisualStudioVersion = 17.7.34221.43
MinimumVisualStudioVersion = 10.0.40219.1
Project("{8BC9CEB8-8B4A-11D0-8D11-00A0C91BC942}") = "Bai003", "Bai003\Bai003.vcxproj", "{0D0CA1D1-14BC-4775-880E-9733FF347F52}"
EndProject
Project("{8BC9CEB8-8B4A-11D0-8D11-00A0C91BC942}") = "Bai009", "Bai009\Bai009.vcxproj", "{605058FA-9DCE-42AE-8F23-186A4BD8851D}"
EndProject
Project("{8BC9CEB8-8B4A-11D0-8D11-00A0C91BC942}") = "Bai015", "Bai015\Bai015.vcxproj", "{169DD113-002B-4941-A25C-4511A63AED93}"
EndProject
Project("{8BC9CEB8-8B4A-11D0-8D11-00A0C91BC942}") = "Bai021", "Bai021\Bai021.vcxproj", "{F591C4F9-24A1-43C5-B1C2-945DA670E046}"
EndProject
Project("{8BC9CEB8-8B4A-11D0-8D11-00A0C91BC942}") = "Bai027", "Bai027\Bai027.vcxproj", "{9061F036-D47B-4031-868A-497BC5E64B61}"
EndProject
Project("{8BC9CEB8-8B4A-11D0-8D11-00A0C91BC942}") = "Bai033", "Bai033\Bai033.vcxproj", "{4DE080F8-2DE5-4624-B993-6715BD372A62}"
EndProject
Project("{8BC9CEB8-8B4A-11D0-8D11-00A0C91BC942}") = "Bai039", "Bai039\Bai039.vcxproj", "{C821843A-5F5A-4215-AAFD-C5A7AC6FD43A}"
EndProject
Project("{8BC9CEB8-8B4A-11D0-8D11-00A0C91BC942}") = "Bai045", "Bai045\Bai045.vcxproj", "{402C0AB4-4AFD-4754-9093-1CC998073E85}"
EndProject
Project("{8BC9CEB8-8B4A-11D0-8D11-00A0C91BC942}") = "Bai051", "Bai051\Bai051.vcxproj", "{F549ED8F-98C0-4A7E-AB98-4B7C51F3E118}"
EndProject
Project("{8BC9CEB8-8B4A-11D0-8D11-00A0C91BC942}") = "Bai057", "Bai057\Bai057.vcxproj", "{C8AD09FB-8239-4E25-A84D-F3800BEFAFC5}"
EndProject
Project("{8BC9CEB8-8B4A-11D0-8D11-00A0C91BC942}") = "Bai063", "Bai063\Bai063.vcxproj", "{C3F136EA-90FD-46DB-B882-C7A2E2B1B9DB}"
EndProject
Project("{8BC9CEB8-8B4A-11D0-8D11-00A0C91BC942}") = "Bai069", "Bai069\Bai069.vcxproj", "{900752C1-5EEC-43E4-ACD9-5CB2283D184B}"
EndProject
Project("{8BC9CEB8-8B4A-11D0-8D11-00A0C91BC942}") = "Bai075", "Bai075\Bai075.vcxproj", "{E9F27061-F85A-4471-8BA7-C95A13D94B96}"
EndProject
Project("{8BC9CEB8-8B4A-11D0-8D11-00A0C91BC942}") = "Bai081", "Bai081\Bai081.vcxproj", "{036C0B7E-A764-41D7-A0A7-1AB00AF3A09B}"
EndProject
Project("{8BC9CEB8-8B4A-11D0-8D11-00A0C91BC942}") = "Bai087", "Bai087\Bai087.vcxproj", "{15FEEBD8-A5EB-44AB-9EA8-D27FAEDF99C3}"
EndProject
Project("{8BC9CEB8-8B4A-11D0-8D11-00A0C91BC942}") = "Bai093", "Bai093\Bai093.vcxproj", "{41ED48B9-0AD6-41A2-A0B0-65F45005951E}"
EndProject
Project("{8BC9CEB8-8B4A-11D0-8D11-00A0C91BC942}") = "Bai099", "Bai099\Bai099.vcxproj", "{7D56522D-12C0-4705-8C9E-4F8B2A9640E4}"
EndProject
Project("{8BC9CEB8-8B4A-11D0-8D11-00A0C91BC942}") = "Bai105", "Bai105\Bai105.vcxproj", "{7833262C-821D-4A90-B0D2-25CDD5BCAD02}"
EndProject
Project("{8BC9CEB8-8B4A-11D0-8D11-00A0C91BC942}") = "Bai111", "Bai111\Bai111.vcxproj", "{90C384EF-434D-4E71-9733-127C3DC602B3}"
EndProject
Project("{8BC9CEB8-8B4A-11D0-8D11-00A0C91BC942}") = "Bai117", "Bai117\Bai117.vcxproj", "{1E98FB0C-C0FD-48C0-AB3B-F3FFD0C17038}"
EndProject
Project("{8BC9CEB8-8B4A-11D0-8D11-00A0C91BC942}") = "Bai123", "Bai123\Bai123.vcxproj", "{355B9917-EB10-46D5-B39A-0462290F3906}"
EndProject
Project("{8BC9CEB8-8B4A-11D0-8D11-00A0C91BC942}") = "Bai129", "Bai129\Bai129.vcxproj", "{259EAACE-0222-4C1A-A195-2B1D12E3A21E}"
EndProject
Project("{8BC9CEB8-8B4A-11D0-8D11-00A0C91BC942}") = "Bai135", "Bai135\Bai135.vcxproj", "{1E45D16B-7E38-44AE-B859-536C401A808C}"
EndProject
Project("{8BC9CEB8-8B4A-11D0-8D11-00A0C91BC942}") = "Bai141", "Bai141\Bai141.vcxproj", "{0AE023E3-2BA0-487B-9E91-FEDFD09B892C}"
EndProject
Project("{8BC9CEB8-8B4A-11D0-8D11-00A0C91BC942}") = "Bai147", "Bai147\Bai147.vcxproj", "{2D4E12CA-66A8-414C-9EEF-0FB4E9CDD62D}"
EndProject
Project("{8BC9CEB8-8B4A-11D0-8D11-00A0C91BC942}") = "Bai153", "Bai153\Bai153.vcxproj", "{C1FBBECF-9A65-439A-8455-B20B15FA7F2D}"
EndProject
Project("{8BC9CEB8-8B4A-11D0-8D11-00A0C91BC942}") = "Bai159", "Bai159\Bai159.vcxproj", "{3F76B6BF-AA32-4C26-8701-32CB26A28B40}"
EndProject
Project("{8BC9CEB8-8B4A-11D0-8D11-00A0C91BC942}") = "Bai165", "Bai165\Bai165.vcxproj", "{9010D62C-37EE-4F69-A5B1-BA5F0543530F}"
EndProject
Project("{8BC9CEB8-8B4A-11D0-8D11-00A0C91BC942}") = "Bai171", "Bai171\Bai171.vcxproj", "{5D58A595-277C-418D-AAD2-561011D0F963}"
EndProject
Project("{8BC9CEB8-8B4A-11D0-8D11-00A0C91BC942}") = "Bai177", "Bai177\Bai177.vcxproj", "{2D392380-5F9D-490F-9884-1645AEBA72F1}"
EndProject
Project("{8BC9CEB8-8B4A-11D0-8D11-00A0C91BC942}") = "Bai183", "Bai183\Bai183.vcxproj", "{6D153D5F-C133-41FA-951B-FD34A74A34AB}"
EndProject
Project("{8BC9CEB8-8B4A-11D0-8D11-00A0C91BC942}") = "Bai189", "Bai189\Bai189.vcxproj", "{1E49B4EB-D911-41D1-8315-411CFA4814D4}"
EndProject
Project("{8BC9CEB8-8B4A-11D0-8D11-00A0C91BC942}") = "Bai195", "Bai195\Bai195.vcxproj", "{24B63DDE-D3B5-4D46-BD3B-6D233C566E92}"
EndProject
Project("{8BC9CEB8-8B4A-11D0-8D11-00A0C91BC942}") = "Bai201", "Bai201\Bai201.vcxproj", "{DD148CB4-E984-4CF8-B1E4-30E38C0F1D6C}"
EndProject
Project("{8BC9CEB8-8B4A-11D0-8D11-00A0C91BC942}") = "Bai207", "Bai207\Bai207.vcxproj", "{3517AB32-79EB-4EBC-AD74-0AE1C1D9866D}"
EndProject
Project("{8BC9CEB8-8B4A-11D0-8D11-00A0C91BC942}") = "Bai213", "Bai213\Bai213.vcxproj", "{23C8562B-B7EC-4B51-82DE-6C2476388F1E}"
EndProject
Project("{8BC9CEB8-8B4A-11D0-8D11-00A0C91BC942}") = "Bai219", "Bai219\Bai219.vcxproj", "{45697F62-BB1E-49FD-B117-803E87E59A6D}"
EndProject
Project("{8BC9CEB8-8B4A-11D0-8D11-00A0C91BC942}") = "Bai225", "Bai225\Bai225.vcxproj", "{A721ABF5-C9E9-4F7B-8660-FA5A9FB5E819}"
EndProject
Project("{8BC9CEB8-8B4A-11D0-8D11-00A0C91BC942}") = "Bai231", "Bai231\Bai231.vcxproj", "{FA83DEF9-072A-4EC8-99AD-71B3F03DB8F9}"
EndProject
Project("{8BC9CEB8-8B4A-11D0-8D11-00A0C91BC942}") = "Bai237", "Bai237\Bai237.vcxproj", "{0F987B0B-E6DE-42FD-93D0-B61BC04A4FC2}"
EndProject
Project("{8BC9CEB8-8B4A-11D0-8D11-00A0C91BC942}") = "Bai243", "Bai243\Bai243.vcxproj", "{78F3C0E2-92E0-4350-B265-2B4778BC298C}"
EndProject
Project("{8BC9CEB8-8B4A-11D0-8D11-00A0C91BC942}") = "Bai249", "Bai249\Bai249.vcxproj", "{0FA98358-88C4-475F-85C3-E6425BD4D2BF}"
EndProject
Project("{8BC9CEB8-8B4A-11D0-8D11-00A0C91BC942}") = "Bai255", "Bai255\Bai255.vcxproj", "{EFE3141F-7778-40DF-8733-040B6C4669D6}"
EndProject
Project("{8BC9CEB8-8B4A-11D0-8D11-00A0C91BC942}") = "Bai261", "Bai261\Bai261.vcxproj", "{3EBB72A5-64BA-42B5-91B2-6AFEADAB8149}"
EndProject
Project("{8BC9CEB8-8B4A-11D0-8D11-00A0C91BC942}") = "Bai267", "Bai267\Bai267.vcxproj", "{0E3D8668-C209-4D2C-BB05-191B1A8E49CA}"
EndProject
Project("{8BC9CEB8-8B4A-11D0-8D11-00A0C91BC942}") = "Bai273", "Bai273\Bai273.vcxproj", "{7191BC83-8E44-4078-9E68-1D89800ECA76}"
EndProject
Project("{8BC9CEB8-8B4A-11D0-8D11-00A0C91BC942}") = "Bai279", "Bai279\Bai279.vcxproj", "{9AB73C8D-9F48-4CBD-9DB4-30D8C6F1F682}"
EndProject
Project("{8BC9CEB8-8B4A-11D0-8D11-00A0C91BC942}") = "Bai285", "Bai285\Bai285.vcxproj", "{32D605AC-102C-4CAA-9407-5110AD9EB02D}"
EndProject
Global
	GlobalSection(SolutionConfigurationPlatforms) = preSolution
		Debug|x64 = Debug|x64
		Debug|x86 = Debug|x86
		Release|x64 = Release|x64
		Release|x86 = Release|x86
	EndGlobalSection
	GlobalSection(ProjectConfigurationPlatforms) = postSolution
		{0D0CA1D1-14BC-4775-880E-9733FF347F52}.Debug|x64.ActiveCfg = Debug|x64
		{0D0CA1D1-14BC-4775-880E-9733FF347F52}.Debug|x64.Build.0 = Debug|x64
		{0D0CA1D1-14BC-4775-880E-9733FF347F52}.Debug|x86.ActiveCfg = Debug|Win32
		{0D0CA1D1-14BC-4775-880E-9733FF347F52}.Debug|x86.Build.0 = Debug|Win32
		{0D0CA1D1-14BC-4775-880E-9733FF347F52}.Release|x64.ActiveCfg = Release|x64
		{0D0CA1D1-14BC-4775-880E-9733FF347F52}.Release|x64.Build.0 = Release|x64
		{0D0CA1D1-14BC-4775-880E-9733FF347F52}.Release|x86.ActiveCfg = Release|Win32
		{0D0CA1D1-14BC-4775-880E-9733FF347F52}.Release|x86.Build.0 = Release|Win32
		{605058FA-9DCE-42AE-8F23-186A4BD8851D}.Debug|x64.ActiveCfg = Debug|x64
		{605058FA-9DCE-42AE-8F23-186A4BD8851D}.Debug|x64.Build.0 = Debug|x64
		{605058FA-9DCE-42AE-8F23-186A4BD8851D}.Debug|x86.ActiveCfg = Debug|Win32
		{605058FA-9DCE-42AE-8F23-186A4BD8851D}.Debug|x86.Build.0 = Debug|Win32
		{605058FA-9DCE-42AE-8F23-186A4BD8851D}.Release|x64.ActiveCfg = Release|x64
		{605058FA-9DCE-42AE-8F23-186A4BD8851D}.Release|x64.Build.0 = Release|x64
		{605058FA-9DCE-42AE-8F23-186A4BD8851D}.Release|x86.ActiveCfg = Release|Win32
		{605058FA-9DCE-42AE-8F23-186A4BD8851D}.Release|x86.Build.0 = Release|Win32
		{169DD113-002B-4941-A25C-4511A63AED93}.Debug|x64.ActiveCfg = Debug|x64
		{169DD113-002B-4941-A25C-4511A63AED93}.Debug|x64.Build.0 = Debug|x64
		{169DD113-002B-4941-A25C-4511A63AED93}.Debug|x86.ActiveCfg = Debug|Win32
		{169DD113-002B-4941-A25C-4511A63AED93}.Debug|x86.Build.0 = Debug|Win32
		{169DD113-002B-4941-A25C-4511A63AED93}.Release|x64.ActiveCfg = Release|x64
		{169DD113-002B-4941-A25C-4511A63AED93}.Release|x64.Build.0 = Release|x64
		{169DD113-002B-4941-A25C-4511A63AED93}.Release|x86.ActiveCfg = Release|Win32
		{169DD113-002B-4941-A25C-4511A63AED93}.Release|x86.Build.0 = Release|Win32
		{F591C4F9-24A1-43C5-B1C2-945DA670E046}.Debug|x64.ActiveCfg = Debug|x64
		{F591C4F9-24A1-43C5-B1C2-945DA670E046}.Debug|x64.Build.0 = Debug|x64
		{F591C4F9-24A1-43C5-B1C2-945DA670E046}.Debug|x86.ActiveCfg = Debug|Win32
		{F591C4F9-24A1-43C5-B1C2-945DA670E046}.Debug|x86.Build.0 = Debug|Win32
		{F591C4F9-24A1-43C5-B1C2-945DA670E046}.Release|x64.ActiveCfg = Release|x64
		{F591C4F9-24A1-43C5-B1C2-945DA670E046}.Release|x64.Build.0 = Release|x64
		{F591C4F9-24A1-43C5-B1C2-945DA670E046}.Release|x86.ActiveCfg = Release|Win32
		{F591C4F9-24A1-43C5-B1C2-945DA670E046}.Release|x86.Build.0 = Release|Win32
		{9061F036-D47B-4031-868A-497BC5E64B61}.Debug|x64.ActiveCfg = Debug|x64
		{9061F036-D47B-4031-868A-497BC5E64B61}.Debug|x64.Build.0 = Debug|x64
		{9061F036-D47B-4031-868A-497BC5E64B61}.Debug|x86.ActiveCfg = Debug|Win32
		{9061F036-D47B-4031-868A-497BC5E64B61}.Debug|x86.Build.0 = Debug|Win32
		{9061F036-D47B-4031-868A-497BC5E64B61}.Release|x64.ActiveCfg = Release|x64
		{9061F036-D47B-4031-868A-497BC5E64B61}.Release|x64.Build.0 = Release|x64
		{9061F036-D47B-4031-868A-497BC5E64B61}.Release|x86.ActiveCfg = Release|Win32
		{9061F036-D47B-4031-868A-497BC5E64B61}.Release|x86.Build.0 = Release|Win32
		{4DE080F8-2DE5-4624-B993-6715BD372A62}.Debug|x64.ActiveCfg = Debug|x64
		{4DE080F8-2DE5-4624-B993-6715BD372A62}.Debug|x64.Build.0 = Debug|x64
		{4DE080F8-2DE5-4624-B993-6715BD372A62}.Debug|x86.ActiveCfg = Debug|Win32
		{4DE080F8-2DE5-4624-B993-6715BD372A62}.Debug|x86.Build.0 = Debug|Win32
		{4DE080F8-2DE5-4624-B993-6715BD372A62}.Release|x64.ActiveCfg = Release|x64
		{4DE080F8-2DE5-4624-B993-6715BD372A62}.Release|x64.Build.0 = Release|x64
		{4DE080F8-2DE5-4624-B993-6715BD372A62}.Release|x86.ActiveCfg = Release|Win32
		{4DE080F8-2DE5-4624-B993-6715BD372A62}.Release|x86.Build.0 = Release|Win32
		{C821843A-5F5A-4215-AAFD-C5A7AC6FD43A}.Debug|x64.ActiveCfg = Debug|x64
		{C821843A-5F5A-4215-AAFD-C5A7AC6FD43A}.Debug|x64.Build.0 = Debug|x64
		{C821843A-5F5A-4215-AAFD-C5A7AC6FD43A}.Debug|x86.ActiveCfg = Debug|Win32
		{C821843A-5F5A-4215-AAFD-C5A7AC6FD43A}.Debug|x86.Build.0 = Debug|Win32
		{C821843A-5F5A-4215-AAFD-C5A7AC6FD43A}.Release|x64.ActiveCfg = Release|x64
		{C821843A-5F5A-4215-AAFD-C5A7AC6FD43A}.Release|x64.Build.0 = Release|x64
		{C821843A-5F5A-4215-AAFD-C5A7AC6FD43A}.Release|x86.ActiveCfg = Release|Win32
		{C821843A-5F5A-4215-AAFD-C5A7AC6FD43A}.Release|x86.Build.0 = Release|Win32
		{402C0AB4-4AFD-4754-9093-1CC998073E85}.Debug|x64.ActiveCfg = Debug|x64
		{402C0AB4-4AFD-4754-9093-1CC998073E85}.Debug|x64.Build.0 = Debug|x64
		{402C0AB4-4AFD-4754-9093-1CC998073E85}.Debug|x86.ActiveCfg = Debug|Win32
		{402C0AB4-4AFD-4754-9093-1CC998073E85}.Debug|x86.Build.0 = Debug|Win32
		{402C0AB4-4AFD-4754-9093-1CC998073E85}.Release|x64.ActiveCfg = Release|x64
		{402C0AB4-4AFD-4754-9093-1CC998073E85}.Release|x64.Build.0 = Release|x64
		{402C0AB4-4AFD-4754-9093-1CC998073E85}.Release|x86.ActiveCfg = Release|Win32
		{402C0AB4-4AFD-4754-9093-1CC998073E85}.Release|x86.Build.0 = Release|Win32
		{F549ED8F-98C0-4A7E-AB98-4B7C51F3E118}.Debug|x64.ActiveCfg = Debug|x64
		{F549ED8F-98C0-4A7E-AB98-4B7C51F3E118}.Debug|x64.Build.0 = Debug|x64
		{F549ED8F-98C0-4A7E-AB98-4B7C51F3E118}.Debug|x86.ActiveCfg = Debug|Win32
		{F549ED8F-98C0-4A7E-AB98-4B7C51F3E118}.Debug|x86.Build.0 = Debug|Win32
		{F549ED8F-98C0-4A7E-AB98-4B7C51F3E118}.Release|x64.ActiveCfg = Release|x64
		{F549ED8F-98C0-4A7E-AB98-4B7C51F3E118}.Release|x64.Build.0 = Release|x64
		{F549ED8F-98C0-4A7E-AB98-4B7C51F3E118}.Release|x86.ActiveCfg = Release|Win32
		{F549ED8F-98C0-4A7E-AB98-4B7C51F3E118}.Release|x86.Build.0 = Release|Win32
		{C8AD09FB-8239-4E25-A84D-F3800BEFAFC5}.Debug|x64.ActiveCfg = Debug|x64
		{C8AD09FB-8239-4E25-A84D-F3800BEFAFC5}.Debug|x64.Build.0 = Debug|x64
		{C8AD09FB-8239-4E25-A84D-F3800BEFAFC5}.Debug|x86.ActiveCfg = Debug|Win32
		{C8AD09FB-8239-4E25-A84D-F3800BEFAFC5}.Debug|x86.Build.0 = Debug|Win32
		{C8AD09FB-8239-4E25-A84D-F3800BEFAFC5}.Release|x64.ActiveCfg = Release|x64
		{C8AD09FB-8239-4E25-A84D-F3800BEFAFC5}.Release|x64.Build.0 = Release|x64
		{C8AD09FB-8239-4E25-A84D-F3800BEFAFC5}.Release|x86.ActiveCfg = Release|Win32
		{C8AD09FB-8239-4E25-A84D-F3800BEFAFC5}.Release|x86.Build.0 = Release|Win32
		{C3F136EA-90FD-46DB-B882-C7A2E2B1B9DB}.Debug|x64.ActiveCfg = Debug|x64
		{C3F136EA-90FD-46DB-B882-C7A2E2B1B9DB}.Debug|x64.Build.0 = Debug|x64
		{C3F136EA-90FD-46DB-B882-C7A2E2B1B9DB}.Debug|x86.ActiveCfg = Debug|Win32
		{C3F136EA-90FD-46DB-B882-C7A2E2B1B9DB}.Debug|x86.Build.0 = Debug|Win32
		{C3F136EA-90FD-46DB-B882-C7A2E2B1B9DB}.Release|x64.ActiveCfg = Release|x64
		{C3F136EA-90FD-46DB-B882-C7A2E2B1B9DB}.Release|x64.Build.0 = Release|x64
		{C3F136EA-90FD-46DB-B882-C7A2E2B1B9DB}.Release|x86.ActiveCfg = Release|Win32
		{C3F136EA-90FD-46DB-B882-C7A2E2B1B9DB}.Release|x86.Build.0 = Release|Win32
		{900752C1-5EEC-43E4-ACD9-5CB2283D184B}.Debug|x64.ActiveCfg = Debug|x64
		{900752C1-5EEC-43E4-ACD9-5CB2283D184B}.Debug|x64.Build.0 = Debug|x64
		{900752C1-5EEC-43E4-ACD9-5CB2283D184B}.Debug|x86.ActiveCfg = Debug|Win32
		{900752C1-5EEC-43E4-ACD9-5CB2283D184B}.Debug|x86.Build.0 = Debug|Win32
		{900752C1-5EEC-43E4-ACD9-5CB2283D184B}.Release|x64.ActiveCfg = Release|x64
		{900752C1-5EEC-43E4-ACD9-5CB2283D184B}.Release|x64.Build.0 = Release|x64
		{900752C1-5EEC-43E4-ACD9-5CB2283D184B}.Release|x86.ActiveCfg = Release|Win32
		{900752C1-5EEC-43E4-ACD9-5CB2283D184B}.Release|x86.Build.0 = Release|Win32
		{E9F27061-F85A-4471-8BA7-C95A13D94B96}.Debug|x64.ActiveCfg = Debug|x64
		{E9F27061-F85A-4471-8BA7-C95A13D94B96}.Debug|x64.Build.0 = Debug|x64
		{E9F27061-F85A-4471-8BA7-C95A13D94B96}.Debug|x86.ActiveCfg = Debug|Win32
		{E9F27061-F85A-4471-8BA7-C95A13D94B96}.Debug|x86.Build.0 = Debug|Win32
		{E9F27061-F85A-4471-8BA7-C95A13D94B96}.Release|x64.ActiveCfg = Release|x64
		{E9F27061-F85A-4471-8BA7-C95A13D94B96}.Release|x64.Build.0 = Release|x64
		{E9F27061-F85A-4471-8BA7-C95A13D94B96}.Release|x86.ActiveCfg = Release|Win32
		{E9F27061-F85A-4471-8BA7-C95A13D94B96}.Release|x86.Build.0 = Release|Win32
		{036C0B7E-A764-41D7-A0A7-1AB00AF3A09B}.Debug|x64.ActiveCfg = Debug|x64
		{036C0B7E-A764-41D7-A0A7-1AB00AF3A09B}.Debug|x64.Build.0 = Debug|x64
		{036C0B7E-A764-41D7-A0A7-1AB00AF3A09B}.Debug|x86.ActiveCfg = Debug|Win32
		{036C0B7E-A764-41D7-A0A7-1AB00AF3A09B}.Debug|x86.Build.0 = Debug|Win32
		{036C0B7E-A764-41D7-A0A7-1AB00AF3A09B}.Release|x64.ActiveCfg = Release|x64
		{036C0B7E-A764-41D7-A0A7-1AB00AF3A09B}.Release|x64.Build.0 = Release|x64
		{036C0B7E-A764-41D7-A0A7-1AB00AF3A09B}.Release|x86.ActiveCfg = Release|Win32
		{036C0B7E-A764-41D7-A0A7-1AB00AF3A09B}.Release|x86.Build.0 = Release|Win32
		{15FEEBD8-A5EB-44AB-9EA8-D27FAEDF99C3}.Debug|x64.ActiveCfg = Debug|x64
		{15FEEBD8-A5EB-44AB-9EA8-D27FAEDF99C3}.Debug|x64.Build.0 = Debug|x64
		{15FEEBD8-A5EB-44AB-9EA8-D27FAEDF99C3}.Debug|x86.ActiveCfg = Debug|Win32
		{15FEEBD8-A5EB-44AB-9EA8-D27FAEDF99C3}.Debug|x86.Build.0 = Debug|Win32
		{15FEEBD8-A5EB-44AB-9EA8-D27FAEDF99C3}.Release|x64.ActiveCfg = Release|x64
		{15FEEBD8-A5EB-44AB-9EA8-D27FAEDF99C3}.Release|x64.Build.0 = Release|x64
		{15FEEBD8-A5EB-44AB-9EA8-D27FAEDF99C3}.Release|x86.ActiveCfg = Release|Win32
		{15FEEBD8-A5EB-44AB-9EA8-D27FAEDF99C3}.Release|x86.Build.0 = Release|Win32
		{41ED48B9-0AD6-41A2-A0B0-65F45005951E}.Debug|x64.ActiveCfg = Debug|x64
		{41ED48B9-0AD6-41A2-A0B0-65F45005951E}.Debug|x64.Build.0 = Debug|x64
		{41ED48B9-0AD6-41A2-A0B0-65F45005951E}.Debug|x86.ActiveCfg = Debug|Win32
		{41ED48B9-0AD6-41A2-A0B0-65F45005951E}.Debug|x86.Build.0 = Debug|Win32
		{41ED48B9-0AD6-41A2-A0B0-65F45005951E}.Release|x64.ActiveCfg = Release|x64
		{41ED48B9-0AD6-41A2-A0B0-65F45005951E}.Release|x64.Build.0 = Release|x64
		{41ED48B9-0AD6-41A2-A0B0-65F45005951E}.Release|x86.ActiveCfg = Release|Win32
		{41ED48B9-0AD6-41A2-A0B0-65F45005951E}.Release|x86.Build.0 = Release|Win32
		{7D56522D-12C0-4705-8C9E-4F8B2A9640E4}.Debug|x64.ActiveCfg = Debug|x64
		{7D56522D-12C0-4705-8C9E-4F8B2A9640E4}.Debug|x64.Build.0 = Debug|x64
		{7D56522D-12C0-4705-8C9E-4F8B2A9640E4}.Debug|x86.ActiveCfg = Debug|Win32
		{7D56522D-12C0-4705-8C9E-4F8B2A9640E4}.Debug|x86.Build.0 = Debug|Win32
		{7D56522D-12C0-4705-8C9E-4F8B2A9640E4}.Release|x64.ActiveCfg = Release|x64
		{7D56522D-12C0-4705-8C9E-4F8B2A9640E4}.Release|x64.Build.0 = Release|x64
		{7D56522D-12C0-4705-8C9E-4F8B2A9640E4}.Release|x86.ActiveCfg = Release|Win32
		{7D56522D-12C0-4705-8C9E-4F8B2A9640E4}.Release|x86.Build.0 = Release|Win32
		{7833262C-821D-4A90-B0D2-25CDD5BCAD02}.Debug|x64.ActiveCfg = Debug|x64
		{7833262C-821D-4A90-B0D2-25CDD5BCAD02}.Debug|x64.Build.0 = Debug|x64
		{7833262C-821D-4A90-B0D2-25CDD5BCAD02}.Debug|x86.ActiveCfg = Debug|Win32
		{7833262C-821D-4A90-B0D2-25CDD5BCAD02}.Debug|x86.Build.0 = Debug|Win32
		{7833262C-821D-4A90-B0D2-25CDD5BCAD02}.Release|x64.ActiveCfg = Release|x64
		{7833262C-821D-4A90-B0D2-25CDD5BCAD02}.Release|x64.Build.0 = Release|x64
		{7833262C-821D-4A90-B0D2-25CDD5BCAD02}.Release|x86.ActiveCfg = Release|Win32
		{7833262C-821D-4A90-B0D2-25CDD5BCAD02}.Release|x86.Build.0 = Release|Win32
		{90C384EF-434D-4E71-9733-127C3DC602B3}.Debug|x64.ActiveCfg = Debug|x64
		{90C384EF-434D-4E71-9733-127C3DC602B3}.Debug|x64.Build.0 = Debug|x64
		{90C384EF-434D-4E71-9733-127C3DC602B3}.Debug|x86.ActiveCfg = Debug|Win32
		{90C384EF-434D-4E71-9733-127C3DC602B3}.Debug|x86.Build.0 = Debug|Win32
		{90C384EF-434D-4E71-9733-127C3DC602B3}.Release|x64.ActiveCfg = Release|x64
		{90C384EF-434D-4E71-9733-127C3DC602B3}.Release|x64.Build.0 = Release|x64
		{90C384EF-434D-4E71-9733-127C3DC602B3}.Release|x86.ActiveCfg = Release|Win32
		{90C384EF-434D-4E71-9733-127C3DC602B3}.Release|x86.Build.0 = Release|Win32
		{1E98FB0C-C0FD-48C0-AB3B-F3FFD0C17038}.Debug|x64.ActiveCfg = Debug|x64
		{1E98FB0C-C0FD-48C0-AB3B-F3FFD0C17038}.Debug|x64.Build.0 = Debug|x64
		{1E98FB0C-C0FD-48C0-AB3B-F3FFD0C17038}.Debug|x86.ActiveCfg = Debug|Win32
		{1E98FB0C-C0FD-48C0-AB3B-F3FFD0C17038}.Debug|x86.Build.0 = Debug|Win32
		{1E98FB0C-C0FD-48C0-AB3B-F3FFD0C17038}.Release|x64.ActiveCfg = Release|x64
		{1E98FB0C-C0FD-48C0-AB3B-F3FFD0C17038}.Release|x64.Build.0 = Release|x64
		{1E98FB0C-C0FD-48C0-AB3B-F3FFD0C17038}.Release|x86.ActiveCfg = Release|Win32
		{1E98FB0C-C0FD-48C0-AB3B-F3FFD0C17038}.Release|x86.Build.0 = Release|Win32
		{355B9917-EB10-46D5-B39A-0462290F3906}.Debug|x64.ActiveCfg = Debug|x64
		{355B9917-EB10-46D5-B39A-0462290F3906}.Debug|x64.Build.0 = Debug|x64
		{355B9917-EB10-46D5-B39A-0462290F3906}.Debug|x86.ActiveCfg = Debug|Win32
		{355B9917-EB10-46D5-B39A-0462290F3906}.Debug|x86.Build.0 = Debug|Win32
		{355B9917-EB10-46D5-B39A-0462290F3906}.Release|x64.ActiveCfg = Release|x64
		{355B9917-EB10-46D5-B39A-0462290F3906}.Release|x64.Build.0 = Release|x64
		{355B9917-EB10-46D5-B39A-0462290F3906}.Release|x86.ActiveCfg = Release|Win32
		{355B9917-EB10-46D5-B39A-0462290F3906}.Release|x86.Build.0 = Release|Win32
		{259EAACE-0222-4C1A-A195-2B1D12E3A21E}.Debug|x64.ActiveCfg = Debug|x64
		{259EAACE-0222-4C1A-A195-2B1D12E3A21E}.Debug|x64.Build.0 = Debug|x64
		{259EAACE-0222-4C1A-A195-2B1D12E3A21E}.Debug|x86.ActiveCfg = Debug|Win32
		{259EAACE-0222-4C1A-A195-2B1D12E3A21E}.Debug|x86.Build.0 = Debug|Win32
		{259EAACE-0222-4C1A-A195-2B1D12E3A21E}.Release|x64.ActiveCfg = Release|x64
		{259EAACE-0222-4C1A-A195-2B1D12E3A21E}.Release|x64.Build.0 = Release|x64
		{259EAACE-0222-4C1A-A195-2B1D12E3A21E}.Release|x86.ActiveCfg = Release|Win32
		{259EAACE-0222-4C1A-A195-2B1D12E3A21E}.Release|x86.Build.0 = Release|Win32
		{1E45D16B-7E38-44AE-B859-536C401A808C}.Debug|x64.ActiveCfg = Debug|x64
		{1E45D16B-7E38-44AE-B859-536C401A808C}.Debug|x64.Build.0 = Debug|x64
		{1E45D16B-7E38-44AE-B859-536C401A808C}.Debug|x86.ActiveCfg = Debug|Win32
		{1E45D16B-7E38-44AE-B859-536C401A808C}.Debug|x86.Build.0 = Debug|Win32
		{1E45D16B-7E38-44AE-B859-536C401A808C}.Release|x64.ActiveCfg = Release|x64
		{1E45D16B-7E38-44AE-B859-536C401A808C}.Release|x64.Build.0 = Release|x64
		{1E45D16B-7E38-44AE-B859-536C401A808C}.Release|x86.ActiveCfg = Release|Win32
		{1E45D16B-7E38-44AE-B859-536C401A808C}.Release|x86.Build.0 = Release|Win32
		{0AE023E3-2BA0-487B-9E91-FEDFD09B892C}.Debug|x64.ActiveCfg = Debug|x64
		{0AE023E3-2BA0-487B-9E91-FEDFD09B892C}.Debug|x64.Build.0 = Debug|x64
		{0AE023E3-2BA0-487B-9E91-FEDFD09B892C}.Debug|x86.ActiveCfg = Debug|Win32
		{0AE023E3-2BA0-487B-9E91-FEDFD09B892C}.Debug|x86.Build.0 = Debug|Win32
		{0AE023E3-2BA0-487B-9E91-FEDFD09B892C}.Release|x64.ActiveCfg = Release|x64
		{0AE023E3-2BA0-487B-9E91-FEDFD09B892C}.Release|x64.Build.0 = Release|x64
		{0AE023E3-2BA0-487B-9E91-FEDFD09B892C}.Release|x86.ActiveCfg = Release|Win32
		{0AE023E3-2BA0-487B-9E91-FEDFD09B892C}.Release|x86.Build.0 = Release|Win32
		{2D4E12CA-66A8-414C-9EEF-0FB4E9CDD62D}.Debug|x64.ActiveCfg = Debug|x64
		{2D4E12CA-66A8-414C-9EEF-0FB4E9CDD62D}.Debug|x64.Build.0 = Debug|x64
		{2D4E12CA-66A8-414C-9EEF-0FB4E9CDD62D}.Debug|x86.ActiveCfg = Debug|Win32
		{2D4E12CA-66A8-414C-9EEF-0FB4E9CDD62D}.Debug|x86.Build.0 = Debug|Win32
		{2D4E12CA-66A8-414C-9EEF-0FB4E9CDD62D}.Release|x64.ActiveCfg = Release|x64
		{2D4E12CA-66A8-414C-9EEF-0FB4E9CDD62D}.Release|x64.Build.0 = Release|x64
		{2D4E12CA-66A8-414C-9EEF-0FB4E9CDD62D}.Release|x86.ActiveCfg = Release|Win32
		{2D4E12CA-66A8-414C-9EEF-0FB4E9CDD62D}.Release|x86.Build.0 = Release|Win32
		{C1FBBECF-9A65-439A-8455-B20B15FA7F2D}.Debug|x64.ActiveCfg = Debug|x64
		{C1FBBECF-9A65-439A-8455-B20B15FA7F2D}.Debug|x64.Build.0 = Debug|x64
		{C1FBBECF-9A65-439A-8455-B20B15FA7F2D}.Debug|x86.ActiveCfg = Debug|Win32
		{C1FBBECF-9A65-439A-8455-B20B15FA7F2D}.Debug|x86.Build.0 = Debug|Win32
		{C1FBBECF-9A65-439A-8455-B20B15FA7F2D}.Release|x64.ActiveCfg = Release|x64
		{C1FBBECF-9A65-439A-8455-B20B15FA7F2D}.Release|x64.Build.0 = Release|x64
		{C1FBBECF-9A65-439A-8455-B20B15FA7F2D}.Release|x86.ActiveCfg = Release|Win32
		{C1FBBECF-9A65-439A-8455-B20B15FA7F2D}.Release|x86.Build.0 = Release|Win32
		{3F76B6BF-AA32-4C26-8701-32CB26A28B40}.Debug|x64.ActiveCfg = Debug|x64
		{3F76B6BF-AA32-4C26-8701-32CB26A28B40}.Debug|x64.Build.0 = Debug|x64
		{3F76B6BF-AA32-4C26-8701-32CB26A28B40}.Debug|x86.ActiveCfg = Debug|Win32
		{3F76B6BF-AA32-4C26-8701-32CB26A28B40}.Debug|x86.Build.0 = Debug|Win32
		{3F76B6BF-AA32-4C26-8701-32CB26A28B40}.Release|x64.ActiveCfg = Release|x64
		{3F76B6BF-AA32-4C26-8701-32CB26A28B40}.Release|x64.Build.0 = Release|x64
		{3F76B6BF-AA32-4C26-8701-32CB26A28B40}.Release|x86.ActiveCfg = Release|Win32
		{3F76B6BF-AA32-4C26-8701-32CB26A28B40}.Release|x86.Build.0 = Release|Win32
		{9010D62C-37EE-4F69-A5B1-BA5F0543530F}.Debug|x64.ActiveCfg = Debug|x64
		{9010D62C-37EE-4F69-A5B1-BA5F0543530F}.Debug|x64.Build.0 = Debug|x64
		{9010D62C-37EE-4F69-A5B1-BA5F0543530F}.Debug|x86.ActiveCfg = Debug|Win32
		{9010D62C-37EE-4F69-A5B1-BA5F0543530F}.Debug|x86.Build.0 = Debug|Win32
		{9010D62C-37EE-4F69-A5B1-BA5F0543530F}.Release|x64.ActiveCfg = Release|x64
		{9010D62C-37EE-4F69-A5B1-BA5F0543530F}.Release|x64.Build.0 = Release|x64
		{9010D62C-37EE-4F69-A5B1-BA5F0543530F}.Release|x86.ActiveCfg = Release|Win32
		{9010D62C-37EE-4F69-A5B1-BA5F0543530F}.Release|x86.Build.0 = Release|Win32
		{5D58A595-277C-418D-AAD2-561011D0F963}.Debug|x64.ActiveCfg = Debug|x64
		{5D58A595-277C-418D-AAD2-561011D0F963}.Debug|x64.Build.0 = Debug|x64
		{5D58A595-277C-418D-AAD2-561011D0F963}.Debug|x86.ActiveCfg = Debug|Win32
		{5D58A595-277C-418D-AAD2-561011D0F963}.Debug|x86.Build.0 = Debug|Win32
		{5D58A595-277C-418D-AAD2-561011D0F963}.Release|x64.ActiveCfg = Release|x64
		{5D58A595-277C-418D-AAD2-561011D0F963}.Release|x64.Build.0 = Release|x64
		{5D58A595-277C-418D-AAD2-561011D0F963}.Release|x86.ActiveCfg = Release|Win32
		{5D58A595-277C-418D-AAD2-561011D0F963}.Release|x86.Build.0 = Release|Win32
		{2D392380-5F9D-490F-9884-1645AEBA72F1}.Debug|x64.ActiveCfg = Debug|x64
		{2D392380-5F9D-490F-9884-1645AEBA72F1}.Debug|x64.Build.0 = Debug|x64
		{2D392380-5F9D-490F-9884-1645AEBA72F1}.Debug|x86.ActiveCfg = Debug|Win32
		{2D392380-5F9D-490F-9884-1645AEBA72F1}.Debug|x86.Build.0 = Debug|Win32
		{2D392380-5F9D-490F-9884-1645AEBA72F1}.Release|x64.ActiveCfg = Release|x64
		{2D392380-5F9D-490F-9884-1645AEBA72F1}.Release|x64.Build.0 = Release|x64
		{2D392380-5F9D-490F-9884-1645AEBA72F1}.Release|x86.ActiveCfg = Release|Win32
		{2D392380-5F9D-490F-9884-1645AEBA72F1}.Release|x86.Build.0 = Release|Win32
		{6D153D5F-C133-41FA-951B-FD34A74A34AB}.Debug|x64.ActiveCfg = Debug|x64
		{6D153D5F-C133-41FA-951B-FD34A74A34AB}.Debug|x64.Build.0 = Debug|x64
		{6D153D5F-C133-41FA-951B-FD34A74A34AB}.Debug|x86.ActiveCfg = Debug|Win32
		{6D153D5F-C133-41FA-951B-FD34A74A34AB}.Debug|x86.Build.0 = Debug|Win32
		{6D153D5F-C133-41FA-951B-FD34A74A34AB}.Release|x64.ActiveCfg = Release|x64
		{6D153D5F-C133-41FA-951B-FD34A74A34AB}.Release|x64.Build.0 = Release|x64
		{6D153D5F-C133-41FA-951B-FD34A74A34AB}.Release|x86.ActiveCfg = Release|Win32
		{6D153D5F-C133-41FA-951B-FD34A74A34AB}.Release|x86.Build.0 = Release|Win32
		{1E49B4EB-D911-41D1-8315-411CFA4814D4}.Debug|x64.ActiveCfg = Debug|x64
		{1E49B4EB-D911-41D1-8315-411CFA4814D4}.Debug|x64.Build.0 = Debug|x64
		{1E49B4EB-D911-41D1-8315-411CFA4814D4}.Debug|x86.ActiveCfg = Debug|Win32
		{1E49B4EB-D911-41D1-8315-411CFA4814D4}.Debug|x86.Build.0 = Debug|Win32
		{1E49B4EB-D911-41D1-8315-411CFA4814D4}.Release|x64.ActiveCfg = Release|x64
		{1E49B4EB-D911-41D1-8315-411CFA4814D4}.Release|x64.Build.0 = Release|x64
		{1E49B4EB-D911-41D1-8315-411CFA4814D4}.Release|x86.ActiveCfg = Release|Win32
		{1E49B4EB-D911-41D1-8315-411CFA4814D4}.Release|x86.Build.0 = Release|Win32
		{24B63DDE-D3B5-4D46-BD3B-6D233C566E92}.Debug|x64.ActiveCfg = Debug|x64
		{24B63DDE-D3B5-4D46-BD3B-6D233C566E92}.Debug|x64.Build.0 = Debug|x64
		{24B63DDE-D3B5-4D46-BD3B-6D233C566E92}.Debug|x86.ActiveCfg = Debug|Win32
		{24B63DDE-D3B5-4D46-BD3B-6D233C566E92}.Debug|x86.Build.0 = Debug|Win32
		{24B63DDE-D3B5-4D46-BD3B-6D233C566E92}.Release|x64.ActiveCfg = Release|x64
		{24B63DDE-D3B5-4D46-BD3B-6D233C566E92}.Release|x64.Build.0 = Release|x64
		{24B63DDE-D3B5-4D46-BD3B-6D233C566E92}.Release|x86.ActiveCfg = Release|Win32
		{24B63DDE-D3B5-4D46-BD3B-6D233C566E92}.Release|x86.Build.0 = Release|Win32
		{DD148CB4-E984-4CF8-B1E4-30E38C0F1D6C}.Debug|x64.ActiveCfg = Debug|x64
		{DD148CB4-E984-4CF8-B1E4-30E38C0F1D6C}.Debug|x64.Build.0 = Debug|x64
		{DD148CB4-E984-4CF8-B1E4-30E38C0F1D6C}.Debug|x86.ActiveCfg = Debug|Win32
		{DD148CB4-E984-4CF8-B1E4-30E38C0F1D6C}.Debug|x86.Build.0 = Debug|Win32
		{DD148CB4-E984-4CF8-B1E4-30E38C0F1D6C}.Release|x64.ActiveCfg = Release|x64
		{DD148CB4-E984-4CF8-B1E4-30E38C0F1D6C}.Release|x64.Build.0 = Release|x64
		{DD148CB4-E984-4CF8-B1E4-30E38C0F1D6C}.Release|x86.ActiveCfg = Release|Win32
		{DD148CB4-E984-4CF8-B1E4-30E38C0F1D6C}.Release|x86.Build.0 = Release|Win32
		{3517AB32-79EB-4EBC-AD74-0AE1C1D9866D}.Debug|x64.ActiveCfg = Debug|x64
		{3517AB32-79EB-4EBC-AD74-0AE1C1D9866D}.Debug|x64.Build.0 = Debug|x64
		{3517AB32-79EB-4EBC-AD74-0AE1C1D9866D}.Debug|x86.ActiveCfg = Debug|Win32
		{3517AB32-79EB-4EBC-AD74-0AE1C1D9866D}.Debug|x86.Build.0 = Debug|Win32
		{3517AB32-79EB-4EBC-AD74-0AE1C1D9866D}.Release|x64.ActiveCfg = Release|x64
		{3517AB32-79EB-4EBC-AD74-0AE1C1D9866D}.Release|x64.Build.0 = Release|x64
		{3517AB32-79EB-4EBC-AD74-0AE1C1D9866D}.Release|x86.ActiveCfg = Release|Win32
		{3517AB32-79EB-4EBC-AD74-0AE1C1D9866D}.Release|x86.Build.0 = Release|Win32
		{23C8562B-B7EC-4B51-82DE-6C2476388F1E}.Debug|x64.ActiveCfg = Debug|x64
		{23C8562B-B7EC-4B51-82DE-6C2476388F1E}.Debug|x64.Build.0 = Debug|x64
		{23C8562B-B7EC-4B51-82DE-6C2476388F1E}.Debug|x86.ActiveCfg = Debug|Win32
		{23C8562B-B7EC-4B51-82DE-6C2476388F1E}.Debug|x86.Build.0 = Debug|Win32
		{23C8562B-B7EC-4B51-82DE-6C2476388F1E}.Release|x64.ActiveCfg = Release|x64
		{23C8562B-B7EC-4B51-82DE-6C2476388F1E}.Release|x64.Build.0 = Release|x64
		{23C8562B-B7EC-4B51-82DE-6C2476388F1E}.Release|x86.ActiveCfg = Release|Win32
		{23C8562B-B7EC-4B51-82DE-6C2476388F1E}.Release|x86.Build.0 = Release|Win32
		{45697F62-BB1E-49FD-B117-803E87E59A6D}.Debug|x64.ActiveCfg = Debug|x64
		{45697F62-BB1E-49FD-B117-803E87E59A6D}.Debug|x64.Build.0 = Debug|x64
		{45697F62-BB1E-49FD-B117-803E87E59A6D}.Debug|x86.ActiveCfg = Debug|Win32
		{45697F62-BB1E-49FD-B117-803E87E59A6D}.Debug|x86.Build.0 = Debug|Win32
		{45697F62-BB1E-49FD-B117-803E87E59A6D}.Release|x64.ActiveCfg = Release|x64
		{45697F62-BB1E-49FD-B117-803E87E59A6D}.Release|x64.Build.0 = Release|x64
		{45697F62-BB1E-49FD-B117-803E87E59A6D}.Release|x86.ActiveCfg = Release|Win32
		{45697F62-BB1E-49FD-B117-803E87E59A6D}.Release|x86.Build.0 = Release|Win32
		{A721ABF5-C9E9-4F7B-8660-FA5A9FB5E819}.Debug|x64.ActiveCfg = Debug|x64
		{A721ABF5-C9E9-4F7B-8660-FA5A9FB5E819}.Debug|x64.Build.0 = Debug|x64
		{A721ABF5-C9E9-4F7B-8660-FA5A9FB5E819}.Debug|x86.ActiveCfg = Debug|Win32
		{A721ABF5-C9E9-4F7B-8660-FA5A9FB5E819}.Debug|x86.Build.0 = Debug|Win32
		{A721ABF5-C9E9-4F7B-8660-FA5A9FB5E819}.Release|x64.ActiveCfg = Release|x64
		{A721ABF5-C9E9-4F7B-8660-FA5A9FB5E819}.Release|x64.Build.0 = Release|x64
		{A721ABF5-C9E9-4F7B-8660-FA5A9FB5E819}.Release|x86.ActiveCfg = Release|Win32
		{A721ABF5-C9E9-4F7B-8660-FA5A9FB5E819}.Release|x86.Build.0 = Release|Win32
		{FA83DEF9-072A-4EC8-99AD-71B3F03DB8F9}.Debug|x64.ActiveCfg = Debug|x64
		{FA83DEF9-072A-4EC8-99AD-71B3F03DB8F9}.Debug|x64.Build.0 = Debug|x64
		{FA83DEF9-072A-4EC8-99AD-71B3F03DB8F9}.Debug|x86.ActiveCfg = Debug|Win32
		{FA83DEF9-072A-4EC8-99AD-71B3F03DB8F9}.Debug|x86.Build.0 = Debug|Win32
		{FA83DEF9-072A-4EC8-99AD-71B3F03DB8F9}.Release|x64.ActiveCfg = Release|x64
		{FA83DEF9-072A-4EC8-99AD-71B3F03DB8F9}.Release|x64.Build.0 = Release|x64
		{FA83DEF9-072A-4EC8-99AD-71B3F03DB8F9}.Release|x86.ActiveCfg = Release|Win32
		{FA83DEF9-072A-4EC8-99AD-71B3F03DB8F9}.Release|x86.Build.0 = Release|Win32
		{0F987B0B-E6DE-42FD-93D0-B61BC04A4FC2}.Debug|x64.ActiveCfg = Debug|x64
		{0F987B0B-E6DE-42FD-93D0-B61BC04A4FC2}.Debug|x64.Build.0 = Debug|x64
		{0F987B0B-E6DE-42FD-93D0-B61BC04A4FC2}.Debug|x86.ActiveCfg = Debug|Win32
		{0F987B0B-E6DE-42FD-93D0-B61BC04A4FC2}.Debug|x86.Build.0 = Debug|Win32
		{0F987B0B-E6DE-42FD-93D0-B61BC04A4FC2}.Release|x64.ActiveCfg = Release|x64
		{0F987B0B-E6DE-42FD-93D0-B61BC04A4FC2}.Release|x64.Build.0 = Release|x64
		{0F987B0B-E6DE-42FD-93D0-B61BC04A4FC2}.Release|x86.ActiveCfg = Release|Win32
		{0F987B0B-E6DE-42FD-93D0-B61BC04A4FC2}.Release|x86.Build.0 = Release|Win32
		{78F3C0E2-92E0-4350-B265-2B4778BC298C}.Debug|x64.ActiveCfg = Debug|x64
		{78F3C0E2-92E0-4350-B265-2B4778BC298C}.Debug|x64.Build.0 = Debug|x64
		{78F3C0E2-92E0-4350-B265-2B4778BC298C}.Debug|x86.ActiveCfg = Debug|Win32
		{78F3C0E2-92E0-4350-B265-2B4778BC298C}.Debug|x86.Build.0 = Debug|Win32
		{78F3C0E2-92E0-4350-B265-2B4778BC298C}.Release|x64.ActiveCfg = Release|x64
		{78F3C0E2-92E0-4350-B265-2B4778BC298C}.Release|x64.Build.0 = Release|x64
		{78F3C0E2-92E0-4350-B265-2B4778BC298C}.Release|x86.ActiveCfg = Release|Win32
		{78F3C0E2-92E0-4350-B265-2B4778BC298C}.Release|x86.Build.0 = Release|Win32
		{0FA98358-88C4-475F-85C3-E6425BD4D2BF}.Debug|x64.ActiveCfg = Debug|x64
		{0FA98358-88C4-475F-85C3-E6425BD4D2BF}.Debug|x64.Build.0 = Debug|x64
		{0FA98358-88C4-475F-85C3-E6425BD4D2BF}.Debug|x86.ActiveCfg = Debug|Win32
		{0FA98358-88C4-475F-85C3-E6425BD4D2BF}.Debug|x86.Build.0 = Debug|Win32
		{0FA98358-88C4-475F-85C3-E6425BD4D2BF}.Release|x64.ActiveCfg = Release|x64
		{0FA98358-88C4-475F-85C3-E6425BD4D2BF}.Release|x64.Build.0 = Release|x64
		{0FA98358-88C4-475F-85C3-E6425BD4D2BF}.Release|x86.ActiveCfg = Release|Win32
		{0FA98358-88C4-475F-85C3-E6425BD4D2BF}.Release|x86.Build.0 = Release|Win32
		{EFE3141F-7778-40DF-8733-040B6C4669D6}.Debug|x64.ActiveCfg = Debug|x64
		{EFE3141F-7778-40DF-8733-040B6C4669D6}.Debug|x64.Build.0 = Debug|x64
		{EFE3141F-7778-40DF-8733-040B6C4669D6}.Debug|x86.ActiveCfg = Debug|Win32
		{EFE3141F-7778-40DF-8733-040B6C4669D6}.Debug|x86.Build.0 = Debug|Win32
		{EFE3141F-7778-40DF-8733-040B6C4669D6}.Release|x64.ActiveCfg = Release|x64
		{EFE3141F-7778-40DF-8733-040B6C4669D6}.Release|x64.Build.0 = Release|x64
		{EFE3141F-7778-40DF-8733-040B6C4669D6}.Release|x86.ActiveCfg = Release|Win32
		{EFE3141F-7778-40DF-8733-040B6C4669D6}.Release|x86.Build.0 = Release|Win32
		{3EBB72A5-64BA-42B5-91B2-6AFEADAB8149}.Debug|x64.ActiveCfg = Debug|x64
		{3EBB72A5-64BA-42B5-91B2-6AFEADAB8149}.Debug|x64.Build.0 = Debug|x64
		{3EBB72A5-64BA-42B5-91B2-6AFEADAB8149}.Debug|x86.ActiveCfg = Debug|Win32
		{3EBB72A5-64BA-42B5-91B2-6AFEADAB8149}.Debug|x86.Build.0 = Debug|Win32
		{3EBB72A5-64BA-42B5-91B2-6AFEADAB8149}.Release|x64.ActiveCfg = Release|x64
		{3EBB72A5-64BA-42B5-91B2-6AFEADAB8149}.Release|x64.Build.0 = Release|x64
		{3EBB72A5-64BA-42B5-91B2-6AFEADAB8149}.Release|x86.ActiveCfg = Release|Win32
		{3EBB72A5-64BA-42B5-91B2-6AFEADAB8149}.Release|x86.Build.0 = Release|Win32
		{0E3D8668-C209-4D2C-BB05-191B1A8E49CA}.Debug|x64.ActiveCfg = Debug|x64
		{0E3D8668-C209-4D2C-BB05-191B1A8E49CA}.Debug|x64.Build.0 = Debug|x64
		{0E3D8668-C209-4D2C-BB05-191B1A8E49CA}.Debug|x86.ActiveCfg = Debug|Win32
		{0E3D8668-C209-4D2C-BB05-191B1A8E49CA}.Debug|x86.Build.0 = Debug|Win32
		{0E3D8668-C209-4D2C-BB05-191B1A8E49CA}.Release|x64.ActiveCfg = Release|x64
		{0E3D8668-C209-4D2C-BB05-191B1A8E49CA}.Release|x64.Build.0 = Release|x64
		{0E3D8668-C209-4D2C-BB05-191B1A8E49CA}.Release|x86.ActiveCfg = Release|Win32
		{0E3D8668-C209-4D2C-BB05-191B1A8E49CA}.Release|x86.Build.0 = Release|Win32
		{7191BC83-8E44-4078-9E68-1D89800ECA76}.Debug|x64.ActiveCfg = Debug|x64
		{7191BC83-8E44-4078-9E68-1D89800ECA76}.Debug|x64.Build.0 = Debug|x64
		{7191BC83-8E44-4078-9E68-1D89800ECA76}.Debug|x86.ActiveCfg = Debug|Win32
		{7191BC83-8E44-4078-9E68-1D89800ECA76}.Debug|x86.Build.0 = Debug|Win32
		{7191BC83-8E44-4078-9E68-1D89800ECA76}.Release|x64.ActiveCfg = Release|x64
		{7191BC83-8E44-4078-9E68-1D89800ECA76}.Release|x64.Build.0 = Release|x64
		{7191BC83-8E44-4078-9E68-1D89800ECA76}.Release|x86.ActiveCfg = Release|Win32
		{7191BC83-8E44-4078-9E68-1D89800ECA76}.Release|x86.Build.0 = Release|Win32
		{9AB73C8D-9F48-4CBD-9DB4-30D8C6F1F682}.Debug|x64.ActiveCfg = Debug|x64
		{9AB73C8D-9F48-4CBD-9DB4-30D8C6F1F682}.Debug|x64.Build.0 = Debug|x64
		{9AB73C8D-9F48-4CBD-9DB4-30D8C6F1F682}.Debug|x86.ActiveCfg = Debug|Win32
		{9AB73C8D-9F48-4CBD-9DB4-30D8C6F1F682}.Debug|x86.Build.0 = Debug|Win32
		{9AB73C8D-9F48-4CBD-9DB4-30D8C6F1F682}.Release|x64.ActiveCfg = Release|x64
		{9AB73C8D-9F48-4CBD-9DB4-30D8C6F1F682}.Release|x64.Build.0 = Release|x64
		{9AB73C8D-9F48-4CBD-9DB4-30D8C6F1F682}.Release|x86.ActiveCfg = Release|Win32
		{9AB73C8D-9F48-4CBD-9DB4-30D8C6F1F682}.Release|x86.Build.0 = Release|Win32
		{32D605AC-102C-4CAA-9407-5110AD9EB02D}.Debug|x64.ActiveCfg = Debug|x64
		{32D605AC-102C-4CAA-9407-5110AD9EB02D}.Debug|x64.Build.0 = Debug|x64
		{32D605AC-102C-4CAA-9407-5110AD9EB02D}.Debug|x86.ActiveCfg = Debug|Win32
		{32D605AC-102C-4CAA-9407-5110AD9EB02D}.Debug|x86.Build.0 = Debug|Win32
		{32D605AC-102C-4CAA-9407-5110AD9EB02D}.Release|x64.ActiveCfg = Release|x64
		{32D605AC-102C-4CAA-9407-5110AD9EB02D}.Release|x64.Build.0 = Release|x64
		{32D605AC-102C-4CAA-9407-5110AD9EB02D}.Release|x86.ActiveCfg = Release|Win32
		{32D605AC-102C-4CAA-9407-5110AD9EB02D}.Release|x86.Build.0 = Release|Win32
	EndGlobalSection
	GlobalSection(SolutionProperties) = preSolution
		HideSolutionNode = FALSE
	EndGlobalSection
	GlobalSection(ExtensibilityGlobals) = postSolution
		SolutionGuid = {6F269B5F-7D4A-43A9-B6AB-9E7EA63DAE84}
	EndGlobalSection
EndGlobal
