
Microsoft Visual Studio Solution File, Format Version 12.00
# Visual Studio Version 17
VisualStudioVersion = 17.7.34031.279
MinimumVisualStudioVersion = 10.0.40219.1
Project("{8BC9CEB8-8B4A-11D0-8D11-00A0C91BC942}") = "Bai004", "Bai004\Bai004.vcxproj", "{D6CDD6EE-C186-43BC-A606-C3A583DE20B4}"
EndProject
Project("{8BC9CEB8-8B4A-11D0-8D11-00A0C91BC942}") = "Bai010", "Bai010\Bai010.vcxproj", "{A3964154-14B2-4950-B950-7FF633DF7882}"
EndProject
Project("{8BC9CEB8-8B4A-11D0-8D11-00A0C91BC942}") = "Bai016", "Bai016\Bai016.vcxproj", "{50904CEE-C053-446A-B487-28D25F93CF64}"
EndProject
Project("{8BC9CEB8-8B4A-11D0-8D11-00A0C91BC942}") = "Bai022", "Bai022\Bai022.vcxproj", "{4FAB5422-0835-4F22-8072-35628EE017DD}"
EndProject
Project("{8BC9CEB8-8B4A-11D0-8D11-00A0C91BC942}") = "Bai028", "Bai028\Bai028.vcxproj", "{24BA7FA9-1550-4934-A7B5-EA47DD73D023}"
EndProject
Project("{8BC9CEB8-8B4A-11D0-8D11-00A0C91BC942}") = "Bai034", "Bai034\Bai034.vcxproj", "{ECB254CB-2EC0-41CA-852F-DC487D0419EE}"
EndProject
Project("{8BC9CEB8-8B4A-11D0-8D11-00A0C91BC942}") = "Bai040", "Bai040\Bai040.vcxproj", "{57988025-802A-49D0-9D48-0F6D2A6ED1C2}"
EndProject
Project("{8BC9CEB8-8B4A-11D0-8D11-00A0C91BC942}") = "Bai046", "Bai046\Bai046.vcxproj", "{F246DFE4-DF0A-46E7-9584-344BFAFF52F4}"
EndProject
Project("{8BC9CEB8-8B4A-11D0-8D11-00A0C91BC942}") = "Bai052", "Bai052\Bai052.vcxproj", "{35CAAEDD-F60D-4170-89D5-5A7D6A29A597}"
EndProject
Project("{8BC9CEB8-8B4A-11D0-8D11-00A0C91BC942}") = "Bai058", "Bai058\Bai058.vcxproj", "{140B6803-6398-4CF0-BDBE-4F9E5B57C37E}"
EndProject
Project("{8BC9CEB8-8B4A-11D0-8D11-00A0C91BC942}") = "Bai070", "Bai070\Bai070.vcxproj", "{26289F13-2D9F-4D39-9F16-F70C493AA9D4}"
EndProject
Project("{8BC9CEB8-8B4A-11D0-8D11-00A0C91BC942}") = "Bai076", "Bai076\Bai076.vcxproj", "{2EE95925-69E8-4AA5-8059-A300BDE1D46E}"
EndProject
Project("{8BC9CEB8-8B4A-11D0-8D11-00A0C91BC942}") = "Bai082", "Bai82\Bai82.vcxproj", "{B525DDD9-75E1-459C-9B84-9D5598E9F6F5}"
EndProject
Project("{8BC9CEB8-8B4A-11D0-8D11-00A0C91BC942}") = "Bai088", "Bai088\Bai088.vcxproj", "{4AFF9ECF-C914-4430-B9F6-677986F506A3}"
EndProject
Project("{8BC9CEB8-8B4A-11D0-8D11-00A0C91BC942}") = "Bai094", "Bai094\Bai094.vcxproj", "{9C27BA12-E7DD-4109-B46D-3DB52184B74E}"
EndProject
Project("{8BC9CEB8-8B4A-11D0-8D11-00A0C91BC942}") = "Bai100", "Bai100\Bai100.vcxproj", "{7C242E64-150A-418F-83CE-A365ED38E5C0}"
EndProject
Project("{8BC9CEB8-8B4A-11D0-8D11-00A0C91BC942}") = "Bai106", "Bai106\Bai106.vcxproj", "{1850F073-064A-4245-A783-15E3AF6C0EBC}"
EndProject
Project("{8BC9CEB8-8B4A-11D0-8D11-00A0C91BC942}") = "Bai112", "Bai112\Bai112.vcxproj", "{5ED863E0-80B9-458F-B9A8-E87F6180A6C1}"
EndProject
Project("{8BC9CEB8-8B4A-11D0-8D11-00A0C91BC942}") = "Bai118", "Bai118\Bai118.vcxproj", "{9AF6D008-6A5C-453B-A897-3A2787B71E73}"
EndProject
Project("{8BC9CEB8-8B4A-11D0-8D11-00A0C91BC942}") = "Bai124", "Bai124\Bai124.vcxproj", "{8F6AF1D3-163E-4EA3-973F-49EA4DCD89E2}"
EndProject
Project("{8BC9CEB8-8B4A-11D0-8D11-00A0C91BC942}") = "Bai130", "Bai130\Bai130.vcxproj", "{A500957A-7BCB-471D-BB74-2D5172671135}"
EndProject
Project("{8BC9CEB8-8B4A-11D0-8D11-00A0C91BC942}") = "Bâi136", "Bâi136\Bâi136.vcxproj", "{F398AECC-EBBB-4CB9-94BC-D61576B787F7}"
EndProject
Project("{8BC9CEB8-8B4A-11D0-8D11-00A0C91BC942}") = "Bai142", "Bai142\Bai142.vcxproj", "{6F394A55-B8BB-40BC-AB4A-18D379112C8B}"
EndProject
Project("{8BC9CEB8-8B4A-11D0-8D11-00A0C91BC942}") = "Bai148", "Bai148\Bai148.vcxproj", "{B0845AF6-2E75-4A2D-A392-4709F536A0E9}"
EndProject
Project("{8BC9CEB8-8B4A-11D0-8D11-00A0C91BC942}") = "Bai154", "Bai154\Bai154.vcxproj", "{04DF4802-0E43-4AAE-8040-582B4ECAA2FB}"
EndProject
Project("{8BC9CEB8-8B4A-11D0-8D11-00A0C91BC942}") = "Bai160", "Bai160\Bai160.vcxproj", "{2F6A2EFF-7867-47ED-99D9-26130D905CEF}"
EndProject
Project("{8BC9CEB8-8B4A-11D0-8D11-00A0C91BC942}") = "Bai166", "Bai166\Bai166.vcxproj", "{9850EA5A-F352-4E00-A445-E45C06A90F3C}"
EndProject
Project("{8BC9CEB8-8B4A-11D0-8D11-00A0C91BC942}") = "Bai172", "Bai172\Bai172.vcxproj", "{7307603D-773C-41BD-B3AA-2169881B8249}"
EndProject
Project("{8BC9CEB8-8B4A-11D0-8D11-00A0C91BC942}") = "Bai178", "Bai178\Bai178.vcxproj", "{8FA83B54-F1F5-45A7-8D7F-4D9DFA639588}"
EndProject
Project("{8BC9CEB8-8B4A-11D0-8D11-00A0C91BC942}") = "Bai184", "Bai184\Bai184.vcxproj", "{5AF3CA22-45A9-464F-B223-D8B1E9A81080}"
EndProject
Project("{8BC9CEB8-8B4A-11D0-8D11-00A0C91BC942}") = "Bai196", "Bai196\Bai196.vcxproj", "{3931A9E8-B03A-4847-A664-474C92CCA0FF}"
EndProject
Project("{8BC9CEB8-8B4A-11D0-8D11-00A0C91BC942}") = "Bai202", "Bai202\Bai202.vcxproj", "{BA8E98F7-EEB5-4E5F-AB81-7E73D7082460}"
EndProject
Project("{8BC9CEB8-8B4A-11D0-8D11-00A0C91BC942}") = "Bai208", "Bai208\Bai208.vcxproj", "{16EB1CF2-5414-4C8C-871B-E76D649A977C}"
EndProject
Project("{8BC9CEB8-8B4A-11D0-8D11-00A0C91BC942}") = "Bai214", "Bai214\Bai214.vcxproj", "{2798F7A0-9635-4ADD-98EF-CB27EB1B2D15}"
EndProject
Project("{8BC9CEB8-8B4A-11D0-8D11-00A0C91BC942}") = "Bai220", "Bai220\Bai220.vcxproj", "{D9AE3C25-C3D3-4078-9841-0738AA9C4080}"
EndProject
Project("{8BC9CEB8-8B4A-11D0-8D11-00A0C91BC942}") = "Bai226", "Bai226\Bai226.vcxproj", "{9251290E-5266-4A70-98DC-2ADA3DC09F0B}"
EndProject
Project("{8BC9CEB8-8B4A-11D0-8D11-00A0C91BC942}") = "Bai232", "Bai232\Bai232.vcxproj", "{C6D2FC4C-F044-4A4C-9800-8F68AD0F7DC6}"
EndProject
Project("{8BC9CEB8-8B4A-11D0-8D11-00A0C91BC942}") = "Bai238", "Bai238\Bai238.vcxproj", "{7437C986-0E45-4036-9762-C8B6A4BC23D7}"
EndProject
Project("{8BC9CEB8-8B4A-11D0-8D11-00A0C91BC942}") = "Bai244", "Bai244\Bai244.vcxproj", "{C72B2969-9A31-45D2-B60E-EAD52F2E471A}"
EndProject
Project("{8BC9CEB8-8B4A-11D0-8D11-00A0C91BC942}") = "Bai250", "Bai250\Bai250.vcxproj", "{AFBE61C5-947D-4081-ABD8-6D478D30B3CA}"
EndProject
Project("{8BC9CEB8-8B4A-11D0-8D11-00A0C91BC942}") = "Bai256", "Bai256\Bai256.vcxproj", "{B38FE7D9-6E69-43CD-9631-AC800A0C9041}"
EndProject
Project("{8BC9CEB8-8B4A-11D0-8D11-00A0C91BC942}") = "Bai262", "Bai262\Bai262.vcxproj", "{3CBF4DD9-5B9E-4651-9403-19FA9D3186FC}"
EndProject
Project("{8BC9CEB8-8B4A-11D0-8D11-00A0C91BC942}") = "Bai268", "Bai268\Bai268.vcxproj", "{5732A7DE-EB0A-4573-AC1D-8E6347C9C523}"
EndProject
Project("{8BC9CEB8-8B4A-11D0-8D11-00A0C91BC942}") = "Bai274", "Bai274\Bai274.vcxproj", "{2341ABB8-5169-4011-A1F2-FB8EE6ADC901}"
EndProject
Project("{8BC9CEB8-8B4A-11D0-8D11-00A0C91BC942}") = "Bai280", "Bai280\Bai280.vcxproj", "{823F81CB-4063-4A84-BCAA-E28A20C449D0}"
EndProject
Project("{8BC9CEB8-8B4A-11D0-8D11-00A0C91BC942}") = "Bai286", "Bai286\Bai286.vcxproj", "{23B75D73-C186-4A0D-BF60-A86F8533BB8B}"
EndProject
Project("{8BC9CEB8-8B4A-11D0-8D11-00A0C91BC942}") = "Bai190", "Bai190\Bai190.vcxproj", "{B08C4360-EEE3-4D4C-BA3C-96D4E26C84C7}"
EndProject
Global
	GlobalSection(SolutionConfigurationPlatforms) = preSolution
		Debug|x64 = Debug|x64
		Debug|x86 = Debug|x86
		Release|x64 = Release|x64
		Release|x86 = Release|x86
	EndGlobalSection
	GlobalSection(ProjectConfigurationPlatforms) = postSolution
		{D6CDD6EE-C186-43BC-A606-C3A583DE20B4}.Debug|x64.ActiveCfg = Debug|x64
		{D6CDD6EE-C186-43BC-A606-C3A583DE20B4}.Debug|x64.Build.0 = Debug|x64
		{D6CDD6EE-C186-43BC-A606-C3A583DE20B4}.Debug|x86.ActiveCfg = Debug|Win32
		{D6CDD6EE-C186-43BC-A606-C3A583DE20B4}.Debug|x86.Build.0 = Debug|Win32
		{D6CDD6EE-C186-43BC-A606-C3A583DE20B4}.Release|x64.ActiveCfg = Release|x64
		{D6CDD6EE-C186-43BC-A606-C3A583DE20B4}.Release|x64.Build.0 = Release|x64
		{D6CDD6EE-C186-43BC-A606-C3A583DE20B4}.Release|x86.ActiveCfg = Release|Win32
		{D6CDD6EE-C186-43BC-A606-C3A583DE20B4}.Release|x86.Build.0 = Release|Win32
		{A3964154-14B2-4950-B950-7FF633DF7882}.Debug|x64.ActiveCfg = Debug|x64
		{A3964154-14B2-4950-B950-7FF633DF7882}.Debug|x64.Build.0 = Debug|x64
		{A3964154-14B2-4950-B950-7FF633DF7882}.Debug|x86.ActiveCfg = Debug|Win32
		{A3964154-14B2-4950-B950-7FF633DF7882}.Debug|x86.Build.0 = Debug|Win32
		{A3964154-14B2-4950-B950-7FF633DF7882}.Release|x64.ActiveCfg = Release|x64
		{A3964154-14B2-4950-B950-7FF633DF7882}.Release|x64.Build.0 = Release|x64
		{A3964154-14B2-4950-B950-7FF633DF7882}.Release|x86.ActiveCfg = Release|Win32
		{A3964154-14B2-4950-B950-7FF633DF7882}.Release|x86.Build.0 = Release|Win32
		{50904CEE-C053-446A-B487-28D25F93CF64}.Debug|x64.ActiveCfg = Debug|x64
		{50904CEE-C053-446A-B487-28D25F93CF64}.Debug|x64.Build.0 = Debug|x64
		{50904CEE-C053-446A-B487-28D25F93CF64}.Debug|x86.ActiveCfg = Debug|Win32
		{50904CEE-C053-446A-B487-28D25F93CF64}.Debug|x86.Build.0 = Debug|Win32
		{50904CEE-C053-446A-B487-28D25F93CF64}.Release|x64.ActiveCfg = Release|x64
		{50904CEE-C053-446A-B487-28D25F93CF64}.Release|x64.Build.0 = Release|x64
		{50904CEE-C053-446A-B487-28D25F93CF64}.Release|x86.ActiveCfg = Release|Win32
		{50904CEE-C053-446A-B487-28D25F93CF64}.Release|x86.Build.0 = Release|Win32
		{4FAB5422-0835-4F22-8072-35628EE017DD}.Debug|x64.ActiveCfg = Debug|x64
		{4FAB5422-0835-4F22-8072-35628EE017DD}.Debug|x64.Build.0 = Debug|x64
		{4FAB5422-0835-4F22-8072-35628EE017DD}.Debug|x86.ActiveCfg = Debug|Win32
		{4FAB5422-0835-4F22-8072-35628EE017DD}.Debug|x86.Build.0 = Debug|Win32
		{4FAB5422-0835-4F22-8072-35628EE017DD}.Release|x64.ActiveCfg = Release|x64
		{4FAB5422-0835-4F22-8072-35628EE017DD}.Release|x64.Build.0 = Release|x64
		{4FAB5422-0835-4F22-8072-35628EE017DD}.Release|x86.ActiveCfg = Release|Win32
		{4FAB5422-0835-4F22-8072-35628EE017DD}.Release|x86.Build.0 = Release|Win32
		{24BA7FA9-1550-4934-A7B5-EA47DD73D023}.Debug|x64.ActiveCfg = Debug|x64
		{24BA7FA9-1550-4934-A7B5-EA47DD73D023}.Debug|x64.Build.0 = Debug|x64
		{24BA7FA9-1550-4934-A7B5-EA47DD73D023}.Debug|x86.ActiveCfg = Debug|Win32
		{24BA7FA9-1550-4934-A7B5-EA47DD73D023}.Debug|x86.Build.0 = Debug|Win32
		{24BA7FA9-1550-4934-A7B5-EA47DD73D023}.Release|x64.ActiveCfg = Release|x64
		{24BA7FA9-1550-4934-A7B5-EA47DD73D023}.Release|x64.Build.0 = Release|x64
		{24BA7FA9-1550-4934-A7B5-EA47DD73D023}.Release|x86.ActiveCfg = Release|Win32
		{24BA7FA9-1550-4934-A7B5-EA47DD73D023}.Release|x86.Build.0 = Release|Win32
		{ECB254CB-2EC0-41CA-852F-DC487D0419EE}.Debug|x64.ActiveCfg = Debug|x64
		{ECB254CB-2EC0-41CA-852F-DC487D0419EE}.Debug|x64.Build.0 = Debug|x64
		{ECB254CB-2EC0-41CA-852F-DC487D0419EE}.Debug|x86.ActiveCfg = Debug|Win32
		{ECB254CB-2EC0-41CA-852F-DC487D0419EE}.Debug|x86.Build.0 = Debug|Win32
		{ECB254CB-2EC0-41CA-852F-DC487D0419EE}.Release|x64.ActiveCfg = Release|x64
		{ECB254CB-2EC0-41CA-852F-DC487D0419EE}.Release|x64.Build.0 = Release|x64
		{ECB254CB-2EC0-41CA-852F-DC487D0419EE}.Release|x86.ActiveCfg = Release|Win32
		{ECB254CB-2EC0-41CA-852F-DC487D0419EE}.Release|x86.Build.0 = Release|Win32
		{57988025-802A-49D0-9D48-0F6D2A6ED1C2}.Debug|x64.ActiveCfg = Debug|x64
		{57988025-802A-49D0-9D48-0F6D2A6ED1C2}.Debug|x64.Build.0 = Debug|x64
		{57988025-802A-49D0-9D48-0F6D2A6ED1C2}.Debug|x86.ActiveCfg = Debug|Win32
		{57988025-802A-49D0-9D48-0F6D2A6ED1C2}.Debug|x86.Build.0 = Debug|Win32
		{57988025-802A-49D0-9D48-0F6D2A6ED1C2}.Release|x64.ActiveCfg = Release|x64
		{57988025-802A-49D0-9D48-0F6D2A6ED1C2}.Release|x64.Build.0 = Release|x64
		{57988025-802A-49D0-9D48-0F6D2A6ED1C2}.Release|x86.ActiveCfg = Release|Win32
		{57988025-802A-49D0-9D48-0F6D2A6ED1C2}.Release|x86.Build.0 = Release|Win32
		{F246DFE4-DF0A-46E7-9584-344BFAFF52F4}.Debug|x64.ActiveCfg = Debug|x64
		{F246DFE4-DF0A-46E7-9584-344BFAFF52F4}.Debug|x64.Build.0 = Debug|x64
		{F246DFE4-DF0A-46E7-9584-344BFAFF52F4}.Debug|x86.ActiveCfg = Debug|Win32
		{F246DFE4-DF0A-46E7-9584-344BFAFF52F4}.Debug|x86.Build.0 = Debug|Win32
		{F246DFE4-DF0A-46E7-9584-344BFAFF52F4}.Release|x64.ActiveCfg = Release|x64
		{F246DFE4-DF0A-46E7-9584-344BFAFF52F4}.Release|x64.Build.0 = Release|x64
		{F246DFE4-DF0A-46E7-9584-344BFAFF52F4}.Release|x86.ActiveCfg = Release|Win32
		{F246DFE4-DF0A-46E7-9584-344BFAFF52F4}.Release|x86.Build.0 = Release|Win32
		{35CAAEDD-F60D-4170-89D5-5A7D6A29A597}.Debug|x64.ActiveCfg = Debug|x64
		{35CAAEDD-F60D-4170-89D5-5A7D6A29A597}.Debug|x64.Build.0 = Debug|x64
		{35CAAEDD-F60D-4170-89D5-5A7D6A29A597}.Debug|x86.ActiveCfg = Debug|Win32
		{35CAAEDD-F60D-4170-89D5-5A7D6A29A597}.Debug|x86.Build.0 = Debug|Win32
		{35CAAEDD-F60D-4170-89D5-5A7D6A29A597}.Release|x64.ActiveCfg = Release|x64
		{35CAAEDD-F60D-4170-89D5-5A7D6A29A597}.Release|x64.Build.0 = Release|x64
		{35CAAEDD-F60D-4170-89D5-5A7D6A29A597}.Release|x86.ActiveCfg = Release|Win32
		{35CAAEDD-F60D-4170-89D5-5A7D6A29A597}.Release|x86.Build.0 = Release|Win32
		{140B6803-6398-4CF0-BDBE-4F9E5B57C37E}.Debug|x64.ActiveCfg = Debug|x64
		{140B6803-6398-4CF0-BDBE-4F9E5B57C37E}.Debug|x64.Build.0 = Debug|x64
		{140B6803-6398-4CF0-BDBE-4F9E5B57C37E}.Debug|x86.ActiveCfg = Debug|Win32
		{140B6803-6398-4CF0-BDBE-4F9E5B57C37E}.Debug|x86.Build.0 = Debug|Win32
		{140B6803-6398-4CF0-BDBE-4F9E5B57C37E}.Release|x64.ActiveCfg = Release|x64
		{140B6803-6398-4CF0-BDBE-4F9E5B57C37E}.Release|x64.Build.0 = Release|x64
		{140B6803-6398-4CF0-BDBE-4F9E5B57C37E}.Release|x86.ActiveCfg = Release|Win32
		{140B6803-6398-4CF0-BDBE-4F9E5B57C37E}.Release|x86.Build.0 = Release|Win32
		{26289F13-2D9F-4D39-9F16-F70C493AA9D4}.Debug|x64.ActiveCfg = Debug|x64
		{26289F13-2D9F-4D39-9F16-F70C493AA9D4}.Debug|x64.Build.0 = Debug|x64
		{26289F13-2D9F-4D39-9F16-F70C493AA9D4}.Debug|x86.ActiveCfg = Debug|Win32
		{26289F13-2D9F-4D39-9F16-F70C493AA9D4}.Debug|x86.Build.0 = Debug|Win32
		{26289F13-2D9F-4D39-9F16-F70C493AA9D4}.Release|x64.ActiveCfg = Release|x64
		{26289F13-2D9F-4D39-9F16-F70C493AA9D4}.Release|x64.Build.0 = Release|x64
		{26289F13-2D9F-4D39-9F16-F70C493AA9D4}.Release|x86.ActiveCfg = Release|Win32
		{26289F13-2D9F-4D39-9F16-F70C493AA9D4}.Release|x86.Build.0 = Release|Win32
		{2EE95925-69E8-4AA5-8059-A300BDE1D46E}.Debug|x64.ActiveCfg = Debug|x64
		{2EE95925-69E8-4AA5-8059-A300BDE1D46E}.Debug|x64.Build.0 = Debug|x64
		{2EE95925-69E8-4AA5-8059-A300BDE1D46E}.Debug|x86.ActiveCfg = Debug|Win32
		{2EE95925-69E8-4AA5-8059-A300BDE1D46E}.Debug|x86.Build.0 = Debug|Win32
		{2EE95925-69E8-4AA5-8059-A300BDE1D46E}.Release|x64.ActiveCfg = Release|x64
		{2EE95925-69E8-4AA5-8059-A300BDE1D46E}.Release|x64.Build.0 = Release|x64
		{2EE95925-69E8-4AA5-8059-A300BDE1D46E}.Release|x86.ActiveCfg = Release|Win32
		{2EE95925-69E8-4AA5-8059-A300BDE1D46E}.Release|x86.Build.0 = Release|Win32
		{B525DDD9-75E1-459C-9B84-9D5598E9F6F5}.Debug|x64.ActiveCfg = Debug|x64
		{B525DDD9-75E1-459C-9B84-9D5598E9F6F5}.Debug|x64.Build.0 = Debug|x64
		{B525DDD9-75E1-459C-9B84-9D5598E9F6F5}.Debug|x86.ActiveCfg = Debug|Win32
		{B525DDD9-75E1-459C-9B84-9D5598E9F6F5}.Debug|x86.Build.0 = Debug|Win32
		{B525DDD9-75E1-459C-9B84-9D5598E9F6F5}.Release|x64.ActiveCfg = Release|x64
		{B525DDD9-75E1-459C-9B84-9D5598E9F6F5}.Release|x64.Build.0 = Release|x64
		{B525DDD9-75E1-459C-9B84-9D5598E9F6F5}.Release|x86.ActiveCfg = Release|Win32
		{B525DDD9-75E1-459C-9B84-9D5598E9F6F5}.Release|x86.Build.0 = Release|Win32
		{4AFF9ECF-C914-4430-B9F6-677986F506A3}.Debug|x64.ActiveCfg = Debug|x64
		{4AFF9ECF-C914-4430-B9F6-677986F506A3}.Debug|x64.Build.0 = Debug|x64
		{4AFF9ECF-C914-4430-B9F6-677986F506A3}.Debug|x86.ActiveCfg = Debug|Win32
		{4AFF9ECF-C914-4430-B9F6-677986F506A3}.Debug|x86.Build.0 = Debug|Win32
		{4AFF9ECF-C914-4430-B9F6-677986F506A3}.Release|x64.ActiveCfg = Release|x64
		{4AFF9ECF-C914-4430-B9F6-677986F506A3}.Release|x64.Build.0 = Release|x64
		{4AFF9ECF-C914-4430-B9F6-677986F506A3}.Release|x86.ActiveCfg = Release|Win32
		{4AFF9ECF-C914-4430-B9F6-677986F506A3}.Release|x86.Build.0 = Release|Win32
		{9C27BA12-E7DD-4109-B46D-3DB52184B74E}.Debug|x64.ActiveCfg = Debug|x64
		{9C27BA12-E7DD-4109-B46D-3DB52184B74E}.Debug|x64.Build.0 = Debug|x64
		{9C27BA12-E7DD-4109-B46D-3DB52184B74E}.Debug|x86.ActiveCfg = Debug|Win32
		{9C27BA12-E7DD-4109-B46D-3DB52184B74E}.Debug|x86.Build.0 = Debug|Win32
		{9C27BA12-E7DD-4109-B46D-3DB52184B74E}.Release|x64.ActiveCfg = Release|x64
		{9C27BA12-E7DD-4109-B46D-3DB52184B74E}.Release|x64.Build.0 = Release|x64
		{9C27BA12-E7DD-4109-B46D-3DB52184B74E}.Release|x86.ActiveCfg = Release|Win32
		{9C27BA12-E7DD-4109-B46D-3DB52184B74E}.Release|x86.Build.0 = Release|Win32
		{7C242E64-150A-418F-83CE-A365ED38E5C0}.Debug|x64.ActiveCfg = Debug|x64
		{7C242E64-150A-418F-83CE-A365ED38E5C0}.Debug|x64.Build.0 = Debug|x64
		{7C242E64-150A-418F-83CE-A365ED38E5C0}.Debug|x86.ActiveCfg = Debug|Win32
		{7C242E64-150A-418F-83CE-A365ED38E5C0}.Debug|x86.Build.0 = Debug|Win32
		{7C242E64-150A-418F-83CE-A365ED38E5C0}.Release|x64.ActiveCfg = Release|x64
		{7C242E64-150A-418F-83CE-A365ED38E5C0}.Release|x64.Build.0 = Release|x64
		{7C242E64-150A-418F-83CE-A365ED38E5C0}.Release|x86.ActiveCfg = Release|Win32
		{7C242E64-150A-418F-83CE-A365ED38E5C0}.Release|x86.Build.0 = Release|Win32
		{1850F073-064A-4245-A783-15E3AF6C0EBC}.Debug|x64.ActiveCfg = Debug|x64
		{1850F073-064A-4245-A783-15E3AF6C0EBC}.Debug|x64.Build.0 = Debug|x64
		{1850F073-064A-4245-A783-15E3AF6C0EBC}.Debug|x86.ActiveCfg = Debug|Win32
		{1850F073-064A-4245-A783-15E3AF6C0EBC}.Debug|x86.Build.0 = Debug|Win32
		{1850F073-064A-4245-A783-15E3AF6C0EBC}.Release|x64.ActiveCfg = Release|x64
		{1850F073-064A-4245-A783-15E3AF6C0EBC}.Release|x64.Build.0 = Release|x64
		{1850F073-064A-4245-A783-15E3AF6C0EBC}.Release|x86.ActiveCfg = Release|Win32
		{1850F073-064A-4245-A783-15E3AF6C0EBC}.Release|x86.Build.0 = Release|Win32
		{5ED863E0-80B9-458F-B9A8-E87F6180A6C1}.Debug|x64.ActiveCfg = Debug|x64
		{5ED863E0-80B9-458F-B9A8-E87F6180A6C1}.Debug|x64.Build.0 = Debug|x64
		{5ED863E0-80B9-458F-B9A8-E87F6180A6C1}.Debug|x86.ActiveCfg = Debug|Win32
		{5ED863E0-80B9-458F-B9A8-E87F6180A6C1}.Debug|x86.Build.0 = Debug|Win32
		{5ED863E0-80B9-458F-B9A8-E87F6180A6C1}.Release|x64.ActiveCfg = Release|x64
		{5ED863E0-80B9-458F-B9A8-E87F6180A6C1}.Release|x64.Build.0 = Release|x64
		{5ED863E0-80B9-458F-B9A8-E87F6180A6C1}.Release|x86.ActiveCfg = Release|Win32
		{5ED863E0-80B9-458F-B9A8-E87F6180A6C1}.Release|x86.Build.0 = Release|Win32
		{9AF6D008-6A5C-453B-A897-3A2787B71E73}.Debug|x64.ActiveCfg = Debug|x64
		{9AF6D008-6A5C-453B-A897-3A2787B71E73}.Debug|x64.Build.0 = Debug|x64
		{9AF6D008-6A5C-453B-A897-3A2787B71E73}.Debug|x86.ActiveCfg = Debug|Win32
		{9AF6D008-6A5C-453B-A897-3A2787B71E73}.Debug|x86.Build.0 = Debug|Win32
		{9AF6D008-6A5C-453B-A897-3A2787B71E73}.Release|x64.ActiveCfg = Release|x64
		{9AF6D008-6A5C-453B-A897-3A2787B71E73}.Release|x64.Build.0 = Release|x64
		{9AF6D008-6A5C-453B-A897-3A2787B71E73}.Release|x86.ActiveCfg = Release|Win32
		{9AF6D008-6A5C-453B-A897-3A2787B71E73}.Release|x86.Build.0 = Release|Win32
		{8F6AF1D3-163E-4EA3-973F-49EA4DCD89E2}.Debug|x64.ActiveCfg = Debug|x64
		{8F6AF1D3-163E-4EA3-973F-49EA4DCD89E2}.Debug|x64.Build.0 = Debug|x64
		{8F6AF1D3-163E-4EA3-973F-49EA4DCD89E2}.Debug|x86.ActiveCfg = Debug|Win32
		{8F6AF1D3-163E-4EA3-973F-49EA4DCD89E2}.Debug|x86.Build.0 = Debug|Win32
		{8F6AF1D3-163E-4EA3-973F-49EA4DCD89E2}.Release|x64.ActiveCfg = Release|x64
		{8F6AF1D3-163E-4EA3-973F-49EA4DCD89E2}.Release|x64.Build.0 = Release|x64
		{8F6AF1D3-163E-4EA3-973F-49EA4DCD89E2}.Release|x86.ActiveCfg = Release|Win32
		{8F6AF1D3-163E-4EA3-973F-49EA4DCD89E2}.Release|x86.Build.0 = Release|Win32
		{A500957A-7BCB-471D-BB74-2D5172671135}.Debug|x64.ActiveCfg = Debug|x64
		{A500957A-7BCB-471D-BB74-2D5172671135}.Debug|x64.Build.0 = Debug|x64
		{A500957A-7BCB-471D-BB74-2D5172671135}.Debug|x86.ActiveCfg = Debug|Win32
		{A500957A-7BCB-471D-BB74-2D5172671135}.Debug|x86.Build.0 = Debug|Win32
		{A500957A-7BCB-471D-BB74-2D5172671135}.Release|x64.ActiveCfg = Release|x64
		{A500957A-7BCB-471D-BB74-2D5172671135}.Release|x64.Build.0 = Release|x64
		{A500957A-7BCB-471D-BB74-2D5172671135}.Release|x86.ActiveCfg = Release|Win32
		{A500957A-7BCB-471D-BB74-2D5172671135}.Release|x86.Build.0 = Release|Win32
		{F398AECC-EBBB-4CB9-94BC-D61576B787F7}.Debug|x64.ActiveCfg = Debug|x64
		{F398AECC-EBBB-4CB9-94BC-D61576B787F7}.Debug|x64.Build.0 = Debug|x64
		{F398AECC-EBBB-4CB9-94BC-D61576B787F7}.Debug|x86.ActiveCfg = Debug|Win32
		{F398AECC-EBBB-4CB9-94BC-D61576B787F7}.Debug|x86.Build.0 = Debug|Win32
		{F398AECC-EBBB-4CB9-94BC-D61576B787F7}.Release|x64.ActiveCfg = Release|x64
		{F398AECC-EBBB-4CB9-94BC-D61576B787F7}.Release|x64.Build.0 = Release|x64
		{F398AECC-EBBB-4CB9-94BC-D61576B787F7}.Release|x86.ActiveCfg = Release|Win32
		{F398AECC-EBBB-4CB9-94BC-D61576B787F7}.Release|x86.Build.0 = Release|Win32
		{6F394A55-B8BB-40BC-AB4A-18D379112C8B}.Debug|x64.ActiveCfg = Debug|x64
		{6F394A55-B8BB-40BC-AB4A-18D379112C8B}.Debug|x64.Build.0 = Debug|x64
		{6F394A55-B8BB-40BC-AB4A-18D379112C8B}.Debug|x86.ActiveCfg = Debug|Win32
		{6F394A55-B8BB-40BC-AB4A-18D379112C8B}.Debug|x86.Build.0 = Debug|Win32
		{6F394A55-B8BB-40BC-AB4A-18D379112C8B}.Release|x64.ActiveCfg = Release|x64
		{6F394A55-B8BB-40BC-AB4A-18D379112C8B}.Release|x64.Build.0 = Release|x64
		{6F394A55-B8BB-40BC-AB4A-18D379112C8B}.Release|x86.ActiveCfg = Release|Win32
		{6F394A55-B8BB-40BC-AB4A-18D379112C8B}.Release|x86.Build.0 = Release|Win32
		{B0845AF6-2E75-4A2D-A392-4709F536A0E9}.Debug|x64.ActiveCfg = Debug|x64
		{B0845AF6-2E75-4A2D-A392-4709F536A0E9}.Debug|x64.Build.0 = Debug|x64
		{B0845AF6-2E75-4A2D-A392-4709F536A0E9}.Debug|x86.ActiveCfg = Debug|Win32
		{B0845AF6-2E75-4A2D-A392-4709F536A0E9}.Debug|x86.Build.0 = Debug|Win32
		{B0845AF6-2E75-4A2D-A392-4709F536A0E9}.Release|x64.ActiveCfg = Release|x64
		{B0845AF6-2E75-4A2D-A392-4709F536A0E9}.Release|x64.Build.0 = Release|x64
		{B0845AF6-2E75-4A2D-A392-4709F536A0E9}.Release|x86.ActiveCfg = Release|Win32
		{B0845AF6-2E75-4A2D-A392-4709F536A0E9}.Release|x86.Build.0 = Release|Win32
		{04DF4802-0E43-4AAE-8040-582B4ECAA2FB}.Debug|x64.ActiveCfg = Debug|x64
		{04DF4802-0E43-4AAE-8040-582B4ECAA2FB}.Debug|x64.Build.0 = Debug|x64
		{04DF4802-0E43-4AAE-8040-582B4ECAA2FB}.Debug|x86.ActiveCfg = Debug|Win32
		{04DF4802-0E43-4AAE-8040-582B4ECAA2FB}.Debug|x86.Build.0 = Debug|Win32
		{04DF4802-0E43-4AAE-8040-582B4ECAA2FB}.Release|x64.ActiveCfg = Release|x64
		{04DF4802-0E43-4AAE-8040-582B4ECAA2FB}.Release|x64.Build.0 = Release|x64
		{04DF4802-0E43-4AAE-8040-582B4ECAA2FB}.Release|x86.ActiveCfg = Release|Win32
		{04DF4802-0E43-4AAE-8040-582B4ECAA2FB}.Release|x86.Build.0 = Release|Win32
		{2F6A2EFF-7867-47ED-99D9-26130D905CEF}.Debug|x64.ActiveCfg = Debug|x64
		{2F6A2EFF-7867-47ED-99D9-26130D905CEF}.Debug|x64.Build.0 = Debug|x64
		{2F6A2EFF-7867-47ED-99D9-26130D905CEF}.Debug|x86.ActiveCfg = Debug|Win32
		{2F6A2EFF-7867-47ED-99D9-26130D905CEF}.Debug|x86.Build.0 = Debug|Win32
		{2F6A2EFF-7867-47ED-99D9-26130D905CEF}.Release|x64.ActiveCfg = Release|x64
		{2F6A2EFF-7867-47ED-99D9-26130D905CEF}.Release|x64.Build.0 = Release|x64
		{2F6A2EFF-7867-47ED-99D9-26130D905CEF}.Release|x86.ActiveCfg = Release|Win32
		{2F6A2EFF-7867-47ED-99D9-26130D905CEF}.Release|x86.Build.0 = Release|Win32
		{9850EA5A-F352-4E00-A445-E45C06A90F3C}.Debug|x64.ActiveCfg = Debug|x64
		{9850EA5A-F352-4E00-A445-E45C06A90F3C}.Debug|x64.Build.0 = Debug|x64
		{9850EA5A-F352-4E00-A445-E45C06A90F3C}.Debug|x86.ActiveCfg = Debug|Win32
		{9850EA5A-F352-4E00-A445-E45C06A90F3C}.Debug|x86.Build.0 = Debug|Win32
		{9850EA5A-F352-4E00-A445-E45C06A90F3C}.Release|x64.ActiveCfg = Release|x64
		{9850EA5A-F352-4E00-A445-E45C06A90F3C}.Release|x64.Build.0 = Release|x64
		{9850EA5A-F352-4E00-A445-E45C06A90F3C}.Release|x86.ActiveCfg = Release|Win32
		{9850EA5A-F352-4E00-A445-E45C06A90F3C}.Release|x86.Build.0 = Release|Win32
		{7307603D-773C-41BD-B3AA-2169881B8249}.Debug|x64.ActiveCfg = Debug|x64
		{7307603D-773C-41BD-B3AA-2169881B8249}.Debug|x64.Build.0 = Debug|x64
		{7307603D-773C-41BD-B3AA-2169881B8249}.Debug|x86.ActiveCfg = Debug|Win32
		{7307603D-773C-41BD-B3AA-2169881B8249}.Debug|x86.Build.0 = Debug|Win32
		{7307603D-773C-41BD-B3AA-2169881B8249}.Release|x64.ActiveCfg = Release|x64
		{7307603D-773C-41BD-B3AA-2169881B8249}.Release|x64.Build.0 = Release|x64
		{7307603D-773C-41BD-B3AA-2169881B8249}.Release|x86.ActiveCfg = Release|Win32
		{7307603D-773C-41BD-B3AA-2169881B8249}.Release|x86.Build.0 = Release|Win32
		{8FA83B54-F1F5-45A7-8D7F-4D9DFA639588}.Debug|x64.ActiveCfg = Debug|x64
		{8FA83B54-F1F5-45A7-8D7F-4D9DFA639588}.Debug|x64.Build.0 = Debug|x64
		{8FA83B54-F1F5-45A7-8D7F-4D9DFA639588}.Debug|x86.ActiveCfg = Debug|Win32
		{8FA83B54-F1F5-45A7-8D7F-4D9DFA639588}.Debug|x86.Build.0 = Debug|Win32
		{8FA83B54-F1F5-45A7-8D7F-4D9DFA639588}.Release|x64.ActiveCfg = Release|x64
		{8FA83B54-F1F5-45A7-8D7F-4D9DFA639588}.Release|x64.Build.0 = Release|x64
		{8FA83B54-F1F5-45A7-8D7F-4D9DFA639588}.Release|x86.ActiveCfg = Release|Win32
		{8FA83B54-F1F5-45A7-8D7F-4D9DFA639588}.Release|x86.Build.0 = Release|Win32
		{5AF3CA22-45A9-464F-B223-D8B1E9A81080}.Debug|x64.ActiveCfg = Debug|x64
		{5AF3CA22-45A9-464F-B223-D8B1E9A81080}.Debug|x64.Build.0 = Debug|x64
		{5AF3CA22-45A9-464F-B223-D8B1E9A81080}.Debug|x86.ActiveCfg = Debug|Win32
		{5AF3CA22-45A9-464F-B223-D8B1E9A81080}.Debug|x86.Build.0 = Debug|Win32
		{5AF3CA22-45A9-464F-B223-D8B1E9A81080}.Release|x64.ActiveCfg = Release|x64
		{5AF3CA22-45A9-464F-B223-D8B1E9A81080}.Release|x64.Build.0 = Release|x64
		{5AF3CA22-45A9-464F-B223-D8B1E9A81080}.Release|x86.ActiveCfg = Release|Win32
		{5AF3CA22-45A9-464F-B223-D8B1E9A81080}.Release|x86.Build.0 = Release|Win32
		{3931A9E8-B03A-4847-A664-474C92CCA0FF}.Debug|x64.ActiveCfg = Debug|x64
		{3931A9E8-B03A-4847-A664-474C92CCA0FF}.Debug|x64.Build.0 = Debug|x64
		{3931A9E8-B03A-4847-A664-474C92CCA0FF}.Debug|x86.ActiveCfg = Debug|Win32
		{3931A9E8-B03A-4847-A664-474C92CCA0FF}.Debug|x86.Build.0 = Debug|Win32
		{3931A9E8-B03A-4847-A664-474C92CCA0FF}.Release|x64.ActiveCfg = Release|x64
		{3931A9E8-B03A-4847-A664-474C92CCA0FF}.Release|x64.Build.0 = Release|x64
		{3931A9E8-B03A-4847-A664-474C92CCA0FF}.Release|x86.ActiveCfg = Release|Win32
		{3931A9E8-B03A-4847-A664-474C92CCA0FF}.Release|x86.Build.0 = Release|Win32
		{BA8E98F7-EEB5-4E5F-AB81-7E73D7082460}.Debug|x64.ActiveCfg = Debug|x64
		{BA8E98F7-EEB5-4E5F-AB81-7E73D7082460}.Debug|x64.Build.0 = Debug|x64
		{BA8E98F7-EEB5-4E5F-AB81-7E73D7082460}.Debug|x86.ActiveCfg = Debug|Win32
		{BA8E98F7-EEB5-4E5F-AB81-7E73D7082460}.Debug|x86.Build.0 = Debug|Win32
		{BA8E98F7-EEB5-4E5F-AB81-7E73D7082460}.Release|x64.ActiveCfg = Release|x64
		{BA8E98F7-EEB5-4E5F-AB81-7E73D7082460}.Release|x64.Build.0 = Release|x64
		{BA8E98F7-EEB5-4E5F-AB81-7E73D7082460}.Release|x86.ActiveCfg = Release|Win32
		{BA8E98F7-EEB5-4E5F-AB81-7E73D7082460}.Release|x86.Build.0 = Release|Win32
		{16EB1CF2-5414-4C8C-871B-E76D649A977C}.Debug|x64.ActiveCfg = Debug|x64
		{16EB1CF2-5414-4C8C-871B-E76D649A977C}.Debug|x64.Build.0 = Debug|x64
		{16EB1CF2-5414-4C8C-871B-E76D649A977C}.Debug|x86.ActiveCfg = Debug|Win32
		{16EB1CF2-5414-4C8C-871B-E76D649A977C}.Debug|x86.Build.0 = Debug|Win32
		{16EB1CF2-5414-4C8C-871B-E76D649A977C}.Release|x64.ActiveCfg = Release|x64
		{16EB1CF2-5414-4C8C-871B-E76D649A977C}.Release|x64.Build.0 = Release|x64
		{16EB1CF2-5414-4C8C-871B-E76D649A977C}.Release|x86.ActiveCfg = Release|Win32
		{16EB1CF2-5414-4C8C-871B-E76D649A977C}.Release|x86.Build.0 = Release|Win32
		{2798F7A0-9635-4ADD-98EF-CB27EB1B2D15}.Debug|x64.ActiveCfg = Debug|x64
		{2798F7A0-9635-4ADD-98EF-CB27EB1B2D15}.Debug|x64.Build.0 = Debug|x64
		{2798F7A0-9635-4ADD-98EF-CB27EB1B2D15}.Debug|x86.ActiveCfg = Debug|Win32
		{2798F7A0-9635-4ADD-98EF-CB27EB1B2D15}.Debug|x86.Build.0 = Debug|Win32
		{2798F7A0-9635-4ADD-98EF-CB27EB1B2D15}.Release|x64.ActiveCfg = Release|x64
		{2798F7A0-9635-4ADD-98EF-CB27EB1B2D15}.Release|x64.Build.0 = Release|x64
		{2798F7A0-9635-4ADD-98EF-CB27EB1B2D15}.Release|x86.ActiveCfg = Release|Win32
		{2798F7A0-9635-4ADD-98EF-CB27EB1B2D15}.Release|x86.Build.0 = Release|Win32
		{D9AE3C25-C3D3-4078-9841-0738AA9C4080}.Debug|x64.ActiveCfg = Debug|x64
		{D9AE3C25-C3D3-4078-9841-0738AA9C4080}.Debug|x64.Build.0 = Debug|x64
		{D9AE3C25-C3D3-4078-9841-0738AA9C4080}.Debug|x86.ActiveCfg = Debug|Win32
		{D9AE3C25-C3D3-4078-9841-0738AA9C4080}.Debug|x86.Build.0 = Debug|Win32
		{D9AE3C25-C3D3-4078-9841-0738AA9C4080}.Release|x64.ActiveCfg = Release|x64
		{D9AE3C25-C3D3-4078-9841-0738AA9C4080}.Release|x64.Build.0 = Release|x64
		{D9AE3C25-C3D3-4078-9841-0738AA9C4080}.Release|x86.ActiveCfg = Release|Win32
		{D9AE3C25-C3D3-4078-9841-0738AA9C4080}.Release|x86.Build.0 = Release|Win32
		{9251290E-5266-4A70-98DC-2ADA3DC09F0B}.Debug|x64.ActiveCfg = Debug|x64
		{9251290E-5266-4A70-98DC-2ADA3DC09F0B}.Debug|x64.Build.0 = Debug|x64
		{9251290E-5266-4A70-98DC-2ADA3DC09F0B}.Debug|x86.ActiveCfg = Debug|Win32
		{9251290E-5266-4A70-98DC-2ADA3DC09F0B}.Debug|x86.Build.0 = Debug|Win32
		{9251290E-5266-4A70-98DC-2ADA3DC09F0B}.Release|x64.ActiveCfg = Release|x64
		{9251290E-5266-4A70-98DC-2ADA3DC09F0B}.Release|x64.Build.0 = Release|x64
		{9251290E-5266-4A70-98DC-2ADA3DC09F0B}.Release|x86.ActiveCfg = Release|Win32
		{9251290E-5266-4A70-98DC-2ADA3DC09F0B}.Release|x86.Build.0 = Release|Win32
		{C6D2FC4C-F044-4A4C-9800-8F68AD0F7DC6}.Debug|x64.ActiveCfg = Debug|x64
		{C6D2FC4C-F044-4A4C-9800-8F68AD0F7DC6}.Debug|x64.Build.0 = Debug|x64
		{C6D2FC4C-F044-4A4C-9800-8F68AD0F7DC6}.Debug|x86.ActiveCfg = Debug|Win32
		{C6D2FC4C-F044-4A4C-9800-8F68AD0F7DC6}.Debug|x86.Build.0 = Debug|Win32
		{C6D2FC4C-F044-4A4C-9800-8F68AD0F7DC6}.Release|x64.ActiveCfg = Release|x64
		{C6D2FC4C-F044-4A4C-9800-8F68AD0F7DC6}.Release|x64.Build.0 = Release|x64
		{C6D2FC4C-F044-4A4C-9800-8F68AD0F7DC6}.Release|x86.ActiveCfg = Release|Win32
		{C6D2FC4C-F044-4A4C-9800-8F68AD0F7DC6}.Release|x86.Build.0 = Release|Win32
		{7437C986-0E45-4036-9762-C8B6A4BC23D7}.Debug|x64.ActiveCfg = Debug|x64
		{7437C986-0E45-4036-9762-C8B6A4BC23D7}.Debug|x64.Build.0 = Debug|x64
		{7437C986-0E45-4036-9762-C8B6A4BC23D7}.Debug|x86.ActiveCfg = Debug|Win32
		{7437C986-0E45-4036-9762-C8B6A4BC23D7}.Debug|x86.Build.0 = Debug|Win32
		{7437C986-0E45-4036-9762-C8B6A4BC23D7}.Release|x64.ActiveCfg = Release|x64
		{7437C986-0E45-4036-9762-C8B6A4BC23D7}.Release|x64.Build.0 = Release|x64
		{7437C986-0E45-4036-9762-C8B6A4BC23D7}.Release|x86.ActiveCfg = Release|Win32
		{7437C986-0E45-4036-9762-C8B6A4BC23D7}.Release|x86.Build.0 = Release|Win32
		{C72B2969-9A31-45D2-B60E-EAD52F2E471A}.Debug|x64.ActiveCfg = Debug|x64
		{C72B2969-9A31-45D2-B60E-EAD52F2E471A}.Debug|x64.Build.0 = Debug|x64
		{C72B2969-9A31-45D2-B60E-EAD52F2E471A}.Debug|x86.ActiveCfg = Debug|Win32
		{C72B2969-9A31-45D2-B60E-EAD52F2E471A}.Debug|x86.Build.0 = Debug|Win32
		{C72B2969-9A31-45D2-B60E-EAD52F2E471A}.Release|x64.ActiveCfg = Release|x64
		{C72B2969-9A31-45D2-B60E-EAD52F2E471A}.Release|x64.Build.0 = Release|x64
		{C72B2969-9A31-45D2-B60E-EAD52F2E471A}.Release|x86.ActiveCfg = Release|Win32
		{C72B2969-9A31-45D2-B60E-EAD52F2E471A}.Release|x86.Build.0 = Release|Win32
		{AFBE61C5-947D-4081-ABD8-6D478D30B3CA}.Debug|x64.ActiveCfg = Debug|x64
		{AFBE61C5-947D-4081-ABD8-6D478D30B3CA}.Debug|x64.Build.0 = Debug|x64
		{AFBE61C5-947D-4081-ABD8-6D478D30B3CA}.Debug|x86.ActiveCfg = Debug|Win32
		{AFBE61C5-947D-4081-ABD8-6D478D30B3CA}.Debug|x86.Build.0 = Debug|Win32
		{AFBE61C5-947D-4081-ABD8-6D478D30B3CA}.Release|x64.ActiveCfg = Release|x64
		{AFBE61C5-947D-4081-ABD8-6D478D30B3CA}.Release|x64.Build.0 = Release|x64
		{AFBE61C5-947D-4081-ABD8-6D478D30B3CA}.Release|x86.ActiveCfg = Release|Win32
		{AFBE61C5-947D-4081-ABD8-6D478D30B3CA}.Release|x86.Build.0 = Release|Win32
		{B38FE7D9-6E69-43CD-9631-AC800A0C9041}.Debug|x64.ActiveCfg = Debug|x64
		{B38FE7D9-6E69-43CD-9631-AC800A0C9041}.Debug|x64.Build.0 = Debug|x64
		{B38FE7D9-6E69-43CD-9631-AC800A0C9041}.Debug|x86.ActiveCfg = Debug|Win32
		{B38FE7D9-6E69-43CD-9631-AC800A0C9041}.Debug|x86.Build.0 = Debug|Win32
		{B38FE7D9-6E69-43CD-9631-AC800A0C9041}.Release|x64.ActiveCfg = Release|x64
		{B38FE7D9-6E69-43CD-9631-AC800A0C9041}.Release|x64.Build.0 = Release|x64
		{B38FE7D9-6E69-43CD-9631-AC800A0C9041}.Release|x86.ActiveCfg = Release|Win32
		{B38FE7D9-6E69-43CD-9631-AC800A0C9041}.Release|x86.Build.0 = Release|Win32
		{3CBF4DD9-5B9E-4651-9403-19FA9D3186FC}.Debug|x64.ActiveCfg = Debug|x64
		{3CBF4DD9-5B9E-4651-9403-19FA9D3186FC}.Debug|x64.Build.0 = Debug|x64
		{3CBF4DD9-5B9E-4651-9403-19FA9D3186FC}.Debug|x86.ActiveCfg = Debug|Win32
		{3CBF4DD9-5B9E-4651-9403-19FA9D3186FC}.Debug|x86.Build.0 = Debug|Win32
		{3CBF4DD9-5B9E-4651-9403-19FA9D3186FC}.Release|x64.ActiveCfg = Release|x64
		{3CBF4DD9-5B9E-4651-9403-19FA9D3186FC}.Release|x64.Build.0 = Release|x64
		{3CBF4DD9-5B9E-4651-9403-19FA9D3186FC}.Release|x86.ActiveCfg = Release|Win32
		{3CBF4DD9-5B9E-4651-9403-19FA9D3186FC}.Release|x86.Build.0 = Release|Win32
		{5732A7DE-EB0A-4573-AC1D-8E6347C9C523}.Debug|x64.ActiveCfg = Debug|x64
		{5732A7DE-EB0A-4573-AC1D-8E6347C9C523}.Debug|x64.Build.0 = Debug|x64
		{5732A7DE-EB0A-4573-AC1D-8E6347C9C523}.Debug|x86.ActiveCfg = Debug|Win32
		{5732A7DE-EB0A-4573-AC1D-8E6347C9C523}.Debug|x86.Build.0 = Debug|Win32
		{5732A7DE-EB0A-4573-AC1D-8E6347C9C523}.Release|x64.ActiveCfg = Release|x64
		{5732A7DE-EB0A-4573-AC1D-8E6347C9C523}.Release|x64.Build.0 = Release|x64
		{5732A7DE-EB0A-4573-AC1D-8E6347C9C523}.Release|x86.ActiveCfg = Release|Win32
		{5732A7DE-EB0A-4573-AC1D-8E6347C9C523}.Release|x86.Build.0 = Release|Win32
		{2341ABB8-5169-4011-A1F2-FB8EE6ADC901}.Debug|x64.ActiveCfg = Debug|x64
		{2341ABB8-5169-4011-A1F2-FB8EE6ADC901}.Debug|x64.Build.0 = Debug|x64
		{2341ABB8-5169-4011-A1F2-FB8EE6ADC901}.Debug|x86.ActiveCfg = Debug|Win32
		{2341ABB8-5169-4011-A1F2-FB8EE6ADC901}.Debug|x86.Build.0 = Debug|Win32
		{2341ABB8-5169-4011-A1F2-FB8EE6ADC901}.Release|x64.ActiveCfg = Release|x64
		{2341ABB8-5169-4011-A1F2-FB8EE6ADC901}.Release|x64.Build.0 = Release|x64
		{2341ABB8-5169-4011-A1F2-FB8EE6ADC901}.Release|x86.ActiveCfg = Release|Win32
		{2341ABB8-5169-4011-A1F2-FB8EE6ADC901}.Release|x86.Build.0 = Release|Win32
		{823F81CB-4063-4A84-BCAA-E28A20C449D0}.Debug|x64.ActiveCfg = Debug|x64
		{823F81CB-4063-4A84-BCAA-E28A20C449D0}.Debug|x64.Build.0 = Debug|x64
		{823F81CB-4063-4A84-BCAA-E28A20C449D0}.Debug|x86.ActiveCfg = Debug|Win32
		{823F81CB-4063-4A84-BCAA-E28A20C449D0}.Debug|x86.Build.0 = Debug|Win32
		{823F81CB-4063-4A84-BCAA-E28A20C449D0}.Release|x64.ActiveCfg = Release|x64
		{823F81CB-4063-4A84-BCAA-E28A20C449D0}.Release|x64.Build.0 = Release|x64
		{823F81CB-4063-4A84-BCAA-E28A20C449D0}.Release|x86.ActiveCfg = Release|Win32
		{823F81CB-4063-4A84-BCAA-E28A20C449D0}.Release|x86.Build.0 = Release|Win32
		{23B75D73-C186-4A0D-BF60-A86F8533BB8B}.Debug|x64.ActiveCfg = Debug|x64
		{23B75D73-C186-4A0D-BF60-A86F8533BB8B}.Debug|x64.Build.0 = Debug|x64
		{23B75D73-C186-4A0D-BF60-A86F8533BB8B}.Debug|x86.ActiveCfg = Debug|Win32
		{23B75D73-C186-4A0D-BF60-A86F8533BB8B}.Debug|x86.Build.0 = Debug|Win32
		{23B75D73-C186-4A0D-BF60-A86F8533BB8B}.Release|x64.ActiveCfg = Release|x64
		{23B75D73-C186-4A0D-BF60-A86F8533BB8B}.Release|x64.Build.0 = Release|x64
		{23B75D73-C186-4A0D-BF60-A86F8533BB8B}.Release|x86.ActiveCfg = Release|Win32
		{23B75D73-C186-4A0D-BF60-A86F8533BB8B}.Release|x86.Build.0 = Release|Win32
		{B08C4360-EEE3-4D4C-BA3C-96D4E26C84C7}.Debug|x64.ActiveCfg = Debug|x64
		{B08C4360-EEE3-4D4C-BA3C-96D4E26C84C7}.Debug|x64.Build.0 = Debug|x64
		{B08C4360-EEE3-4D4C-BA3C-96D4E26C84C7}.Debug|x86.ActiveCfg = Debug|Win32
		{B08C4360-EEE3-4D4C-BA3C-96D4E26C84C7}.Debug|x86.Build.0 = Debug|Win32
		{B08C4360-EEE3-4D4C-BA3C-96D4E26C84C7}.Release|x64.ActiveCfg = Release|x64
		{B08C4360-EEE3-4D4C-BA3C-96D4E26C84C7}.Release|x64.Build.0 = Release|x64
		{B08C4360-EEE3-4D4C-BA3C-96D4E26C84C7}.Release|x86.ActiveCfg = Release|Win32
		{B08C4360-EEE3-4D4C-BA3C-96D4E26C84C7}.Release|x86.Build.0 = Release|Win32
	EndGlobalSection
	GlobalSection(SolutionProperties) = preSolution
		HideSolutionNode = FALSE
	EndGlobalSection
	GlobalSection(ExtensibilityGlobals) = postSolution
		SolutionGuid = {F0D047BB-A7D9-4DC7-A76C-6A423C6A722A}
	EndGlobalSection
EndGlobal
