
Microsoft Visual Studio Solution File, Format Version 12.00
# Visual Studio Version 17
VisualStudioVersion = 17.8.34316.72
MinimumVisualStudioVersion = 10.0.40219.1
Project("{8BC9CEB8-8B4A-11D0-8D11-00A0C91BC942}") = "Bai2", "Bai2\Bai2.vcxproj", "{A025F4C7-745E-4D8D-AD78-9716B74230E0}"
EndProject
Project("{8BC9CEB8-8B4A-11D0-8D11-00A0C91BC942}") = "Bai8", "Bai8\Bai8.vcxproj", "{7B6FE4D5-BCAB-47C3-9355-3205015E03AB}"
EndProject
Project("{8BC9CEB8-8B4A-11D0-8D11-00A0C91BC942}") = "Bai14", "Bai14\Bai14.vcxproj", "{E12AE398-E7E9-4945-AA7D-F4F9A9B6C992}"
EndProject
Project("{8BC9CEB8-8B4A-11D0-8D11-00A0C91BC942}") = "Bai20", "Bai20\Bai20.vcxproj", "{6E2F0CB6-F654-4786-8651-A05EA48E3FA0}"
EndProject
Project("{8BC9CEB8-8B4A-11D0-8D11-00A0C91BC942}") = "Bai26", "Bai26\Bai26.vcxproj", "{D81929BF-564C-4674-8EEC-56B06455FCBA}"
EndProject
Project("{8BC9CEB8-8B4A-11D0-8D11-00A0C91BC942}") = "Bai32", "Bai32\Bai32.vcxproj", "{93629856-EB7C-475F-B503-F83EF3FFC58F}"
EndProject
Project("{8BC9CEB8-8B4A-11D0-8D11-00A0C91BC942}") = "Bai38", "Bai38\Bai38.vcxproj", "{58E52B1C-53CC-4B18-B9E5-AF1565481A65}"
EndProject
Project("{8BC9CEB8-8B4A-11D0-8D11-00A0C91BC942}") = "Bai44", "Bai44\Bai44.vcxproj", "{11B03559-9E22-4474-A1D7-10F5D5D1AA35}"
EndProject
Project("{8BC9CEB8-8B4A-11D0-8D11-00A0C91BC942}") = "Bai50", "Bai50\Bai50.vcxproj", "{00E91A06-64FD-416C-A10B-B9A88E7BCC79}"
EndProject
Project("{8BC9CEB8-8B4A-11D0-8D11-00A0C91BC942}") = "Bai56", "Bai56\Bai56.vcxproj", "{B4EAEC7E-3A27-44F4-9FE8-5D7305AE1CBF}"
EndProject
Project("{8BC9CEB8-8B4A-11D0-8D11-00A0C91BC942}") = "Bai62", "Bai62\Bai62.vcxproj", "{B83D19F9-E1B8-4196-80E1-715D080C0CFE}"
EndProject
Project("{8BC9CEB8-8B4A-11D0-8D11-00A0C91BC942}") = "Bai68", "Bai68\Bai68.vcxproj", "{73399A3F-8550-4B76-BEA8-BA772247E235}"
EndProject
Project("{8BC9CEB8-8B4A-11D0-8D11-00A0C91BC942}") = "Bai74", "Bai74\Bai74.vcxproj", "{54901A75-52F1-4AE1-918B-FDBB214C4133}"
EndProject
Project("{8BC9CEB8-8B4A-11D0-8D11-00A0C91BC942}") = "Bai80", "Bai80\Bai80.vcxproj", "{6BF3A114-F20C-4145-BC77-1FAD73FF43BB}"
EndProject
Project("{8BC9CEB8-8B4A-11D0-8D11-00A0C91BC942}") = "Bai86", "Bai86\Bai86.vcxproj", "{A81C358F-5963-4740-A9BF-F4A4297E6F4A}"
EndProject
Project("{8BC9CEB8-8B4A-11D0-8D11-00A0C91BC942}") = "Bai92", "Bai92\Bai92.vcxproj", "{A9267C5B-7A7A-42D4-99E2-113016C00199}"
EndProject
Project("{8BC9CEB8-8B4A-11D0-8D11-00A0C91BC942}") = "Bai98", "Bai98\Bai98.vcxproj", "{76260801-C7A3-4795-B8A0-D25F17EAB918}"
EndProject
Project("{8BC9CEB8-8B4A-11D0-8D11-00A0C91BC942}") = "Bai104", "Bai104\Bai104.vcxproj", "{E3114DD2-8C67-4AC8-9EA8-1ED67D48B67F}"
EndProject
Project("{8BC9CEB8-8B4A-11D0-8D11-00A0C91BC942}") = "Bai110", "Bai110\Bai110.vcxproj", "{C0FE5B6A-EB19-4B09-A743-CD5F32D16D4D}"
EndProject
Project("{8BC9CEB8-8B4A-11D0-8D11-00A0C91BC942}") = "Bai116", "Bai116\Bai116.vcxproj", "{534993FE-908B-4BB8-9891-F4481C19D63A}"
EndProject
Project("{8BC9CEB8-8B4A-11D0-8D11-00A0C91BC942}") = "Bai140", "Bai140\Bai140.vcxproj", "{0F71F0A2-1437-4F95-915D-4306DEF625F4}"
EndProject
Project("{8BC9CEB8-8B4A-11D0-8D11-00A0C91BC942}") = "Bai122", "Bai122\Bai122.vcxproj", "{23F6BEE9-1A49-4E42-AE31-F988D19433DC}"
EndProject
Project("{8BC9CEB8-8B4A-11D0-8D11-00A0C91BC942}") = "Bai128", "Bai128\Bai128.vcxproj", "{CA77B278-DA0E-496C-BB15-603C8AD3ABD2}"
EndProject
Project("{8BC9CEB8-8B4A-11D0-8D11-00A0C91BC942}") = "Bai134", "Bai134\Bai134.vcxproj", "{26E72526-2E75-43DC-8E9C-1275E2AF9208}"
EndProject
Project("{8BC9CEB8-8B4A-11D0-8D11-00A0C91BC942}") = "Bai146", "Bai146\Bai146.vcxproj", "{21EE6EEB-BD03-494E-B32F-CD990FDEBC1A}"
EndProject
Project("{8BC9CEB8-8B4A-11D0-8D11-00A0C91BC942}") = "Bai152", "Bai152\Bai152.vcxproj", "{14217136-479A-4F1B-810A-270E3630250A}"
EndProject
Project("{8BC9CEB8-8B4A-11D0-8D11-00A0C91BC942}") = "Bai158", "Bai158\Bai158.vcxproj", "{599E8CE9-2F67-4AF3-93D3-F3EB29AD2749}"
EndProject
Project("{8BC9CEB8-8B4A-11D0-8D11-00A0C91BC942}") = "Bai164", "Bai164\Bai164.vcxproj", "{D52A3EFD-899C-4801-9C29-242773EFFC69}"
EndProject
Project("{8BC9CEB8-8B4A-11D0-8D11-00A0C91BC942}") = "Bai170", "Bai170\Bai170.vcxproj", "{C18A84D3-7ED6-48C3-9288-34CF855B3EA6}"
EndProject
Project("{8BC9CEB8-8B4A-11D0-8D11-00A0C91BC942}") = "Bai176", "Bai176\Bai176.vcxproj", "{53E79AB9-359D-4483-9147-111677F82712}"
EndProject
Project("{8BC9CEB8-8B4A-11D0-8D11-00A0C91BC942}") = "Bai182", "Bai182\Bai182.vcxproj", "{CB6ADD91-FA12-47FB-B3E8-C55E2FE243C6}"
EndProject
Project("{8BC9CEB8-8B4A-11D0-8D11-00A0C91BC942}") = "Bai188", "Bai188\Bai188.vcxproj", "{E155F168-A8CC-4EED-BB44-6592B0029325}"
EndProject
Project("{8BC9CEB8-8B4A-11D0-8D11-00A0C91BC942}") = "Bai194", "Bai194\Bai194.vcxproj", "{DF2EC795-5FF5-4726-BC7F-E0387F74593A}"
EndProject
Project("{8BC9CEB8-8B4A-11D0-8D11-00A0C91BC942}") = "Bai200", "Bai200\Bai200.vcxproj", "{092A40DA-6B90-46C5-AFA2-9202200BBA78}"
EndProject
Project("{8BC9CEB8-8B4A-11D0-8D11-00A0C91BC942}") = "Bai206", "Bai206\Bai206.vcxproj", "{3F2ED653-7290-4319-AC9D-1596822A5E0E}"
EndProject
Project("{8BC9CEB8-8B4A-11D0-8D11-00A0C91BC942}") = "Bai212", "Bai212\Bai212.vcxproj", "{83AE0639-E5B3-49CF-A51E-F656E97871AC}"
EndProject
Project("{8BC9CEB8-8B4A-11D0-8D11-00A0C91BC942}") = "Bai218", "Bai218\Bai218.vcxproj", "{08F68BF1-2402-4A02-A03B-718E0D60BAF6}"
EndProject
Project("{8BC9CEB8-8B4A-11D0-8D11-00A0C91BC942}") = "Bai224", "Bai224\Bai224.vcxproj", "{3A176E22-5C89-4CBC-B863-4D159EA1D1AF}"
EndProject
Project("{8BC9CEB8-8B4A-11D0-8D11-00A0C91BC942}") = "Bai230", "Bai230\Bai230.vcxproj", "{17ED8011-B821-44A9-992B-B64DF7CBCF76}"
EndProject
Project("{8BC9CEB8-8B4A-11D0-8D11-00A0C91BC942}") = "Bai236", "Bai236\Bai236.vcxproj", "{C6F44300-C427-404C-AB21-C35B8A4A30FF}"
EndProject
Project("{8BC9CEB8-8B4A-11D0-8D11-00A0C91BC942}") = "Bai242", "Bai242\Bai242.vcxproj", "{96E30332-4121-474A-B6C0-B993BE08B1CA}"
EndProject
Project("{8BC9CEB8-8B4A-11D0-8D11-00A0C91BC942}") = "Bai248", "Bai248\Bai248.vcxproj", "{074FE18B-8444-4E73-BFC1-26925BE8112B}"
EndProject
Project("{8BC9CEB8-8B4A-11D0-8D11-00A0C91BC942}") = "Bai254", "Bai254\Bai254.vcxproj", "{8E9795DD-D460-4E59-8C48-496877BF2DA5}"
EndProject
Project("{8BC9CEB8-8B4A-11D0-8D11-00A0C91BC942}") = "Bai260", "Bai260\Bai260.vcxproj", "{C9C45F38-806A-4DAE-88D9-46E55AF7F5D1}"
EndProject
Project("{8BC9CEB8-8B4A-11D0-8D11-00A0C91BC942}") = "Bai266", "Bai266\Bai266.vcxproj", "{3223C1BE-0BE9-4E6C-99F5-06439A2C6DC6}"
EndProject
Project("{8BC9CEB8-8B4A-11D0-8D11-00A0C91BC942}") = "Bai272", "Bai272\Bai272.vcxproj", "{D07AE6F1-163B-41F2-919D-BF2FCBC1C6DC}"
EndProject
Project("{8BC9CEB8-8B4A-11D0-8D11-00A0C91BC942}") = "Bai278", "Bai278\Bai278.vcxproj", "{5015BEE7-7FB8-4FBD-A133-7B5F647CDA03}"
EndProject
Project("{8BC9CEB8-8B4A-11D0-8D11-00A0C91BC942}") = "Bai284", "Bai284\Bai284.vcxproj", "{834A7199-89F6-46B2-8678-A236917FDF57}"
EndProject
Project("{8BC9CEB8-8B4A-11D0-8D11-00A0C91BC942}") = "Bai290", "Bai290\Bai290.vcxproj", "{49CD4725-29DC-4BF0-BB78-9777B4290A56}"
EndProject
Global
	GlobalSection(SolutionConfigurationPlatforms) = preSolution
		Debug|x64 = Debug|x64
		Debug|x86 = Debug|x86
		Release|x64 = Release|x64
		Release|x86 = Release|x86
	EndGlobalSection
	GlobalSection(ProjectConfigurationPlatforms) = postSolution
		{A025F4C7-745E-4D8D-AD78-9716B74230E0}.Debug|x64.ActiveCfg = Debug|x64
		{A025F4C7-745E-4D8D-AD78-9716B74230E0}.Debug|x64.Build.0 = Debug|x64
		{A025F4C7-745E-4D8D-AD78-9716B74230E0}.Debug|x86.ActiveCfg = Debug|Win32
		{A025F4C7-745E-4D8D-AD78-9716B74230E0}.Debug|x86.Build.0 = Debug|Win32
		{A025F4C7-745E-4D8D-AD78-9716B74230E0}.Release|x64.ActiveCfg = Release|x64
		{A025F4C7-745E-4D8D-AD78-9716B74230E0}.Release|x64.Build.0 = Release|x64
		{A025F4C7-745E-4D8D-AD78-9716B74230E0}.Release|x86.ActiveCfg = Release|Win32
		{A025F4C7-745E-4D8D-AD78-9716B74230E0}.Release|x86.Build.0 = Release|Win32
		{7B6FE4D5-BCAB-47C3-9355-3205015E03AB}.Debug|x64.ActiveCfg = Debug|x64
		{7B6FE4D5-BCAB-47C3-9355-3205015E03AB}.Debug|x64.Build.0 = Debug|x64
		{7B6FE4D5-BCAB-47C3-9355-3205015E03AB}.Debug|x86.ActiveCfg = Debug|Win32
		{7B6FE4D5-BCAB-47C3-9355-3205015E03AB}.Debug|x86.Build.0 = Debug|Win32
		{7B6FE4D5-BCAB-47C3-9355-3205015E03AB}.Release|x64.ActiveCfg = Release|x64
		{7B6FE4D5-BCAB-47C3-9355-3205015E03AB}.Release|x64.Build.0 = Release|x64
		{7B6FE4D5-BCAB-47C3-9355-3205015E03AB}.Release|x86.ActiveCfg = Release|Win32
		{7B6FE4D5-BCAB-47C3-9355-3205015E03AB}.Release|x86.Build.0 = Release|Win32
		{E12AE398-E7E9-4945-AA7D-F4F9A9B6C992}.Debug|x64.ActiveCfg = Debug|x64
		{E12AE398-E7E9-4945-AA7D-F4F9A9B6C992}.Debug|x64.Build.0 = Debug|x64
		{E12AE398-E7E9-4945-AA7D-F4F9A9B6C992}.Debug|x86.ActiveCfg = Debug|Win32
		{E12AE398-E7E9-4945-AA7D-F4F9A9B6C992}.Debug|x86.Build.0 = Debug|Win32
		{E12AE398-E7E9-4945-AA7D-F4F9A9B6C992}.Release|x64.ActiveCfg = Release|x64
		{E12AE398-E7E9-4945-AA7D-F4F9A9B6C992}.Release|x64.Build.0 = Release|x64
		{E12AE398-E7E9-4945-AA7D-F4F9A9B6C992}.Release|x86.ActiveCfg = Release|Win32
		{E12AE398-E7E9-4945-AA7D-F4F9A9B6C992}.Release|x86.Build.0 = Release|Win32
		{6E2F0CB6-F654-4786-8651-A05EA48E3FA0}.Debug|x64.ActiveCfg = Debug|x64
		{6E2F0CB6-F654-4786-8651-A05EA48E3FA0}.Debug|x64.Build.0 = Debug|x64
		{6E2F0CB6-F654-4786-8651-A05EA48E3FA0}.Debug|x86.ActiveCfg = Debug|Win32
		{6E2F0CB6-F654-4786-8651-A05EA48E3FA0}.Debug|x86.Build.0 = Debug|Win32
		{6E2F0CB6-F654-4786-8651-A05EA48E3FA0}.Release|x64.ActiveCfg = Release|x64
		{6E2F0CB6-F654-4786-8651-A05EA48E3FA0}.Release|x64.Build.0 = Release|x64
		{6E2F0CB6-F654-4786-8651-A05EA48E3FA0}.Release|x86.ActiveCfg = Release|Win32
		{6E2F0CB6-F654-4786-8651-A05EA48E3FA0}.Release|x86.Build.0 = Release|Win32
		{D81929BF-564C-4674-8EEC-56B06455FCBA}.Debug|x64.ActiveCfg = Debug|x64
		{D81929BF-564C-4674-8EEC-56B06455FCBA}.Debug|x64.Build.0 = Debug|x64
		{D81929BF-564C-4674-8EEC-56B06455FCBA}.Debug|x86.ActiveCfg = Debug|Win32
		{D81929BF-564C-4674-8EEC-56B06455FCBA}.Debug|x86.Build.0 = Debug|Win32
		{D81929BF-564C-4674-8EEC-56B06455FCBA}.Release|x64.ActiveCfg = Release|x64
		{D81929BF-564C-4674-8EEC-56B06455FCBA}.Release|x64.Build.0 = Release|x64
		{D81929BF-564C-4674-8EEC-56B06455FCBA}.Release|x86.ActiveCfg = Release|Win32
		{D81929BF-564C-4674-8EEC-56B06455FCBA}.Release|x86.Build.0 = Release|Win32
		{93629856-EB7C-475F-B503-F83EF3FFC58F}.Debug|x64.ActiveCfg = Debug|x64
		{93629856-EB7C-475F-B503-F83EF3FFC58F}.Debug|x64.Build.0 = Debug|x64
		{93629856-EB7C-475F-B503-F83EF3FFC58F}.Debug|x86.ActiveCfg = Debug|Win32
		{93629856-EB7C-475F-B503-F83EF3FFC58F}.Debug|x86.Build.0 = Debug|Win32
		{93629856-EB7C-475F-B503-F83EF3FFC58F}.Release|x64.ActiveCfg = Release|x64
		{93629856-EB7C-475F-B503-F83EF3FFC58F}.Release|x64.Build.0 = Release|x64
		{93629856-EB7C-475F-B503-F83EF3FFC58F}.Release|x86.ActiveCfg = Release|Win32
		{93629856-EB7C-475F-B503-F83EF3FFC58F}.Release|x86.Build.0 = Release|Win32
		{58E52B1C-53CC-4B18-B9E5-AF1565481A65}.Debug|x64.ActiveCfg = Debug|x64
		{58E52B1C-53CC-4B18-B9E5-AF1565481A65}.Debug|x64.Build.0 = Debug|x64
		{58E52B1C-53CC-4B18-B9E5-AF1565481A65}.Debug|x86.ActiveCfg = Debug|Win32
		{58E52B1C-53CC-4B18-B9E5-AF1565481A65}.Debug|x86.Build.0 = Debug|Win32
		{58E52B1C-53CC-4B18-B9E5-AF1565481A65}.Release|x64.ActiveCfg = Release|x64
		{58E52B1C-53CC-4B18-B9E5-AF1565481A65}.Release|x64.Build.0 = Release|x64
		{58E52B1C-53CC-4B18-B9E5-AF1565481A65}.Release|x86.ActiveCfg = Release|Win32
		{58E52B1C-53CC-4B18-B9E5-AF1565481A65}.Release|x86.Build.0 = Release|Win32
		{11B03559-9E22-4474-A1D7-10F5D5D1AA35}.Debug|x64.ActiveCfg = Debug|x64
		{11B03559-9E22-4474-A1D7-10F5D5D1AA35}.Debug|x64.Build.0 = Debug|x64
		{11B03559-9E22-4474-A1D7-10F5D5D1AA35}.Debug|x86.ActiveCfg = Debug|Win32
		{11B03559-9E22-4474-A1D7-10F5D5D1AA35}.Debug|x86.Build.0 = Debug|Win32
		{11B03559-9E22-4474-A1D7-10F5D5D1AA35}.Release|x64.ActiveCfg = Release|x64
		{11B03559-9E22-4474-A1D7-10F5D5D1AA35}.Release|x64.Build.0 = Release|x64
		{11B03559-9E22-4474-A1D7-10F5D5D1AA35}.Release|x86.ActiveCfg = Release|Win32
		{11B03559-9E22-4474-A1D7-10F5D5D1AA35}.Release|x86.Build.0 = Release|Win32
		{00E91A06-64FD-416C-A10B-B9A88E7BCC79}.Debug|x64.ActiveCfg = Debug|x64
		{00E91A06-64FD-416C-A10B-B9A88E7BCC79}.Debug|x64.Build.0 = Debug|x64
		{00E91A06-64FD-416C-A10B-B9A88E7BCC79}.Debug|x86.ActiveCfg = Debug|Win32
		{00E91A06-64FD-416C-A10B-B9A88E7BCC79}.Debug|x86.Build.0 = Debug|Win32
		{00E91A06-64FD-416C-A10B-B9A88E7BCC79}.Release|x64.ActiveCfg = Release|x64
		{00E91A06-64FD-416C-A10B-B9A88E7BCC79}.Release|x64.Build.0 = Release|x64
		{00E91A06-64FD-416C-A10B-B9A88E7BCC79}.Release|x86.ActiveCfg = Release|Win32
		{00E91A06-64FD-416C-A10B-B9A88E7BCC79}.Release|x86.Build.0 = Release|Win32
		{B4EAEC7E-3A27-44F4-9FE8-5D7305AE1CBF}.Debug|x64.ActiveCfg = Debug|x64
		{B4EAEC7E-3A27-44F4-9FE8-5D7305AE1CBF}.Debug|x64.Build.0 = Debug|x64
		{B4EAEC7E-3A27-44F4-9FE8-5D7305AE1CBF}.Debug|x86.ActiveCfg = Debug|Win32
		{B4EAEC7E-3A27-44F4-9FE8-5D7305AE1CBF}.Debug|x86.Build.0 = Debug|Win32
		{B4EAEC7E-3A27-44F4-9FE8-5D7305AE1CBF}.Release|x64.ActiveCfg = Release|x64
		{B4EAEC7E-3A27-44F4-9FE8-5D7305AE1CBF}.Release|x64.Build.0 = Release|x64
		{B4EAEC7E-3A27-44F4-9FE8-5D7305AE1CBF}.Release|x86.ActiveCfg = Release|Win32
		{B4EAEC7E-3A27-44F4-9FE8-5D7305AE1CBF}.Release|x86.Build.0 = Release|Win32
		{B83D19F9-E1B8-4196-80E1-715D080C0CFE}.Debug|x64.ActiveCfg = Debug|x64
		{B83D19F9-E1B8-4196-80E1-715D080C0CFE}.Debug|x64.Build.0 = Debug|x64
		{B83D19F9-E1B8-4196-80E1-715D080C0CFE}.Debug|x86.ActiveCfg = Debug|Win32
		{B83D19F9-E1B8-4196-80E1-715D080C0CFE}.Debug|x86.Build.0 = Debug|Win32
		{B83D19F9-E1B8-4196-80E1-715D080C0CFE}.Release|x64.ActiveCfg = Release|x64
		{B83D19F9-E1B8-4196-80E1-715D080C0CFE}.Release|x64.Build.0 = Release|x64
		{B83D19F9-E1B8-4196-80E1-715D080C0CFE}.Release|x86.ActiveCfg = Release|Win32
		{B83D19F9-E1B8-4196-80E1-715D080C0CFE}.Release|x86.Build.0 = Release|Win32
		{73399A3F-8550-4B76-BEA8-BA772247E235}.Debug|x64.ActiveCfg = Debug|x64
		{73399A3F-8550-4B76-BEA8-BA772247E235}.Debug|x64.Build.0 = Debug|x64
		{73399A3F-8550-4B76-BEA8-BA772247E235}.Debug|x86.ActiveCfg = Debug|Win32
		{73399A3F-8550-4B76-BEA8-BA772247E235}.Debug|x86.Build.0 = Debug|Win32
		{73399A3F-8550-4B76-BEA8-BA772247E235}.Release|x64.ActiveCfg = Release|x64
		{73399A3F-8550-4B76-BEA8-BA772247E235}.Release|x64.Build.0 = Release|x64
		{73399A3F-8550-4B76-BEA8-BA772247E235}.Release|x86.ActiveCfg = Release|Win32
		{73399A3F-8550-4B76-BEA8-BA772247E235}.Release|x86.Build.0 = Release|Win32
		{54901A75-52F1-4AE1-918B-FDBB214C4133}.Debug|x64.ActiveCfg = Debug|x64
		{54901A75-52F1-4AE1-918B-FDBB214C4133}.Debug|x64.Build.0 = Debug|x64
		{54901A75-52F1-4AE1-918B-FDBB214C4133}.Debug|x86.ActiveCfg = Debug|Win32
		{54901A75-52F1-4AE1-918B-FDBB214C4133}.Debug|x86.Build.0 = Debug|Win32
		{54901A75-52F1-4AE1-918B-FDBB214C4133}.Release|x64.ActiveCfg = Release|x64
		{54901A75-52F1-4AE1-918B-FDBB214C4133}.Release|x64.Build.0 = Release|x64
		{54901A75-52F1-4AE1-918B-FDBB214C4133}.Release|x86.ActiveCfg = Release|Win32
		{54901A75-52F1-4AE1-918B-FDBB214C4133}.Release|x86.Build.0 = Release|Win32
		{6BF3A114-F20C-4145-BC77-1FAD73FF43BB}.Debug|x64.ActiveCfg = Debug|x64
		{6BF3A114-F20C-4145-BC77-1FAD73FF43BB}.Debug|x64.Build.0 = Debug|x64
		{6BF3A114-F20C-4145-BC77-1FAD73FF43BB}.Debug|x86.ActiveCfg = Debug|Win32
		{6BF3A114-F20C-4145-BC77-1FAD73FF43BB}.Debug|x86.Build.0 = Debug|Win32
		{6BF3A114-F20C-4145-BC77-1FAD73FF43BB}.Release|x64.ActiveCfg = Release|x64
		{6BF3A114-F20C-4145-BC77-1FAD73FF43BB}.Release|x64.Build.0 = Release|x64
		{6BF3A114-F20C-4145-BC77-1FAD73FF43BB}.Release|x86.ActiveCfg = Release|Win32
		{6BF3A114-F20C-4145-BC77-1FAD73FF43BB}.Release|x86.Build.0 = Release|Win32
		{A81C358F-5963-4740-A9BF-F4A4297E6F4A}.Debug|x64.ActiveCfg = Debug|x64
		{A81C358F-5963-4740-A9BF-F4A4297E6F4A}.Debug|x64.Build.0 = Debug|x64
		{A81C358F-5963-4740-A9BF-F4A4297E6F4A}.Debug|x86.ActiveCfg = Debug|Win32
		{A81C358F-5963-4740-A9BF-F4A4297E6F4A}.Debug|x86.Build.0 = Debug|Win32
		{A81C358F-5963-4740-A9BF-F4A4297E6F4A}.Release|x64.ActiveCfg = Release|x64
		{A81C358F-5963-4740-A9BF-F4A4297E6F4A}.Release|x64.Build.0 = Release|x64
		{A81C358F-5963-4740-A9BF-F4A4297E6F4A}.Release|x86.ActiveCfg = Release|Win32
		{A81C358F-5963-4740-A9BF-F4A4297E6F4A}.Release|x86.Build.0 = Release|Win32
		{A9267C5B-7A7A-42D4-99E2-113016C00199}.Debug|x64.ActiveCfg = Debug|x64
		{A9267C5B-7A7A-42D4-99E2-113016C00199}.Debug|x64.Build.0 = Debug|x64
		{A9267C5B-7A7A-42D4-99E2-113016C00199}.Debug|x86.ActiveCfg = Debug|Win32
		{A9267C5B-7A7A-42D4-99E2-113016C00199}.Debug|x86.Build.0 = Debug|Win32
		{A9267C5B-7A7A-42D4-99E2-113016C00199}.Release|x64.ActiveCfg = Release|x64
		{A9267C5B-7A7A-42D4-99E2-113016C00199}.Release|x64.Build.0 = Release|x64
		{A9267C5B-7A7A-42D4-99E2-113016C00199}.Release|x86.ActiveCfg = Release|Win32
		{A9267C5B-7A7A-42D4-99E2-113016C00199}.Release|x86.Build.0 = Release|Win32
		{76260801-C7A3-4795-B8A0-D25F17EAB918}.Debug|x64.ActiveCfg = Debug|x64
		{76260801-C7A3-4795-B8A0-D25F17EAB918}.Debug|x64.Build.0 = Debug|x64
		{76260801-C7A3-4795-B8A0-D25F17EAB918}.Debug|x86.ActiveCfg = Debug|Win32
		{76260801-C7A3-4795-B8A0-D25F17EAB918}.Debug|x86.Build.0 = Debug|Win32
		{76260801-C7A3-4795-B8A0-D25F17EAB918}.Release|x64.ActiveCfg = Release|x64
		{76260801-C7A3-4795-B8A0-D25F17EAB918}.Release|x64.Build.0 = Release|x64
		{76260801-C7A3-4795-B8A0-D25F17EAB918}.Release|x86.ActiveCfg = Release|Win32
		{76260801-C7A3-4795-B8A0-D25F17EAB918}.Release|x86.Build.0 = Release|Win32
		{E3114DD2-8C67-4AC8-9EA8-1ED67D48B67F}.Debug|x64.ActiveCfg = Debug|x64
		{E3114DD2-8C67-4AC8-9EA8-1ED67D48B67F}.Debug|x64.Build.0 = Debug|x64
		{E3114DD2-8C67-4AC8-9EA8-1ED67D48B67F}.Debug|x86.ActiveCfg = Debug|Win32
		{E3114DD2-8C67-4AC8-9EA8-1ED67D48B67F}.Debug|x86.Build.0 = Debug|Win32
		{E3114DD2-8C67-4AC8-9EA8-1ED67D48B67F}.Release|x64.ActiveCfg = Release|x64
		{E3114DD2-8C67-4AC8-9EA8-1ED67D48B67F}.Release|x64.Build.0 = Release|x64
		{E3114DD2-8C67-4AC8-9EA8-1ED67D48B67F}.Release|x86.ActiveCfg = Release|Win32
		{E3114DD2-8C67-4AC8-9EA8-1ED67D48B67F}.Release|x86.Build.0 = Release|Win32
		{C0FE5B6A-EB19-4B09-A743-CD5F32D16D4D}.Debug|x64.ActiveCfg = Debug|x64
		{C0FE5B6A-EB19-4B09-A743-CD5F32D16D4D}.Debug|x64.Build.0 = Debug|x64
		{C0FE5B6A-EB19-4B09-A743-CD5F32D16D4D}.Debug|x86.ActiveCfg = Debug|Win32
		{C0FE5B6A-EB19-4B09-A743-CD5F32D16D4D}.Debug|x86.Build.0 = Debug|Win32
		{C0FE5B6A-EB19-4B09-A743-CD5F32D16D4D}.Release|x64.ActiveCfg = Release|x64
		{C0FE5B6A-EB19-4B09-A743-CD5F32D16D4D}.Release|x64.Build.0 = Release|x64
		{C0FE5B6A-EB19-4B09-A743-CD5F32D16D4D}.Release|x86.ActiveCfg = Release|Win32
		{C0FE5B6A-EB19-4B09-A743-CD5F32D16D4D}.Release|x86.Build.0 = Release|Win32
		{534993FE-908B-4BB8-9891-F4481C19D63A}.Debug|x64.ActiveCfg = Debug|x64
		{534993FE-908B-4BB8-9891-F4481C19D63A}.Debug|x64.Build.0 = Debug|x64
		{534993FE-908B-4BB8-9891-F4481C19D63A}.Debug|x86.ActiveCfg = Debug|Win32
		{534993FE-908B-4BB8-9891-F4481C19D63A}.Debug|x86.Build.0 = Debug|Win32
		{534993FE-908B-4BB8-9891-F4481C19D63A}.Release|x64.ActiveCfg = Release|x64
		{534993FE-908B-4BB8-9891-F4481C19D63A}.Release|x64.Build.0 = Release|x64
		{534993FE-908B-4BB8-9891-F4481C19D63A}.Release|x86.ActiveCfg = Release|Win32
		{534993FE-908B-4BB8-9891-F4481C19D63A}.Release|x86.Build.0 = Release|Win32
		{0F71F0A2-1437-4F95-915D-4306DEF625F4}.Debug|x64.ActiveCfg = Debug|x64
		{0F71F0A2-1437-4F95-915D-4306DEF625F4}.Debug|x64.Build.0 = Debug|x64
		{0F71F0A2-1437-4F95-915D-4306DEF625F4}.Debug|x86.ActiveCfg = Debug|Win32
		{0F71F0A2-1437-4F95-915D-4306DEF625F4}.Debug|x86.Build.0 = Debug|Win32
		{0F71F0A2-1437-4F95-915D-4306DEF625F4}.Release|x64.ActiveCfg = Release|x64
		{0F71F0A2-1437-4F95-915D-4306DEF625F4}.Release|x64.Build.0 = Release|x64
		{0F71F0A2-1437-4F95-915D-4306DEF625F4}.Release|x86.ActiveCfg = Release|Win32
		{0F71F0A2-1437-4F95-915D-4306DEF625F4}.Release|x86.Build.0 = Release|Win32
		{23F6BEE9-1A49-4E42-AE31-F988D19433DC}.Debug|x64.ActiveCfg = Debug|x64
		{23F6BEE9-1A49-4E42-AE31-F988D19433DC}.Debug|x64.Build.0 = Debug|x64
		{23F6BEE9-1A49-4E42-AE31-F988D19433DC}.Debug|x86.ActiveCfg = Debug|Win32
		{23F6BEE9-1A49-4E42-AE31-F988D19433DC}.Debug|x86.Build.0 = Debug|Win32
		{23F6BEE9-1A49-4E42-AE31-F988D19433DC}.Release|x64.ActiveCfg = Release|x64
		{23F6BEE9-1A49-4E42-AE31-F988D19433DC}.Release|x64.Build.0 = Release|x64
		{23F6BEE9-1A49-4E42-AE31-F988D19433DC}.Release|x86.ActiveCfg = Release|Win32
		{23F6BEE9-1A49-4E42-AE31-F988D19433DC}.Release|x86.Build.0 = Release|Win32
		{CA77B278-DA0E-496C-BB15-603C8AD3ABD2}.Debug|x64.ActiveCfg = Debug|x64
		{CA77B278-DA0E-496C-BB15-603C8AD3ABD2}.Debug|x64.Build.0 = Debug|x64
		{CA77B278-DA0E-496C-BB15-603C8AD3ABD2}.Debug|x86.ActiveCfg = Debug|Win32
		{CA77B278-DA0E-496C-BB15-603C8AD3ABD2}.Debug|x86.Build.0 = Debug|Win32
		{CA77B278-DA0E-496C-BB15-603C8AD3ABD2}.Release|x64.ActiveCfg = Release|x64
		{CA77B278-DA0E-496C-BB15-603C8AD3ABD2}.Release|x64.Build.0 = Release|x64
		{CA77B278-DA0E-496C-BB15-603C8AD3ABD2}.Release|x86.ActiveCfg = Release|Win32
		{CA77B278-DA0E-496C-BB15-603C8AD3ABD2}.Release|x86.Build.0 = Release|Win32
		{26E72526-2E75-43DC-8E9C-1275E2AF9208}.Debug|x64.ActiveCfg = Debug|x64
		{26E72526-2E75-43DC-8E9C-1275E2AF9208}.Debug|x64.Build.0 = Debug|x64
		{26E72526-2E75-43DC-8E9C-1275E2AF9208}.Debug|x86.ActiveCfg = Debug|Win32
		{26E72526-2E75-43DC-8E9C-1275E2AF9208}.Debug|x86.Build.0 = Debug|Win32
		{26E72526-2E75-43DC-8E9C-1275E2AF9208}.Release|x64.ActiveCfg = Release|x64
		{26E72526-2E75-43DC-8E9C-1275E2AF9208}.Release|x64.Build.0 = Release|x64
		{26E72526-2E75-43DC-8E9C-1275E2AF9208}.Release|x86.ActiveCfg = Release|Win32
		{26E72526-2E75-43DC-8E9C-1275E2AF9208}.Release|x86.Build.0 = Release|Win32
		{21EE6EEB-BD03-494E-B32F-CD990FDEBC1A}.Debug|x64.ActiveCfg = Debug|x64
		{21EE6EEB-BD03-494E-B32F-CD990FDEBC1A}.Debug|x64.Build.0 = Debug|x64
		{21EE6EEB-BD03-494E-B32F-CD990FDEBC1A}.Debug|x86.ActiveCfg = Debug|Win32
		{21EE6EEB-BD03-494E-B32F-CD990FDEBC1A}.Debug|x86.Build.0 = Debug|Win32
		{21EE6EEB-BD03-494E-B32F-CD990FDEBC1A}.Release|x64.ActiveCfg = Release|x64
		{21EE6EEB-BD03-494E-B32F-CD990FDEBC1A}.Release|x64.Build.0 = Release|x64
		{21EE6EEB-BD03-494E-B32F-CD990FDEBC1A}.Release|x86.ActiveCfg = Release|Win32
		{21EE6EEB-BD03-494E-B32F-CD990FDEBC1A}.Release|x86.Build.0 = Release|Win32
		{14217136-479A-4F1B-810A-270E3630250A}.Debug|x64.ActiveCfg = Debug|x64
		{14217136-479A-4F1B-810A-270E3630250A}.Debug|x64.Build.0 = Debug|x64
		{14217136-479A-4F1B-810A-270E3630250A}.Debug|x86.ActiveCfg = Debug|Win32
		{14217136-479A-4F1B-810A-270E3630250A}.Debug|x86.Build.0 = Debug|Win32
		{14217136-479A-4F1B-810A-270E3630250A}.Release|x64.ActiveCfg = Release|x64
		{14217136-479A-4F1B-810A-270E3630250A}.Release|x64.Build.0 = Release|x64
		{14217136-479A-4F1B-810A-270E3630250A}.Release|x86.ActiveCfg = Release|Win32
		{14217136-479A-4F1B-810A-270E3630250A}.Release|x86.Build.0 = Release|Win32
		{599E8CE9-2F67-4AF3-93D3-F3EB29AD2749}.Debug|x64.ActiveCfg = Debug|x64
		{599E8CE9-2F67-4AF3-93D3-F3EB29AD2749}.Debug|x64.Build.0 = Debug|x64
		{599E8CE9-2F67-4AF3-93D3-F3EB29AD2749}.Debug|x86.ActiveCfg = Debug|Win32
		{599E8CE9-2F67-4AF3-93D3-F3EB29AD2749}.Debug|x86.Build.0 = Debug|Win32
		{599E8CE9-2F67-4AF3-93D3-F3EB29AD2749}.Release|x64.ActiveCfg = Release|x64
		{599E8CE9-2F67-4AF3-93D3-F3EB29AD2749}.Release|x64.Build.0 = Release|x64
		{599E8CE9-2F67-4AF3-93D3-F3EB29AD2749}.Release|x86.ActiveCfg = Release|Win32
		{599E8CE9-2F67-4AF3-93D3-F3EB29AD2749}.Release|x86.Build.0 = Release|Win32
		{D52A3EFD-899C-4801-9C29-242773EFFC69}.Debug|x64.ActiveCfg = Debug|x64
		{D52A3EFD-899C-4801-9C29-242773EFFC69}.Debug|x64.Build.0 = Debug|x64
		{D52A3EFD-899C-4801-9C29-242773EFFC69}.Debug|x86.ActiveCfg = Debug|Win32
		{D52A3EFD-899C-4801-9C29-242773EFFC69}.Debug|x86.Build.0 = Debug|Win32
		{D52A3EFD-899C-4801-9C29-242773EFFC69}.Release|x64.ActiveCfg = Release|x64
		{D52A3EFD-899C-4801-9C29-242773EFFC69}.Release|x64.Build.0 = Release|x64
		{D52A3EFD-899C-4801-9C29-242773EFFC69}.Release|x86.ActiveCfg = Release|Win32
		{D52A3EFD-899C-4801-9C29-242773EFFC69}.Release|x86.Build.0 = Release|Win32
		{C18A84D3-7ED6-48C3-9288-34CF855B3EA6}.Debug|x64.ActiveCfg = Debug|x64
		{C18A84D3-7ED6-48C3-9288-34CF855B3EA6}.Debug|x64.Build.0 = Debug|x64
		{C18A84D3-7ED6-48C3-9288-34CF855B3EA6}.Debug|x86.ActiveCfg = Debug|Win32
		{C18A84D3-7ED6-48C3-9288-34CF855B3EA6}.Debug|x86.Build.0 = Debug|Win32
		{C18A84D3-7ED6-48C3-9288-34CF855B3EA6}.Release|x64.ActiveCfg = Release|x64
		{C18A84D3-7ED6-48C3-9288-34CF855B3EA6}.Release|x64.Build.0 = Release|x64
		{C18A84D3-7ED6-48C3-9288-34CF855B3EA6}.Release|x86.ActiveCfg = Release|Win32
		{C18A84D3-7ED6-48C3-9288-34CF855B3EA6}.Release|x86.Build.0 = Release|Win32
		{53E79AB9-359D-4483-9147-111677F82712}.Debug|x64.ActiveCfg = Debug|x64
		{53E79AB9-359D-4483-9147-111677F82712}.Debug|x64.Build.0 = Debug|x64
		{53E79AB9-359D-4483-9147-111677F82712}.Debug|x86.ActiveCfg = Debug|Win32
		{53E79AB9-359D-4483-9147-111677F82712}.Debug|x86.Build.0 = Debug|Win32
		{53E79AB9-359D-4483-9147-111677F82712}.Release|x64.ActiveCfg = Release|x64
		{53E79AB9-359D-4483-9147-111677F82712}.Release|x64.Build.0 = Release|x64
		{53E79AB9-359D-4483-9147-111677F82712}.Release|x86.ActiveCfg = Release|Win32
		{53E79AB9-359D-4483-9147-111677F82712}.Release|x86.Build.0 = Release|Win32
		{CB6ADD91-FA12-47FB-B3E8-C55E2FE243C6}.Debug|x64.ActiveCfg = Debug|x64
		{CB6ADD91-FA12-47FB-B3E8-C55E2FE243C6}.Debug|x64.Build.0 = Debug|x64
		{CB6ADD91-FA12-47FB-B3E8-C55E2FE243C6}.Debug|x86.ActiveCfg = Debug|Win32
		{CB6ADD91-FA12-47FB-B3E8-C55E2FE243C6}.Debug|x86.Build.0 = Debug|Win32
		{CB6ADD91-FA12-47FB-B3E8-C55E2FE243C6}.Release|x64.ActiveCfg = Release|x64
		{CB6ADD91-FA12-47FB-B3E8-C55E2FE243C6}.Release|x64.Build.0 = Release|x64
		{CB6ADD91-FA12-47FB-B3E8-C55E2FE243C6}.Release|x86.ActiveCfg = Release|Win32
		{CB6ADD91-FA12-47FB-B3E8-C55E2FE243C6}.Release|x86.Build.0 = Release|Win32
		{E155F168-A8CC-4EED-BB44-6592B0029325}.Debug|x64.ActiveCfg = Debug|x64
		{E155F168-A8CC-4EED-BB44-6592B0029325}.Debug|x64.Build.0 = Debug|x64
		{E155F168-A8CC-4EED-BB44-6592B0029325}.Debug|x86.ActiveCfg = Debug|Win32
		{E155F168-A8CC-4EED-BB44-6592B0029325}.Debug|x86.Build.0 = Debug|Win32
		{E155F168-A8CC-4EED-BB44-6592B0029325}.Release|x64.ActiveCfg = Release|x64
		{E155F168-A8CC-4EED-BB44-6592B0029325}.Release|x64.Build.0 = Release|x64
		{E155F168-A8CC-4EED-BB44-6592B0029325}.Release|x86.ActiveCfg = Release|Win32
		{E155F168-A8CC-4EED-BB44-6592B0029325}.Release|x86.Build.0 = Release|Win32
		{DF2EC795-5FF5-4726-BC7F-E0387F74593A}.Debug|x64.ActiveCfg = Debug|x64
		{DF2EC795-5FF5-4726-BC7F-E0387F74593A}.Debug|x64.Build.0 = Debug|x64
		{DF2EC795-5FF5-4726-BC7F-E0387F74593A}.Debug|x86.ActiveCfg = Debug|Win32
		{DF2EC795-5FF5-4726-BC7F-E0387F74593A}.Debug|x86.Build.0 = Debug|Win32
		{DF2EC795-5FF5-4726-BC7F-E0387F74593A}.Release|x64.ActiveCfg = Release|x64
		{DF2EC795-5FF5-4726-BC7F-E0387F74593A}.Release|x64.Build.0 = Release|x64
		{DF2EC795-5FF5-4726-BC7F-E0387F74593A}.Release|x86.ActiveCfg = Release|Win32
		{DF2EC795-5FF5-4726-BC7F-E0387F74593A}.Release|x86.Build.0 = Release|Win32
		{092A40DA-6B90-46C5-AFA2-9202200BBA78}.Debug|x64.ActiveCfg = Debug|x64
		{092A40DA-6B90-46C5-AFA2-9202200BBA78}.Debug|x64.Build.0 = Debug|x64
		{092A40DA-6B90-46C5-AFA2-9202200BBA78}.Debug|x86.ActiveCfg = Debug|Win32
		{092A40DA-6B90-46C5-AFA2-9202200BBA78}.Debug|x86.Build.0 = Debug|Win32
		{092A40DA-6B90-46C5-AFA2-9202200BBA78}.Release|x64.ActiveCfg = Release|x64
		{092A40DA-6B90-46C5-AFA2-9202200BBA78}.Release|x64.Build.0 = Release|x64
		{092A40DA-6B90-46C5-AFA2-9202200BBA78}.Release|x86.ActiveCfg = Release|Win32
		{092A40DA-6B90-46C5-AFA2-9202200BBA78}.Release|x86.Build.0 = Release|Win32
		{3F2ED653-7290-4319-AC9D-1596822A5E0E}.Debug|x64.ActiveCfg = Debug|x64
		{3F2ED653-7290-4319-AC9D-1596822A5E0E}.Debug|x64.Build.0 = Debug|x64
		{3F2ED653-7290-4319-AC9D-1596822A5E0E}.Debug|x86.ActiveCfg = Debug|Win32
		{3F2ED653-7290-4319-AC9D-1596822A5E0E}.Debug|x86.Build.0 = Debug|Win32
		{3F2ED653-7290-4319-AC9D-1596822A5E0E}.Release|x64.ActiveCfg = Release|x64
		{3F2ED653-7290-4319-AC9D-1596822A5E0E}.Release|x64.Build.0 = Release|x64
		{3F2ED653-7290-4319-AC9D-1596822A5E0E}.Release|x86.ActiveCfg = Release|Win32
		{3F2ED653-7290-4319-AC9D-1596822A5E0E}.Release|x86.Build.0 = Release|Win32
		{83AE0639-E5B3-49CF-A51E-F656E97871AC}.Debug|x64.ActiveCfg = Debug|x64
		{83AE0639-E5B3-49CF-A51E-F656E97871AC}.Debug|x64.Build.0 = Debug|x64
		{83AE0639-E5B3-49CF-A51E-F656E97871AC}.Debug|x86.ActiveCfg = Debug|Win32
		{83AE0639-E5B3-49CF-A51E-F656E97871AC}.Debug|x86.Build.0 = Debug|Win32
		{83AE0639-E5B3-49CF-A51E-F656E97871AC}.Release|x64.ActiveCfg = Release|x64
		{83AE0639-E5B3-49CF-A51E-F656E97871AC}.Release|x64.Build.0 = Release|x64
		{83AE0639-E5B3-49CF-A51E-F656E97871AC}.Release|x86.ActiveCfg = Release|Win32
		{83AE0639-E5B3-49CF-A51E-F656E97871AC}.Release|x86.Build.0 = Release|Win32
		{08F68BF1-2402-4A02-A03B-718E0D60BAF6}.Debug|x64.ActiveCfg = Debug|x64
		{08F68BF1-2402-4A02-A03B-718E0D60BAF6}.Debug|x64.Build.0 = Debug|x64
		{08F68BF1-2402-4A02-A03B-718E0D60BAF6}.Debug|x86.ActiveCfg = Debug|Win32
		{08F68BF1-2402-4A02-A03B-718E0D60BAF6}.Debug|x86.Build.0 = Debug|Win32
		{08F68BF1-2402-4A02-A03B-718E0D60BAF6}.Release|x64.ActiveCfg = Release|x64
		{08F68BF1-2402-4A02-A03B-718E0D60BAF6}.Release|x64.Build.0 = Release|x64
		{08F68BF1-2402-4A02-A03B-718E0D60BAF6}.Release|x86.ActiveCfg = Release|Win32
		{08F68BF1-2402-4A02-A03B-718E0D60BAF6}.Release|x86.Build.0 = Release|Win32
		{3A176E22-5C89-4CBC-B863-4D159EA1D1AF}.Debug|x64.ActiveCfg = Debug|x64
		{3A176E22-5C89-4CBC-B863-4D159EA1D1AF}.Debug|x64.Build.0 = Debug|x64
		{3A176E22-5C89-4CBC-B863-4D159EA1D1AF}.Debug|x86.ActiveCfg = Debug|Win32
		{3A176E22-5C89-4CBC-B863-4D159EA1D1AF}.Debug|x86.Build.0 = Debug|Win32
		{3A176E22-5C89-4CBC-B863-4D159EA1D1AF}.Release|x64.ActiveCfg = Release|x64
		{3A176E22-5C89-4CBC-B863-4D159EA1D1AF}.Release|x64.Build.0 = Release|x64
		{3A176E22-5C89-4CBC-B863-4D159EA1D1AF}.Release|x86.ActiveCfg = Release|Win32
		{3A176E22-5C89-4CBC-B863-4D159EA1D1AF}.Release|x86.Build.0 = Release|Win32
		{17ED8011-B821-44A9-992B-B64DF7CBCF76}.Debug|x64.ActiveCfg = Debug|x64
		{17ED8011-B821-44A9-992B-B64DF7CBCF76}.Debug|x64.Build.0 = Debug|x64
		{17ED8011-B821-44A9-992B-B64DF7CBCF76}.Debug|x86.ActiveCfg = Debug|Win32
		{17ED8011-B821-44A9-992B-B64DF7CBCF76}.Debug|x86.Build.0 = Debug|Win32
		{17ED8011-B821-44A9-992B-B64DF7CBCF76}.Release|x64.ActiveCfg = Release|x64
		{17ED8011-B821-44A9-992B-B64DF7CBCF76}.Release|x64.Build.0 = Release|x64
		{17ED8011-B821-44A9-992B-B64DF7CBCF76}.Release|x86.ActiveCfg = Release|Win32
		{17ED8011-B821-44A9-992B-B64DF7CBCF76}.Release|x86.Build.0 = Release|Win32
		{C6F44300-C427-404C-AB21-C35B8A4A30FF}.Debug|x64.ActiveCfg = Debug|x64
		{C6F44300-C427-404C-AB21-C35B8A4A30FF}.Debug|x64.Build.0 = Debug|x64
		{C6F44300-C427-404C-AB21-C35B8A4A30FF}.Debug|x86.ActiveCfg = Debug|Win32
		{C6F44300-C427-404C-AB21-C35B8A4A30FF}.Debug|x86.Build.0 = Debug|Win32
		{C6F44300-C427-404C-AB21-C35B8A4A30FF}.Release|x64.ActiveCfg = Release|x64
		{C6F44300-C427-404C-AB21-C35B8A4A30FF}.Release|x64.Build.0 = Release|x64
		{C6F44300-C427-404C-AB21-C35B8A4A30FF}.Release|x86.ActiveCfg = Release|Win32
		{C6F44300-C427-404C-AB21-C35B8A4A30FF}.Release|x86.Build.0 = Release|Win32
		{96E30332-4121-474A-B6C0-B993BE08B1CA}.Debug|x64.ActiveCfg = Debug|x64
		{96E30332-4121-474A-B6C0-B993BE08B1CA}.Debug|x64.Build.0 = Debug|x64
		{96E30332-4121-474A-B6C0-B993BE08B1CA}.Debug|x86.ActiveCfg = Debug|Win32
		{96E30332-4121-474A-B6C0-B993BE08B1CA}.Debug|x86.Build.0 = Debug|Win32
		{96E30332-4121-474A-B6C0-B993BE08B1CA}.Release|x64.ActiveCfg = Release|x64
		{96E30332-4121-474A-B6C0-B993BE08B1CA}.Release|x64.Build.0 = Release|x64
		{96E30332-4121-474A-B6C0-B993BE08B1CA}.Release|x86.ActiveCfg = Release|Win32
		{96E30332-4121-474A-B6C0-B993BE08B1CA}.Release|x86.Build.0 = Release|Win32
		{074FE18B-8444-4E73-BFC1-26925BE8112B}.Debug|x64.ActiveCfg = Debug|x64
		{074FE18B-8444-4E73-BFC1-26925BE8112B}.Debug|x64.Build.0 = Debug|x64
		{074FE18B-8444-4E73-BFC1-26925BE8112B}.Debug|x86.ActiveCfg = Debug|Win32
		{074FE18B-8444-4E73-BFC1-26925BE8112B}.Debug|x86.Build.0 = Debug|Win32
		{074FE18B-8444-4E73-BFC1-26925BE8112B}.Release|x64.ActiveCfg = Release|x64
		{074FE18B-8444-4E73-BFC1-26925BE8112B}.Release|x64.Build.0 = Release|x64
		{074FE18B-8444-4E73-BFC1-26925BE8112B}.Release|x86.ActiveCfg = Release|Win32
		{074FE18B-8444-4E73-BFC1-26925BE8112B}.Release|x86.Build.0 = Release|Win32
		{8E9795DD-D460-4E59-8C48-496877BF2DA5}.Debug|x64.ActiveCfg = Debug|x64
		{8E9795DD-D460-4E59-8C48-496877BF2DA5}.Debug|x64.Build.0 = Debug|x64
		{8E9795DD-D460-4E59-8C48-496877BF2DA5}.Debug|x86.ActiveCfg = Debug|Win32
		{8E9795DD-D460-4E59-8C48-496877BF2DA5}.Debug|x86.Build.0 = Debug|Win32
		{8E9795DD-D460-4E59-8C48-496877BF2DA5}.Release|x64.ActiveCfg = Release|x64
		{8E9795DD-D460-4E59-8C48-496877BF2DA5}.Release|x64.Build.0 = Release|x64
		{8E9795DD-D460-4E59-8C48-496877BF2DA5}.Release|x86.ActiveCfg = Release|Win32
		{8E9795DD-D460-4E59-8C48-496877BF2DA5}.Release|x86.Build.0 = Release|Win32
		{C9C45F38-806A-4DAE-88D9-46E55AF7F5D1}.Debug|x64.ActiveCfg = Debug|x64
		{C9C45F38-806A-4DAE-88D9-46E55AF7F5D1}.Debug|x64.Build.0 = Debug|x64
		{C9C45F38-806A-4DAE-88D9-46E55AF7F5D1}.Debug|x86.ActiveCfg = Debug|Win32
		{C9C45F38-806A-4DAE-88D9-46E55AF7F5D1}.Debug|x86.Build.0 = Debug|Win32
		{C9C45F38-806A-4DAE-88D9-46E55AF7F5D1}.Release|x64.ActiveCfg = Release|x64
		{C9C45F38-806A-4DAE-88D9-46E55AF7F5D1}.Release|x64.Build.0 = Release|x64
		{C9C45F38-806A-4DAE-88D9-46E55AF7F5D1}.Release|x86.ActiveCfg = Release|Win32
		{C9C45F38-806A-4DAE-88D9-46E55AF7F5D1}.Release|x86.Build.0 = Release|Win32
		{3223C1BE-0BE9-4E6C-99F5-06439A2C6DC6}.Debug|x64.ActiveCfg = Debug|x64
		{3223C1BE-0BE9-4E6C-99F5-06439A2C6DC6}.Debug|x64.Build.0 = Debug|x64
		{3223C1BE-0BE9-4E6C-99F5-06439A2C6DC6}.Debug|x86.ActiveCfg = Debug|Win32
		{3223C1BE-0BE9-4E6C-99F5-06439A2C6DC6}.Debug|x86.Build.0 = Debug|Win32
		{3223C1BE-0BE9-4E6C-99F5-06439A2C6DC6}.Release|x64.ActiveCfg = Release|x64
		{3223C1BE-0BE9-4E6C-99F5-06439A2C6DC6}.Release|x64.Build.0 = Release|x64
		{3223C1BE-0BE9-4E6C-99F5-06439A2C6DC6}.Release|x86.ActiveCfg = Release|Win32
		{3223C1BE-0BE9-4E6C-99F5-06439A2C6DC6}.Release|x86.Build.0 = Release|Win32
		{D07AE6F1-163B-41F2-919D-BF2FCBC1C6DC}.Debug|x64.ActiveCfg = Debug|x64
		{D07AE6F1-163B-41F2-919D-BF2FCBC1C6DC}.Debug|x64.Build.0 = Debug|x64
		{D07AE6F1-163B-41F2-919D-BF2FCBC1C6DC}.Debug|x86.ActiveCfg = Debug|Win32
		{D07AE6F1-163B-41F2-919D-BF2FCBC1C6DC}.Debug|x86.Build.0 = Debug|Win32
		{D07AE6F1-163B-41F2-919D-BF2FCBC1C6DC}.Release|x64.ActiveCfg = Release|x64
		{D07AE6F1-163B-41F2-919D-BF2FCBC1C6DC}.Release|x64.Build.0 = Release|x64
		{D07AE6F1-163B-41F2-919D-BF2FCBC1C6DC}.Release|x86.ActiveCfg = Release|Win32
		{D07AE6F1-163B-41F2-919D-BF2FCBC1C6DC}.Release|x86.Build.0 = Release|Win32
		{5015BEE7-7FB8-4FBD-A133-7B5F647CDA03}.Debug|x64.ActiveCfg = Debug|x64
		{5015BEE7-7FB8-4FBD-A133-7B5F647CDA03}.Debug|x64.Build.0 = Debug|x64
		{5015BEE7-7FB8-4FBD-A133-7B5F647CDA03}.Debug|x86.ActiveCfg = Debug|Win32
		{5015BEE7-7FB8-4FBD-A133-7B5F647CDA03}.Debug|x86.Build.0 = Debug|Win32
		{5015BEE7-7FB8-4FBD-A133-7B5F647CDA03}.Release|x64.ActiveCfg = Release|x64
		{5015BEE7-7FB8-4FBD-A133-7B5F647CDA03}.Release|x64.Build.0 = Release|x64
		{5015BEE7-7FB8-4FBD-A133-7B5F647CDA03}.Release|x86.ActiveCfg = Release|Win32
		{5015BEE7-7FB8-4FBD-A133-7B5F647CDA03}.Release|x86.Build.0 = Release|Win32
		{834A7199-89F6-46B2-8678-A236917FDF57}.Debug|x64.ActiveCfg = Debug|x64
		{834A7199-89F6-46B2-8678-A236917FDF57}.Debug|x64.Build.0 = Debug|x64
		{834A7199-89F6-46B2-8678-A236917FDF57}.Debug|x86.ActiveCfg = Debug|Win32
		{834A7199-89F6-46B2-8678-A236917FDF57}.Debug|x86.Build.0 = Debug|Win32
		{834A7199-89F6-46B2-8678-A236917FDF57}.Release|x64.ActiveCfg = Release|x64
		{834A7199-89F6-46B2-8678-A236917FDF57}.Release|x64.Build.0 = Release|x64
		{834A7199-89F6-46B2-8678-A236917FDF57}.Release|x86.ActiveCfg = Release|Win32
		{834A7199-89F6-46B2-8678-A236917FDF57}.Release|x86.Build.0 = Release|Win32
		{49CD4725-29DC-4BF0-BB78-9777B4290A56}.Debug|x64.ActiveCfg = Debug|x64
		{49CD4725-29DC-4BF0-BB78-9777B4290A56}.Debug|x64.Build.0 = Debug|x64
		{49CD4725-29DC-4BF0-BB78-9777B4290A56}.Debug|x86.ActiveCfg = Debug|Win32
		{49CD4725-29DC-4BF0-BB78-9777B4290A56}.Debug|x86.Build.0 = Debug|Win32
		{49CD4725-29DC-4BF0-BB78-9777B4290A56}.Release|x64.ActiveCfg = Release|x64
		{49CD4725-29DC-4BF0-BB78-9777B4290A56}.Release|x64.Build.0 = Release|x64
		{49CD4725-29DC-4BF0-BB78-9777B4290A56}.Release|x86.ActiveCfg = Release|Win32
		{49CD4725-29DC-4BF0-BB78-9777B4290A56}.Release|x86.Build.0 = Release|Win32
	EndGlobalSection
	GlobalSection(SolutionProperties) = preSolution
		HideSolutionNode = FALSE
	EndGlobalSection
	GlobalSection(ExtensibilityGlobals) = postSolution
		SolutionGuid = {CAC82BB7-2558-4896-81B7-D5358FE1D562}
	EndGlobalSection
EndGlobal
