
Microsoft Visual Studio Solution File, Format Version 12.00
# Visual Studio Version 17
VisualStudioVersion = 17.8.34309.116
MinimumVisualStudioVersion = 10.0.40219.1
Project("{8BC9CEB8-8B4A-11D0-8D11-00A0C91BC942}") = "Bai006", "Bai006\Bai006.vcxproj", "{C0FA8A7E-EE9F-416A-9011-00AE31C5984B}"
EndProject
Project("{8BC9CEB8-8B4A-11D0-8D11-00A0C91BC942}") = "Bai012", "Bai012\Bai012.vcxproj", "{216491A4-F672-428D-8DD2-8EA787B1BC8F}"
EndProject
Project("{8BC9CEB8-8B4A-11D0-8D11-00A0C91BC942}") = "Bai018", "Bai018\Bai018.vcxproj", "{D7B1F751-95AE-4256-AB00-854F72DEDCCF}"
EndProject
Project("{8BC9CEB8-8B4A-11D0-8D11-00A0C91BC942}") = "Bai024", "Bai024\Bai024.vcxproj", "{D3A33363-EA83-4A37-A4C2-A2F395F6ACED}"
EndProject
Project("{8BC9CEB8-8B4A-11D0-8D11-00A0C91BC942}") = "Bai030", "Bai030\Bai030.vcxproj", "{88DB170D-3318-4E94-A1B7-762491433661}"
EndProject
Project("{8BC9CEB8-8B4A-11D0-8D11-00A0C91BC942}") = "Bai036", "Bai036\Bai036.vcxproj", "{97B127DD-50C7-4F2C-B864-826ABC37DE99}"
EndProject
Project("{8BC9CEB8-8B4A-11D0-8D11-00A0C91BC942}") = "Bai042", "Bai042\Bai042.vcxproj", "{1970E9B7-8AC2-47B0-BB85-777324EB1A91}"
EndProject
Project("{8BC9CEB8-8B4A-11D0-8D11-00A0C91BC942}") = "Bai048", "Bai048\Bai048.vcxproj", "{6513911B-7AF3-433D-A35F-9EF9FBCA93B1}"
EndProject
Project("{8BC9CEB8-8B4A-11D0-8D11-00A0C91BC942}") = "Bai054", "Bai054\Bai054.vcxproj", "{DC7ED38F-0687-4054-AEE6-4C9ECEEB774E}"
EndProject
Project("{8BC9CEB8-8B4A-11D0-8D11-00A0C91BC942}") = "Bai060", "Bai060\Bai060.vcxproj", "{F1C20295-F85F-4050-9EA6-811AB3C2415D}"
EndProject
Project("{8BC9CEB8-8B4A-11D0-8D11-00A0C91BC942}") = "Bai066", "Bai066\Bai066.vcxproj", "{E073529E-2E87-41A0-B5C9-E3540DBBF3FE}"
EndProject
Project("{8BC9CEB8-8B4A-11D0-8D11-00A0C91BC942}") = "Bai072", "Bai072\Bai072.vcxproj", "{3E66A992-F6CD-4391-8BC0-C9478348F180}"
EndProject
Project("{8BC9CEB8-8B4A-11D0-8D11-00A0C91BC942}") = "Bai078", "Bai078\Bai078.vcxproj", "{D3149DF0-4969-4941-A8EE-A0A487DC7D30}"
EndProject
Project("{8BC9CEB8-8B4A-11D0-8D11-00A0C91BC942}") = "Bai084", "Bai084\Bai084.vcxproj", "{FFA25B00-C8E3-41F6-9023-F989F7C7FFCE}"
EndProject
Project("{8BC9CEB8-8B4A-11D0-8D11-00A0C91BC942}") = "Bai090", "Bai090\Bai090.vcxproj", "{8AD482B2-92FE-44DC-8E67-67B8163D3B67}"
EndProject
Project("{8BC9CEB8-8B4A-11D0-8D11-00A0C91BC942}") = "Bai096", "Bai096\Bai096.vcxproj", "{B6373B24-B3F0-4D2D-90E5-940E68D126BE}"
EndProject
Project("{8BC9CEB8-8B4A-11D0-8D11-00A0C91BC942}") = "Bai102", "Bai102\Bai102.vcxproj", "{FA97BCB1-0EB6-4DFB-A070-E1CB79740324}"
EndProject
Project("{8BC9CEB8-8B4A-11D0-8D11-00A0C91BC942}") = "Bai108", "Bai108\Bai108.vcxproj", "{B2ABBBD4-CFC8-4C75-A430-14684BAF173B}"
EndProject
Project("{8BC9CEB8-8B4A-11D0-8D11-00A0C91BC942}") = "Bai114", "Bai114\Bai114.vcxproj", "{923C02CA-2501-4A4E-AC0A-F781A4F5C87B}"
EndProject
Project("{8BC9CEB8-8B4A-11D0-8D11-00A0C91BC942}") = "Bai120", "Bai120\Bai120.vcxproj", "{870C4C87-B06B-42E8-A303-481579E7CC4A}"
EndProject
Project("{8BC9CEB8-8B4A-11D0-8D11-00A0C91BC942}") = "Bai126", "Bai126\Bai126.vcxproj", "{D1370371-6799-4C36-BABD-57560BC56C8F}"
EndProject
Project("{8BC9CEB8-8B4A-11D0-8D11-00A0C91BC942}") = "Bai132", "Bai132\Bai132.vcxproj", "{17D88A61-5BCE-446C-9F78-7A55D7655B50}"
EndProject
Project("{8BC9CEB8-8B4A-11D0-8D11-00A0C91BC942}") = "Bai138", "Bai138\Bai138.vcxproj", "{61751238-C876-4DBA-9A59-178E56A3C43F}"
EndProject
Project("{8BC9CEB8-8B4A-11D0-8D11-00A0C91BC942}") = "Bai144", "Bai144\Bai144.vcxproj", "{265B67CD-3D6B-4801-903E-431D2CC82A9C}"
EndProject
Project("{8BC9CEB8-8B4A-11D0-8D11-00A0C91BC942}") = "Bai150", "Bai150\Bai150.vcxproj", "{B86C7F61-B11C-4E86-AF8E-75CBA2A6B824}"
EndProject
Project("{8BC9CEB8-8B4A-11D0-8D11-00A0C91BC942}") = "Bai156", "Bai156\Bai156.vcxproj", "{086A124A-3769-458E-8B80-E40A8E8D08AF}"
EndProject
Project("{8BC9CEB8-8B4A-11D0-8D11-00A0C91BC942}") = "Bai162", "Bai162\Bai162.vcxproj", "{9C0AEA04-D1F6-4C73-ABFA-760496677E14}"
EndProject
Project("{8BC9CEB8-8B4A-11D0-8D11-00A0C91BC942}") = "Bai168", "Bai168\Bai168.vcxproj", "{5B841634-7EAB-4EF7-9B3F-9A2D2D2CBB36}"
EndProject
Project("{8BC9CEB8-8B4A-11D0-8D11-00A0C91BC942}") = "Bai174", "Bai174\Bai174.vcxproj", "{42D46C1F-684C-4BDC-9B5C-4DC8C57C0738}"
EndProject
Project("{8BC9CEB8-8B4A-11D0-8D11-00A0C91BC942}") = "Bai180", "Bai180\Bai180.vcxproj", "{44BB815C-2B39-4317-94F8-95F95F58B386}"
EndProject
Project("{8BC9CEB8-8B4A-11D0-8D11-00A0C91BC942}") = "Bai186", "Bai186\Bai186.vcxproj", "{514102A5-95C7-4863-A8F4-1846B05AACE1}"
EndProject
Project("{8BC9CEB8-8B4A-11D0-8D11-00A0C91BC942}") = "Bai192", "Bai192\Bai192.vcxproj", "{309F6A3A-D84A-426E-BC92-123F5BA09CB8}"
EndProject
Project("{8BC9CEB8-8B4A-11D0-8D11-00A0C91BC942}") = "Bai198", "Bai198\Bai198.vcxproj", "{584A3E91-69B6-4960-8EE6-6D28E2721CEB}"
EndProject
Project("{8BC9CEB8-8B4A-11D0-8D11-00A0C91BC942}") = "Bai204", "Bai204\Bai204.vcxproj", "{A01E0B7A-291D-4BC6-930A-4BCEDACBECE0}"
EndProject
Project("{8BC9CEB8-8B4A-11D0-8D11-00A0C91BC942}") = "Bai210", "Bai210\Bai210.vcxproj", "{0AE24085-3A76-451B-A93F-E61B7B6A4BCB}"
EndProject
Project("{8BC9CEB8-8B4A-11D0-8D11-00A0C91BC942}") = "Bai216", "Bai216\Bai216.vcxproj", "{FFAAE9ED-E51A-48A2-B642-2FD65E11E22C}"
EndProject
Project("{8BC9CEB8-8B4A-11D0-8D11-00A0C91BC942}") = "Bai222", "Bai222\Bai222.vcxproj", "{7192092A-203B-49EE-8EB0-A22C126B683B}"
EndProject
Project("{8BC9CEB8-8B4A-11D0-8D11-00A0C91BC942}") = "Bai228", "Bai228\Bai228.vcxproj", "{DA2A594C-D3B8-4943-8460-A8AD3444EA31}"
EndProject
Project("{8BC9CEB8-8B4A-11D0-8D11-00A0C91BC942}") = "Bai234", "Bai234\Bai234.vcxproj", "{8C87DAEC-66E9-4E8E-A7C4-0CFDB32E5706}"
EndProject
Project("{8BC9CEB8-8B4A-11D0-8D11-00A0C91BC942}") = "Bai240", "Bai240\Bai240.vcxproj", "{AD223F6E-D162-4EC3-83FE-F16EDA228145}"
EndProject
Project("{8BC9CEB8-8B4A-11D0-8D11-00A0C91BC942}") = "Bai246", "Bai246\Bai246.vcxproj", "{1941D37C-1045-4412-86DB-82D3E3163935}"
EndProject
Project("{8BC9CEB8-8B4A-11D0-8D11-00A0C91BC942}") = "Bai252", "Bai252\Bai252.vcxproj", "{16BE065B-9134-4D18-AFA5-D203FA4BDA74}"
EndProject
Project("{8BC9CEB8-8B4A-11D0-8D11-00A0C91BC942}") = "Bai258", "Bai258\Bai258.vcxproj", "{6A040823-E677-4D03-A3BF-9A556D27D768}"
EndProject
Project("{8BC9CEB8-8B4A-11D0-8D11-00A0C91BC942}") = "Bai264", "Bai264\Bai264.vcxproj", "{5D35CA64-CD66-4690-9FD3-859230E00E7D}"
EndProject
Project("{8BC9CEB8-8B4A-11D0-8D11-00A0C91BC942}") = "Bai270", "Bai270\Bai270.vcxproj", "{6C545570-68CF-4FC3-969D-1B150B2B80A0}"
EndProject
Project("{8BC9CEB8-8B4A-11D0-8D11-00A0C91BC942}") = "Bai276", "Bai276\Bai276.vcxproj", "{DBACB5B2-F253-4C14-9963-F607C0F5262D}"
EndProject
Project("{8BC9CEB8-8B4A-11D0-8D11-00A0C91BC942}") = "Bai282", "Bai282\Bai282.vcxproj", "{0C28DE0A-6D66-47DE-B5A2-E5FE633D55D1}"
EndProject
Project("{8BC9CEB8-8B4A-11D0-8D11-00A0C91BC942}") = "Bai288", "Bai288\Bai288.vcxproj", "{88411634-6A23-4A34-B34C-3BFCA584F572}"
EndProject
Global
	GlobalSection(SolutionConfigurationPlatforms) = preSolution
		Debug|x64 = Debug|x64
		Debug|x86 = Debug|x86
		Release|x64 = Release|x64
		Release|x86 = Release|x86
	EndGlobalSection
	GlobalSection(ProjectConfigurationPlatforms) = postSolution
		{C0FA8A7E-EE9F-416A-9011-00AE31C5984B}.Debug|x64.ActiveCfg = Debug|x64
		{C0FA8A7E-EE9F-416A-9011-00AE31C5984B}.Debug|x64.Build.0 = Debug|x64
		{C0FA8A7E-EE9F-416A-9011-00AE31C5984B}.Debug|x86.ActiveCfg = Debug|Win32
		{C0FA8A7E-EE9F-416A-9011-00AE31C5984B}.Debug|x86.Build.0 = Debug|Win32
		{C0FA8A7E-EE9F-416A-9011-00AE31C5984B}.Release|x64.ActiveCfg = Release|x64
		{C0FA8A7E-EE9F-416A-9011-00AE31C5984B}.Release|x64.Build.0 = Release|x64
		{C0FA8A7E-EE9F-416A-9011-00AE31C5984B}.Release|x86.ActiveCfg = Release|Win32
		{C0FA8A7E-EE9F-416A-9011-00AE31C5984B}.Release|x86.Build.0 = Release|Win32
		{216491A4-F672-428D-8DD2-8EA787B1BC8F}.Debug|x64.ActiveCfg = Debug|x64
		{216491A4-F672-428D-8DD2-8EA787B1BC8F}.Debug|x64.Build.0 = Debug|x64
		{216491A4-F672-428D-8DD2-8EA787B1BC8F}.Debug|x86.ActiveCfg = Debug|Win32
		{216491A4-F672-428D-8DD2-8EA787B1BC8F}.Debug|x86.Build.0 = Debug|Win32
		{216491A4-F672-428D-8DD2-8EA787B1BC8F}.Release|x64.ActiveCfg = Release|x64
		{216491A4-F672-428D-8DD2-8EA787B1BC8F}.Release|x64.Build.0 = Release|x64
		{216491A4-F672-428D-8DD2-8EA787B1BC8F}.Release|x86.ActiveCfg = Release|Win32
		{216491A4-F672-428D-8DD2-8EA787B1BC8F}.Release|x86.Build.0 = Release|Win32
		{D7B1F751-95AE-4256-AB00-854F72DEDCCF}.Debug|x64.ActiveCfg = Debug|x64
		{D7B1F751-95AE-4256-AB00-854F72DEDCCF}.Debug|x64.Build.0 = Debug|x64
		{D7B1F751-95AE-4256-AB00-854F72DEDCCF}.Debug|x86.ActiveCfg = Debug|Win32
		{D7B1F751-95AE-4256-AB00-854F72DEDCCF}.Debug|x86.Build.0 = Debug|Win32
		{D7B1F751-95AE-4256-AB00-854F72DEDCCF}.Release|x64.ActiveCfg = Release|x64
		{D7B1F751-95AE-4256-AB00-854F72DEDCCF}.Release|x64.Build.0 = Release|x64
		{D7B1F751-95AE-4256-AB00-854F72DEDCCF}.Release|x86.ActiveCfg = Release|Win32
		{D7B1F751-95AE-4256-AB00-854F72DEDCCF}.Release|x86.Build.0 = Release|Win32
		{D3A33363-EA83-4A37-A4C2-A2F395F6ACED}.Debug|x64.ActiveCfg = Debug|x64
		{D3A33363-EA83-4A37-A4C2-A2F395F6ACED}.Debug|x64.Build.0 = Debug|x64
		{D3A33363-EA83-4A37-A4C2-A2F395F6ACED}.Debug|x86.ActiveCfg = Debug|Win32
		{D3A33363-EA83-4A37-A4C2-A2F395F6ACED}.Debug|x86.Build.0 = Debug|Win32
		{D3A33363-EA83-4A37-A4C2-A2F395F6ACED}.Release|x64.ActiveCfg = Release|x64
		{D3A33363-EA83-4A37-A4C2-A2F395F6ACED}.Release|x64.Build.0 = Release|x64
		{D3A33363-EA83-4A37-A4C2-A2F395F6ACED}.Release|x86.ActiveCfg = Release|Win32
		{D3A33363-EA83-4A37-A4C2-A2F395F6ACED}.Release|x86.Build.0 = Release|Win32
		{88DB170D-3318-4E94-A1B7-762491433661}.Debug|x64.ActiveCfg = Debug|x64
		{88DB170D-3318-4E94-A1B7-762491433661}.Debug|x64.Build.0 = Debug|x64
		{88DB170D-3318-4E94-A1B7-762491433661}.Debug|x86.ActiveCfg = Debug|Win32
		{88DB170D-3318-4E94-A1B7-762491433661}.Debug|x86.Build.0 = Debug|Win32
		{88DB170D-3318-4E94-A1B7-762491433661}.Release|x64.ActiveCfg = Release|x64
		{88DB170D-3318-4E94-A1B7-762491433661}.Release|x64.Build.0 = Release|x64
		{88DB170D-3318-4E94-A1B7-762491433661}.Release|x86.ActiveCfg = Release|Win32
		{88DB170D-3318-4E94-A1B7-762491433661}.Release|x86.Build.0 = Release|Win32
		{97B127DD-50C7-4F2C-B864-826ABC37DE99}.Debug|x64.ActiveCfg = Debug|x64
		{97B127DD-50C7-4F2C-B864-826ABC37DE99}.Debug|x64.Build.0 = Debug|x64
		{97B127DD-50C7-4F2C-B864-826ABC37DE99}.Debug|x86.ActiveCfg = Debug|Win32
		{97B127DD-50C7-4F2C-B864-826ABC37DE99}.Debug|x86.Build.0 = Debug|Win32
		{97B127DD-50C7-4F2C-B864-826ABC37DE99}.Release|x64.ActiveCfg = Release|x64
		{97B127DD-50C7-4F2C-B864-826ABC37DE99}.Release|x64.Build.0 = Release|x64
		{97B127DD-50C7-4F2C-B864-826ABC37DE99}.Release|x86.ActiveCfg = Release|Win32
		{97B127DD-50C7-4F2C-B864-826ABC37DE99}.Release|x86.Build.0 = Release|Win32
		{1970E9B7-8AC2-47B0-BB85-777324EB1A91}.Debug|x64.ActiveCfg = Debug|x64
		{1970E9B7-8AC2-47B0-BB85-777324EB1A91}.Debug|x64.Build.0 = Debug|x64
		{1970E9B7-8AC2-47B0-BB85-777324EB1A91}.Debug|x86.ActiveCfg = Debug|Win32
		{1970E9B7-8AC2-47B0-BB85-777324EB1A91}.Debug|x86.Build.0 = Debug|Win32
		{1970E9B7-8AC2-47B0-BB85-777324EB1A91}.Release|x64.ActiveCfg = Release|x64
		{1970E9B7-8AC2-47B0-BB85-777324EB1A91}.Release|x64.Build.0 = Release|x64
		{1970E9B7-8AC2-47B0-BB85-777324EB1A91}.Release|x86.ActiveCfg = Release|Win32
		{1970E9B7-8AC2-47B0-BB85-777324EB1A91}.Release|x86.Build.0 = Release|Win32
		{6513911B-7AF3-433D-A35F-9EF9FBCA93B1}.Debug|x64.ActiveCfg = Debug|x64
		{6513911B-7AF3-433D-A35F-9EF9FBCA93B1}.Debug|x64.Build.0 = Debug|x64
		{6513911B-7AF3-433D-A35F-9EF9FBCA93B1}.Debug|x86.ActiveCfg = Debug|Win32
		{6513911B-7AF3-433D-A35F-9EF9FBCA93B1}.Debug|x86.Build.0 = Debug|Win32
		{6513911B-7AF3-433D-A35F-9EF9FBCA93B1}.Release|x64.ActiveCfg = Release|x64
		{6513911B-7AF3-433D-A35F-9EF9FBCA93B1}.Release|x64.Build.0 = Release|x64
		{6513911B-7AF3-433D-A35F-9EF9FBCA93B1}.Release|x86.ActiveCfg = Release|Win32
		{6513911B-7AF3-433D-A35F-9EF9FBCA93B1}.Release|x86.Build.0 = Release|Win32
		{DC7ED38F-0687-4054-AEE6-4C9ECEEB774E}.Debug|x64.ActiveCfg = Debug|x64
		{DC7ED38F-0687-4054-AEE6-4C9ECEEB774E}.Debug|x64.Build.0 = Debug|x64
		{DC7ED38F-0687-4054-AEE6-4C9ECEEB774E}.Debug|x86.ActiveCfg = Debug|Win32
		{DC7ED38F-0687-4054-AEE6-4C9ECEEB774E}.Debug|x86.Build.0 = Debug|Win32
		{DC7ED38F-0687-4054-AEE6-4C9ECEEB774E}.Release|x64.ActiveCfg = Release|x64
		{DC7ED38F-0687-4054-AEE6-4C9ECEEB774E}.Release|x64.Build.0 = Release|x64
		{DC7ED38F-0687-4054-AEE6-4C9ECEEB774E}.Release|x86.ActiveCfg = Release|Win32
		{DC7ED38F-0687-4054-AEE6-4C9ECEEB774E}.Release|x86.Build.0 = Release|Win32
		{F1C20295-F85F-4050-9EA6-811AB3C2415D}.Debug|x64.ActiveCfg = Debug|x64
		{F1C20295-F85F-4050-9EA6-811AB3C2415D}.Debug|x64.Build.0 = Debug|x64
		{F1C20295-F85F-4050-9EA6-811AB3C2415D}.Debug|x86.ActiveCfg = Debug|Win32
		{F1C20295-F85F-4050-9EA6-811AB3C2415D}.Debug|x86.Build.0 = Debug|Win32
		{F1C20295-F85F-4050-9EA6-811AB3C2415D}.Release|x64.ActiveCfg = Release|x64
		{F1C20295-F85F-4050-9EA6-811AB3C2415D}.Release|x64.Build.0 = Release|x64
		{F1C20295-F85F-4050-9EA6-811AB3C2415D}.Release|x86.ActiveCfg = Release|Win32
		{F1C20295-F85F-4050-9EA6-811AB3C2415D}.Release|x86.Build.0 = Release|Win32
		{E073529E-2E87-41A0-B5C9-E3540DBBF3FE}.Debug|x64.ActiveCfg = Debug|x64
		{E073529E-2E87-41A0-B5C9-E3540DBBF3FE}.Debug|x64.Build.0 = Debug|x64
		{E073529E-2E87-41A0-B5C9-E3540DBBF3FE}.Debug|x86.ActiveCfg = Debug|Win32
		{E073529E-2E87-41A0-B5C9-E3540DBBF3FE}.Debug|x86.Build.0 = Debug|Win32
		{E073529E-2E87-41A0-B5C9-E3540DBBF3FE}.Release|x64.ActiveCfg = Release|x64
		{E073529E-2E87-41A0-B5C9-E3540DBBF3FE}.Release|x64.Build.0 = Release|x64
		{E073529E-2E87-41A0-B5C9-E3540DBBF3FE}.Release|x86.ActiveCfg = Release|Win32
		{E073529E-2E87-41A0-B5C9-E3540DBBF3FE}.Release|x86.Build.0 = Release|Win32
		{3E66A992-F6CD-4391-8BC0-C9478348F180}.Debug|x64.ActiveCfg = Debug|x64
		{3E66A992-F6CD-4391-8BC0-C9478348F180}.Debug|x64.Build.0 = Debug|x64
		{3E66A992-F6CD-4391-8BC0-C9478348F180}.Debug|x86.ActiveCfg = Debug|Win32
		{3E66A992-F6CD-4391-8BC0-C9478348F180}.Debug|x86.Build.0 = Debug|Win32
		{3E66A992-F6CD-4391-8BC0-C9478348F180}.Release|x64.ActiveCfg = Release|x64
		{3E66A992-F6CD-4391-8BC0-C9478348F180}.Release|x64.Build.0 = Release|x64
		{3E66A992-F6CD-4391-8BC0-C9478348F180}.Release|x86.ActiveCfg = Release|Win32
		{3E66A992-F6CD-4391-8BC0-C9478348F180}.Release|x86.Build.0 = Release|Win32
		{D3149DF0-4969-4941-A8EE-A0A487DC7D30}.Debug|x64.ActiveCfg = Debug|x64
		{D3149DF0-4969-4941-A8EE-A0A487DC7D30}.Debug|x64.Build.0 = Debug|x64
		{D3149DF0-4969-4941-A8EE-A0A487DC7D30}.Debug|x86.ActiveCfg = Debug|Win32
		{D3149DF0-4969-4941-A8EE-A0A487DC7D30}.Debug|x86.Build.0 = Debug|Win32
		{D3149DF0-4969-4941-A8EE-A0A487DC7D30}.Release|x64.ActiveCfg = Release|x64
		{D3149DF0-4969-4941-A8EE-A0A487DC7D30}.Release|x64.Build.0 = Release|x64
		{D3149DF0-4969-4941-A8EE-A0A487DC7D30}.Release|x86.ActiveCfg = Release|Win32
		{D3149DF0-4969-4941-A8EE-A0A487DC7D30}.Release|x86.Build.0 = Release|Win32
		{FFA25B00-C8E3-41F6-9023-F989F7C7FFCE}.Debug|x64.ActiveCfg = Debug|x64
		{FFA25B00-C8E3-41F6-9023-F989F7C7FFCE}.Debug|x64.Build.0 = Debug|x64
		{FFA25B00-C8E3-41F6-9023-F989F7C7FFCE}.Debug|x86.ActiveCfg = Debug|Win32
		{FFA25B00-C8E3-41F6-9023-F989F7C7FFCE}.Debug|x86.Build.0 = Debug|Win32
		{FFA25B00-C8E3-41F6-9023-F989F7C7FFCE}.Release|x64.ActiveCfg = Release|x64
		{FFA25B00-C8E3-41F6-9023-F989F7C7FFCE}.Release|x64.Build.0 = Release|x64
		{FFA25B00-C8E3-41F6-9023-F989F7C7FFCE}.Release|x86.ActiveCfg = Release|Win32
		{FFA25B00-C8E3-41F6-9023-F989F7C7FFCE}.Release|x86.Build.0 = Release|Win32
		{8AD482B2-92FE-44DC-8E67-67B8163D3B67}.Debug|x64.ActiveCfg = Debug|x64
		{8AD482B2-92FE-44DC-8E67-67B8163D3B67}.Debug|x64.Build.0 = Debug|x64
		{8AD482B2-92FE-44DC-8E67-67B8163D3B67}.Debug|x86.ActiveCfg = Debug|Win32
		{8AD482B2-92FE-44DC-8E67-67B8163D3B67}.Debug|x86.Build.0 = Debug|Win32
		{8AD482B2-92FE-44DC-8E67-67B8163D3B67}.Release|x64.ActiveCfg = Release|x64
		{8AD482B2-92FE-44DC-8E67-67B8163D3B67}.Release|x64.Build.0 = Release|x64
		{8AD482B2-92FE-44DC-8E67-67B8163D3B67}.Release|x86.ActiveCfg = Release|Win32
		{8AD482B2-92FE-44DC-8E67-67B8163D3B67}.Release|x86.Build.0 = Release|Win32
		{B6373B24-B3F0-4D2D-90E5-940E68D126BE}.Debug|x64.ActiveCfg = Debug|x64
		{B6373B24-B3F0-4D2D-90E5-940E68D126BE}.Debug|x64.Build.0 = Debug|x64
		{B6373B24-B3F0-4D2D-90E5-940E68D126BE}.Debug|x86.ActiveCfg = Debug|Win32
		{B6373B24-B3F0-4D2D-90E5-940E68D126BE}.Debug|x86.Build.0 = Debug|Win32
		{B6373B24-B3F0-4D2D-90E5-940E68D126BE}.Release|x64.ActiveCfg = Release|x64
		{B6373B24-B3F0-4D2D-90E5-940E68D126BE}.Release|x64.Build.0 = Release|x64
		{B6373B24-B3F0-4D2D-90E5-940E68D126BE}.Release|x86.ActiveCfg = Release|Win32
		{B6373B24-B3F0-4D2D-90E5-940E68D126BE}.Release|x86.Build.0 = Release|Win32
		{FA97BCB1-0EB6-4DFB-A070-E1CB79740324}.Debug|x64.ActiveCfg = Debug|x64
		{FA97BCB1-0EB6-4DFB-A070-E1CB79740324}.Debug|x64.Build.0 = Debug|x64
		{FA97BCB1-0EB6-4DFB-A070-E1CB79740324}.Debug|x86.ActiveCfg = Debug|Win32
		{FA97BCB1-0EB6-4DFB-A070-E1CB79740324}.Debug|x86.Build.0 = Debug|Win32
		{FA97BCB1-0EB6-4DFB-A070-E1CB79740324}.Release|x64.ActiveCfg = Release|x64
		{FA97BCB1-0EB6-4DFB-A070-E1CB79740324}.Release|x64.Build.0 = Release|x64
		{FA97BCB1-0EB6-4DFB-A070-E1CB79740324}.Release|x86.ActiveCfg = Release|Win32
		{FA97BCB1-0EB6-4DFB-A070-E1CB79740324}.Release|x86.Build.0 = Release|Win32
		{B2ABBBD4-CFC8-4C75-A430-14684BAF173B}.Debug|x64.ActiveCfg = Debug|x64
		{B2ABBBD4-CFC8-4C75-A430-14684BAF173B}.Debug|x64.Build.0 = Debug|x64
		{B2ABBBD4-CFC8-4C75-A430-14684BAF173B}.Debug|x86.ActiveCfg = Debug|Win32
		{B2ABBBD4-CFC8-4C75-A430-14684BAF173B}.Debug|x86.Build.0 = Debug|Win32
		{B2ABBBD4-CFC8-4C75-A430-14684BAF173B}.Release|x64.ActiveCfg = Release|x64
		{B2ABBBD4-CFC8-4C75-A430-14684BAF173B}.Release|x64.Build.0 = Release|x64
		{B2ABBBD4-CFC8-4C75-A430-14684BAF173B}.Release|x86.ActiveCfg = Release|Win32
		{B2ABBBD4-CFC8-4C75-A430-14684BAF173B}.Release|x86.Build.0 = Release|Win32
		{923C02CA-2501-4A4E-AC0A-F781A4F5C87B}.Debug|x64.ActiveCfg = Debug|x64
		{923C02CA-2501-4A4E-AC0A-F781A4F5C87B}.Debug|x64.Build.0 = Debug|x64
		{923C02CA-2501-4A4E-AC0A-F781A4F5C87B}.Debug|x86.ActiveCfg = Debug|Win32
		{923C02CA-2501-4A4E-AC0A-F781A4F5C87B}.Debug|x86.Build.0 = Debug|Win32
		{923C02CA-2501-4A4E-AC0A-F781A4F5C87B}.Release|x64.ActiveCfg = Release|x64
		{923C02CA-2501-4A4E-AC0A-F781A4F5C87B}.Release|x64.Build.0 = Release|x64
		{923C02CA-2501-4A4E-AC0A-F781A4F5C87B}.Release|x86.ActiveCfg = Release|Win32
		{923C02CA-2501-4A4E-AC0A-F781A4F5C87B}.Release|x86.Build.0 = Release|Win32
		{870C4C87-B06B-42E8-A303-481579E7CC4A}.Debug|x64.ActiveCfg = Debug|x64
		{870C4C87-B06B-42E8-A303-481579E7CC4A}.Debug|x64.Build.0 = Debug|x64
		{870C4C87-B06B-42E8-A303-481579E7CC4A}.Debug|x86.ActiveCfg = Debug|Win32
		{870C4C87-B06B-42E8-A303-481579E7CC4A}.Debug|x86.Build.0 = Debug|Win32
		{870C4C87-B06B-42E8-A303-481579E7CC4A}.Release|x64.ActiveCfg = Release|x64
		{870C4C87-B06B-42E8-A303-481579E7CC4A}.Release|x64.Build.0 = Release|x64
		{870C4C87-B06B-42E8-A303-481579E7CC4A}.Release|x86.ActiveCfg = Release|Win32
		{870C4C87-B06B-42E8-A303-481579E7CC4A}.Release|x86.Build.0 = Release|Win32
		{D1370371-6799-4C36-BABD-57560BC56C8F}.Debug|x64.ActiveCfg = Debug|x64
		{D1370371-6799-4C36-BABD-57560BC56C8F}.Debug|x64.Build.0 = Debug|x64
		{D1370371-6799-4C36-BABD-57560BC56C8F}.Debug|x86.ActiveCfg = Debug|Win32
		{D1370371-6799-4C36-BABD-57560BC56C8F}.Debug|x86.Build.0 = Debug|Win32
		{D1370371-6799-4C36-BABD-57560BC56C8F}.Release|x64.ActiveCfg = Release|x64
		{D1370371-6799-4C36-BABD-57560BC56C8F}.Release|x64.Build.0 = Release|x64
		{D1370371-6799-4C36-BABD-57560BC56C8F}.Release|x86.ActiveCfg = Release|Win32
		{D1370371-6799-4C36-BABD-57560BC56C8F}.Release|x86.Build.0 = Release|Win32
		{17D88A61-5BCE-446C-9F78-7A55D7655B50}.Debug|x64.ActiveCfg = Debug|x64
		{17D88A61-5BCE-446C-9F78-7A55D7655B50}.Debug|x64.Build.0 = Debug|x64
		{17D88A61-5BCE-446C-9F78-7A55D7655B50}.Debug|x86.ActiveCfg = Debug|Win32
		{17D88A61-5BCE-446C-9F78-7A55D7655B50}.Debug|x86.Build.0 = Debug|Win32
		{17D88A61-5BCE-446C-9F78-7A55D7655B50}.Release|x64.ActiveCfg = Release|x64
		{17D88A61-5BCE-446C-9F78-7A55D7655B50}.Release|x64.Build.0 = Release|x64
		{17D88A61-5BCE-446C-9F78-7A55D7655B50}.Release|x86.ActiveCfg = Release|Win32
		{17D88A61-5BCE-446C-9F78-7A55D7655B50}.Release|x86.Build.0 = Release|Win32
		{61751238-C876-4DBA-9A59-178E56A3C43F}.Debug|x64.ActiveCfg = Debug|x64
		{61751238-C876-4DBA-9A59-178E56A3C43F}.Debug|x64.Build.0 = Debug|x64
		{61751238-C876-4DBA-9A59-178E56A3C43F}.Debug|x86.ActiveCfg = Debug|Win32
		{61751238-C876-4DBA-9A59-178E56A3C43F}.Debug|x86.Build.0 = Debug|Win32
		{61751238-C876-4DBA-9A59-178E56A3C43F}.Release|x64.ActiveCfg = Release|x64
		{61751238-C876-4DBA-9A59-178E56A3C43F}.Release|x64.Build.0 = Release|x64
		{61751238-C876-4DBA-9A59-178E56A3C43F}.Release|x86.ActiveCfg = Release|Win32
		{61751238-C876-4DBA-9A59-178E56A3C43F}.Release|x86.Build.0 = Release|Win32
		{265B67CD-3D6B-4801-903E-431D2CC82A9C}.Debug|x64.ActiveCfg = Debug|x64
		{265B67CD-3D6B-4801-903E-431D2CC82A9C}.Debug|x64.Build.0 = Debug|x64
		{265B67CD-3D6B-4801-903E-431D2CC82A9C}.Debug|x86.ActiveCfg = Debug|Win32
		{265B67CD-3D6B-4801-903E-431D2CC82A9C}.Debug|x86.Build.0 = Debug|Win32
		{265B67CD-3D6B-4801-903E-431D2CC82A9C}.Release|x64.ActiveCfg = Release|x64
		{265B67CD-3D6B-4801-903E-431D2CC82A9C}.Release|x64.Build.0 = Release|x64
		{265B67CD-3D6B-4801-903E-431D2CC82A9C}.Release|x86.ActiveCfg = Release|Win32
		{265B67CD-3D6B-4801-903E-431D2CC82A9C}.Release|x86.Build.0 = Release|Win32
		{B86C7F61-B11C-4E86-AF8E-75CBA2A6B824}.Debug|x64.ActiveCfg = Debug|x64
		{B86C7F61-B11C-4E86-AF8E-75CBA2A6B824}.Debug|x64.Build.0 = Debug|x64
		{B86C7F61-B11C-4E86-AF8E-75CBA2A6B824}.Debug|x86.ActiveCfg = Debug|Win32
		{B86C7F61-B11C-4E86-AF8E-75CBA2A6B824}.Debug|x86.Build.0 = Debug|Win32
		{B86C7F61-B11C-4E86-AF8E-75CBA2A6B824}.Release|x64.ActiveCfg = Release|x64
		{B86C7F61-B11C-4E86-AF8E-75CBA2A6B824}.Release|x64.Build.0 = Release|x64
		{B86C7F61-B11C-4E86-AF8E-75CBA2A6B824}.Release|x86.ActiveCfg = Release|Win32
		{B86C7F61-B11C-4E86-AF8E-75CBA2A6B824}.Release|x86.Build.0 = Release|Win32
		{086A124A-3769-458E-8B80-E40A8E8D08AF}.Debug|x64.ActiveCfg = Debug|x64
		{086A124A-3769-458E-8B80-E40A8E8D08AF}.Debug|x64.Build.0 = Debug|x64
		{086A124A-3769-458E-8B80-E40A8E8D08AF}.Debug|x86.ActiveCfg = Debug|Win32
		{086A124A-3769-458E-8B80-E40A8E8D08AF}.Debug|x86.Build.0 = Debug|Win32
		{086A124A-3769-458E-8B80-E40A8E8D08AF}.Release|x64.ActiveCfg = Release|x64
		{086A124A-3769-458E-8B80-E40A8E8D08AF}.Release|x64.Build.0 = Release|x64
		{086A124A-3769-458E-8B80-E40A8E8D08AF}.Release|x86.ActiveCfg = Release|Win32
		{086A124A-3769-458E-8B80-E40A8E8D08AF}.Release|x86.Build.0 = Release|Win32
		{9C0AEA04-D1F6-4C73-ABFA-760496677E14}.Debug|x64.ActiveCfg = Debug|x64
		{9C0AEA04-D1F6-4C73-ABFA-760496677E14}.Debug|x64.Build.0 = Debug|x64
		{9C0AEA04-D1F6-4C73-ABFA-760496677E14}.Debug|x86.ActiveCfg = Debug|Win32
		{9C0AEA04-D1F6-4C73-ABFA-760496677E14}.Debug|x86.Build.0 = Debug|Win32
		{9C0AEA04-D1F6-4C73-ABFA-760496677E14}.Release|x64.ActiveCfg = Release|x64
		{9C0AEA04-D1F6-4C73-ABFA-760496677E14}.Release|x64.Build.0 = Release|x64
		{9C0AEA04-D1F6-4C73-ABFA-760496677E14}.Release|x86.ActiveCfg = Release|Win32
		{9C0AEA04-D1F6-4C73-ABFA-760496677E14}.Release|x86.Build.0 = Release|Win32
		{5B841634-7EAB-4EF7-9B3F-9A2D2D2CBB36}.Debug|x64.ActiveCfg = Debug|x64
		{5B841634-7EAB-4EF7-9B3F-9A2D2D2CBB36}.Debug|x64.Build.0 = Debug|x64
		{5B841634-7EAB-4EF7-9B3F-9A2D2D2CBB36}.Debug|x86.ActiveCfg = Debug|Win32
		{5B841634-7EAB-4EF7-9B3F-9A2D2D2CBB36}.Debug|x86.Build.0 = Debug|Win32
		{5B841634-7EAB-4EF7-9B3F-9A2D2D2CBB36}.Release|x64.ActiveCfg = Release|x64
		{5B841634-7EAB-4EF7-9B3F-9A2D2D2CBB36}.Release|x64.Build.0 = Release|x64
		{5B841634-7EAB-4EF7-9B3F-9A2D2D2CBB36}.Release|x86.ActiveCfg = Release|Win32
		{5B841634-7EAB-4EF7-9B3F-9A2D2D2CBB36}.Release|x86.Build.0 = Release|Win32
		{42D46C1F-684C-4BDC-9B5C-4DC8C57C0738}.Debug|x64.ActiveCfg = Debug|x64
		{42D46C1F-684C-4BDC-9B5C-4DC8C57C0738}.Debug|x64.Build.0 = Debug|x64
		{42D46C1F-684C-4BDC-9B5C-4DC8C57C0738}.Debug|x86.ActiveCfg = Debug|Win32
		{42D46C1F-684C-4BDC-9B5C-4DC8C57C0738}.Debug|x86.Build.0 = Debug|Win32
		{42D46C1F-684C-4BDC-9B5C-4DC8C57C0738}.Release|x64.ActiveCfg = Release|x64
		{42D46C1F-684C-4BDC-9B5C-4DC8C57C0738}.Release|x64.Build.0 = Release|x64
		{42D46C1F-684C-4BDC-9B5C-4DC8C57C0738}.Release|x86.ActiveCfg = Release|Win32
		{42D46C1F-684C-4BDC-9B5C-4DC8C57C0738}.Release|x86.Build.0 = Release|Win32
		{44BB815C-2B39-4317-94F8-95F95F58B386}.Debug|x64.ActiveCfg = Debug|x64
		{44BB815C-2B39-4317-94F8-95F95F58B386}.Debug|x64.Build.0 = Debug|x64
		{44BB815C-2B39-4317-94F8-95F95F58B386}.Debug|x86.ActiveCfg = Debug|Win32
		{44BB815C-2B39-4317-94F8-95F95F58B386}.Debug|x86.Build.0 = Debug|Win32
		{44BB815C-2B39-4317-94F8-95F95F58B386}.Release|x64.ActiveCfg = Release|x64
		{44BB815C-2B39-4317-94F8-95F95F58B386}.Release|x64.Build.0 = Release|x64
		{44BB815C-2B39-4317-94F8-95F95F58B386}.Release|x86.ActiveCfg = Release|Win32
		{44BB815C-2B39-4317-94F8-95F95F58B386}.Release|x86.Build.0 = Release|Win32
		{514102A5-95C7-4863-A8F4-1846B05AACE1}.Debug|x64.ActiveCfg = Debug|x64
		{514102A5-95C7-4863-A8F4-1846B05AACE1}.Debug|x64.Build.0 = Debug|x64
		{514102A5-95C7-4863-A8F4-1846B05AACE1}.Debug|x86.ActiveCfg = Debug|Win32
		{514102A5-95C7-4863-A8F4-1846B05AACE1}.Debug|x86.Build.0 = Debug|Win32
		{514102A5-95C7-4863-A8F4-1846B05AACE1}.Release|x64.ActiveCfg = Release|x64
		{514102A5-95C7-4863-A8F4-1846B05AACE1}.Release|x64.Build.0 = Release|x64
		{514102A5-95C7-4863-A8F4-1846B05AACE1}.Release|x86.ActiveCfg = Release|Win32
		{514102A5-95C7-4863-A8F4-1846B05AACE1}.Release|x86.Build.0 = Release|Win32
		{309F6A3A-D84A-426E-BC92-123F5BA09CB8}.Debug|x64.ActiveCfg = Debug|x64
		{309F6A3A-D84A-426E-BC92-123F5BA09CB8}.Debug|x64.Build.0 = Debug|x64
		{309F6A3A-D84A-426E-BC92-123F5BA09CB8}.Debug|x86.ActiveCfg = Debug|Win32
		{309F6A3A-D84A-426E-BC92-123F5BA09CB8}.Debug|x86.Build.0 = Debug|Win32
		{309F6A3A-D84A-426E-BC92-123F5BA09CB8}.Release|x64.ActiveCfg = Release|x64
		{309F6A3A-D84A-426E-BC92-123F5BA09CB8}.Release|x64.Build.0 = Release|x64
		{309F6A3A-D84A-426E-BC92-123F5BA09CB8}.Release|x86.ActiveCfg = Release|Win32
		{309F6A3A-D84A-426E-BC92-123F5BA09CB8}.Release|x86.Build.0 = Release|Win32
		{584A3E91-69B6-4960-8EE6-6D28E2721CEB}.Debug|x64.ActiveCfg = Debug|x64
		{584A3E91-69B6-4960-8EE6-6D28E2721CEB}.Debug|x64.Build.0 = Debug|x64
		{584A3E91-69B6-4960-8EE6-6D28E2721CEB}.Debug|x86.ActiveCfg = Debug|Win32
		{584A3E91-69B6-4960-8EE6-6D28E2721CEB}.Debug|x86.Build.0 = Debug|Win32
		{584A3E91-69B6-4960-8EE6-6D28E2721CEB}.Release|x64.ActiveCfg = Release|x64
		{584A3E91-69B6-4960-8EE6-6D28E2721CEB}.Release|x64.Build.0 = Release|x64
		{584A3E91-69B6-4960-8EE6-6D28E2721CEB}.Release|x86.ActiveCfg = Release|Win32
		{584A3E91-69B6-4960-8EE6-6D28E2721CEB}.Release|x86.Build.0 = Release|Win32
		{A01E0B7A-291D-4BC6-930A-4BCEDACBECE0}.Debug|x64.ActiveCfg = Debug|x64
		{A01E0B7A-291D-4BC6-930A-4BCEDACBECE0}.Debug|x64.Build.0 = Debug|x64
		{A01E0B7A-291D-4BC6-930A-4BCEDACBECE0}.Debug|x86.ActiveCfg = Debug|Win32
		{A01E0B7A-291D-4BC6-930A-4BCEDACBECE0}.Debug|x86.Build.0 = Debug|Win32
		{A01E0B7A-291D-4BC6-930A-4BCEDACBECE0}.Release|x64.ActiveCfg = Release|x64
		{A01E0B7A-291D-4BC6-930A-4BCEDACBECE0}.Release|x64.Build.0 = Release|x64
		{A01E0B7A-291D-4BC6-930A-4BCEDACBECE0}.Release|x86.ActiveCfg = Release|Win32
		{A01E0B7A-291D-4BC6-930A-4BCEDACBECE0}.Release|x86.Build.0 = Release|Win32
		{0AE24085-3A76-451B-A93F-E61B7B6A4BCB}.Debug|x64.ActiveCfg = Debug|x64
		{0AE24085-3A76-451B-A93F-E61B7B6A4BCB}.Debug|x64.Build.0 = Debug|x64
		{0AE24085-3A76-451B-A93F-E61B7B6A4BCB}.Debug|x86.ActiveCfg = Debug|Win32
		{0AE24085-3A76-451B-A93F-E61B7B6A4BCB}.Debug|x86.Build.0 = Debug|Win32
		{0AE24085-3A76-451B-A93F-E61B7B6A4BCB}.Release|x64.ActiveCfg = Release|x64
		{0AE24085-3A76-451B-A93F-E61B7B6A4BCB}.Release|x64.Build.0 = Release|x64
		{0AE24085-3A76-451B-A93F-E61B7B6A4BCB}.Release|x86.ActiveCfg = Release|Win32
		{0AE24085-3A76-451B-A93F-E61B7B6A4BCB}.Release|x86.Build.0 = Release|Win32
		{FFAAE9ED-E51A-48A2-B642-2FD65E11E22C}.Debug|x64.ActiveCfg = Debug|x64
		{FFAAE9ED-E51A-48A2-B642-2FD65E11E22C}.Debug|x64.Build.0 = Debug|x64
		{FFAAE9ED-E51A-48A2-B642-2FD65E11E22C}.Debug|x86.ActiveCfg = Debug|Win32
		{FFAAE9ED-E51A-48A2-B642-2FD65E11E22C}.Debug|x86.Build.0 = Debug|Win32
		{FFAAE9ED-E51A-48A2-B642-2FD65E11E22C}.Release|x64.ActiveCfg = Release|x64
		{FFAAE9ED-E51A-48A2-B642-2FD65E11E22C}.Release|x64.Build.0 = Release|x64
		{FFAAE9ED-E51A-48A2-B642-2FD65E11E22C}.Release|x86.ActiveCfg = Release|Win32
		{FFAAE9ED-E51A-48A2-B642-2FD65E11E22C}.Release|x86.Build.0 = Release|Win32
		{7192092A-203B-49EE-8EB0-A22C126B683B}.Debug|x64.ActiveCfg = Debug|x64
		{7192092A-203B-49EE-8EB0-A22C126B683B}.Debug|x64.Build.0 = Debug|x64
		{7192092A-203B-49EE-8EB0-A22C126B683B}.Debug|x86.ActiveCfg = Debug|Win32
		{7192092A-203B-49EE-8EB0-A22C126B683B}.Debug|x86.Build.0 = Debug|Win32
		{7192092A-203B-49EE-8EB0-A22C126B683B}.Release|x64.ActiveCfg = Release|x64
		{7192092A-203B-49EE-8EB0-A22C126B683B}.Release|x64.Build.0 = Release|x64
		{7192092A-203B-49EE-8EB0-A22C126B683B}.Release|x86.ActiveCfg = Release|Win32
		{7192092A-203B-49EE-8EB0-A22C126B683B}.Release|x86.Build.0 = Release|Win32
		{DA2A594C-D3B8-4943-8460-A8AD3444EA31}.Debug|x64.ActiveCfg = Debug|x64
		{DA2A594C-D3B8-4943-8460-A8AD3444EA31}.Debug|x64.Build.0 = Debug|x64
		{DA2A594C-D3B8-4943-8460-A8AD3444EA31}.Debug|x86.ActiveCfg = Debug|Win32
		{DA2A594C-D3B8-4943-8460-A8AD3444EA31}.Debug|x86.Build.0 = Debug|Win32
		{DA2A594C-D3B8-4943-8460-A8AD3444EA31}.Release|x64.ActiveCfg = Release|x64
		{DA2A594C-D3B8-4943-8460-A8AD3444EA31}.Release|x64.Build.0 = Release|x64
		{DA2A594C-D3B8-4943-8460-A8AD3444EA31}.Release|x86.ActiveCfg = Release|Win32
		{DA2A594C-D3B8-4943-8460-A8AD3444EA31}.Release|x86.Build.0 = Release|Win32
		{8C87DAEC-66E9-4E8E-A7C4-0CFDB32E5706}.Debug|x64.ActiveCfg = Debug|x64
		{8C87DAEC-66E9-4E8E-A7C4-0CFDB32E5706}.Debug|x64.Build.0 = Debug|x64
		{8C87DAEC-66E9-4E8E-A7C4-0CFDB32E5706}.Debug|x86.ActiveCfg = Debug|Win32
		{8C87DAEC-66E9-4E8E-A7C4-0CFDB32E5706}.Debug|x86.Build.0 = Debug|Win32
		{8C87DAEC-66E9-4E8E-A7C4-0CFDB32E5706}.Release|x64.ActiveCfg = Release|x64
		{8C87DAEC-66E9-4E8E-A7C4-0CFDB32E5706}.Release|x64.Build.0 = Release|x64
		{8C87DAEC-66E9-4E8E-A7C4-0CFDB32E5706}.Release|x86.ActiveCfg = Release|Win32
		{8C87DAEC-66E9-4E8E-A7C4-0CFDB32E5706}.Release|x86.Build.0 = Release|Win32
		{AD223F6E-D162-4EC3-83FE-F16EDA228145}.Debug|x64.ActiveCfg = Debug|x64
		{AD223F6E-D162-4EC3-83FE-F16EDA228145}.Debug|x64.Build.0 = Debug|x64
		{AD223F6E-D162-4EC3-83FE-F16EDA228145}.Debug|x86.ActiveCfg = Debug|Win32
		{AD223F6E-D162-4EC3-83FE-F16EDA228145}.Debug|x86.Build.0 = Debug|Win32
		{AD223F6E-D162-4EC3-83FE-F16EDA228145}.Release|x64.ActiveCfg = Release|x64
		{AD223F6E-D162-4EC3-83FE-F16EDA228145}.Release|x64.Build.0 = Release|x64
		{AD223F6E-D162-4EC3-83FE-F16EDA228145}.Release|x86.ActiveCfg = Release|Win32
		{AD223F6E-D162-4EC3-83FE-F16EDA228145}.Release|x86.Build.0 = Release|Win32
		{1941D37C-1045-4412-86DB-82D3E3163935}.Debug|x64.ActiveCfg = Debug|x64
		{1941D37C-1045-4412-86DB-82D3E3163935}.Debug|x64.Build.0 = Debug|x64
		{1941D37C-1045-4412-86DB-82D3E3163935}.Debug|x86.ActiveCfg = Debug|Win32
		{1941D37C-1045-4412-86DB-82D3E3163935}.Debug|x86.Build.0 = Debug|Win32
		{1941D37C-1045-4412-86DB-82D3E3163935}.Release|x64.ActiveCfg = Release|x64
		{1941D37C-1045-4412-86DB-82D3E3163935}.Release|x64.Build.0 = Release|x64
		{1941D37C-1045-4412-86DB-82D3E3163935}.Release|x86.ActiveCfg = Release|Win32
		{1941D37C-1045-4412-86DB-82D3E3163935}.Release|x86.Build.0 = Release|Win32
		{16BE065B-9134-4D18-AFA5-D203FA4BDA74}.Debug|x64.ActiveCfg = Debug|x64
		{16BE065B-9134-4D18-AFA5-D203FA4BDA74}.Debug|x64.Build.0 = Debug|x64
		{16BE065B-9134-4D18-AFA5-D203FA4BDA74}.Debug|x86.ActiveCfg = Debug|Win32
		{16BE065B-9134-4D18-AFA5-D203FA4BDA74}.Debug|x86.Build.0 = Debug|Win32
		{16BE065B-9134-4D18-AFA5-D203FA4BDA74}.Release|x64.ActiveCfg = Release|x64
		{16BE065B-9134-4D18-AFA5-D203FA4BDA74}.Release|x64.Build.0 = Release|x64
		{16BE065B-9134-4D18-AFA5-D203FA4BDA74}.Release|x86.ActiveCfg = Release|Win32
		{16BE065B-9134-4D18-AFA5-D203FA4BDA74}.Release|x86.Build.0 = Release|Win32
		{6A040823-E677-4D03-A3BF-9A556D27D768}.Debug|x64.ActiveCfg = Debug|x64
		{6A040823-E677-4D03-A3BF-9A556D27D768}.Debug|x64.Build.0 = Debug|x64
		{6A040823-E677-4D03-A3BF-9A556D27D768}.Debug|x86.ActiveCfg = Debug|Win32
		{6A040823-E677-4D03-A3BF-9A556D27D768}.Debug|x86.Build.0 = Debug|Win32
		{6A040823-E677-4D03-A3BF-9A556D27D768}.Release|x64.ActiveCfg = Release|x64
		{6A040823-E677-4D03-A3BF-9A556D27D768}.Release|x64.Build.0 = Release|x64
		{6A040823-E677-4D03-A3BF-9A556D27D768}.Release|x86.ActiveCfg = Release|Win32
		{6A040823-E677-4D03-A3BF-9A556D27D768}.Release|x86.Build.0 = Release|Win32
		{5D35CA64-CD66-4690-9FD3-859230E00E7D}.Debug|x64.ActiveCfg = Debug|x64
		{5D35CA64-CD66-4690-9FD3-859230E00E7D}.Debug|x64.Build.0 = Debug|x64
		{5D35CA64-CD66-4690-9FD3-859230E00E7D}.Debug|x86.ActiveCfg = Debug|Win32
		{5D35CA64-CD66-4690-9FD3-859230E00E7D}.Debug|x86.Build.0 = Debug|Win32
		{5D35CA64-CD66-4690-9FD3-859230E00E7D}.Release|x64.ActiveCfg = Release|x64
		{5D35CA64-CD66-4690-9FD3-859230E00E7D}.Release|x64.Build.0 = Release|x64
		{5D35CA64-CD66-4690-9FD3-859230E00E7D}.Release|x86.ActiveCfg = Release|Win32
		{5D35CA64-CD66-4690-9FD3-859230E00E7D}.Release|x86.Build.0 = Release|Win32
		{6C545570-68CF-4FC3-969D-1B150B2B80A0}.Debug|x64.ActiveCfg = Debug|x64
		{6C545570-68CF-4FC3-969D-1B150B2B80A0}.Debug|x64.Build.0 = Debug|x64
		{6C545570-68CF-4FC3-969D-1B150B2B80A0}.Debug|x86.ActiveCfg = Debug|Win32
		{6C545570-68CF-4FC3-969D-1B150B2B80A0}.Debug|x86.Build.0 = Debug|Win32
		{6C545570-68CF-4FC3-969D-1B150B2B80A0}.Release|x64.ActiveCfg = Release|x64
		{6C545570-68CF-4FC3-969D-1B150B2B80A0}.Release|x64.Build.0 = Release|x64
		{6C545570-68CF-4FC3-969D-1B150B2B80A0}.Release|x86.ActiveCfg = Release|Win32
		{6C545570-68CF-4FC3-969D-1B150B2B80A0}.Release|x86.Build.0 = Release|Win32
		{DBACB5B2-F253-4C14-9963-F607C0F5262D}.Debug|x64.ActiveCfg = Debug|x64
		{DBACB5B2-F253-4C14-9963-F607C0F5262D}.Debug|x64.Build.0 = Debug|x64
		{DBACB5B2-F253-4C14-9963-F607C0F5262D}.Debug|x86.ActiveCfg = Debug|Win32
		{DBACB5B2-F253-4C14-9963-F607C0F5262D}.Debug|x86.Build.0 = Debug|Win32
		{DBACB5B2-F253-4C14-9963-F607C0F5262D}.Release|x64.ActiveCfg = Release|x64
		{DBACB5B2-F253-4C14-9963-F607C0F5262D}.Release|x64.Build.0 = Release|x64
		{DBACB5B2-F253-4C14-9963-F607C0F5262D}.Release|x86.ActiveCfg = Release|Win32
		{DBACB5B2-F253-4C14-9963-F607C0F5262D}.Release|x86.Build.0 = Release|Win32
		{0C28DE0A-6D66-47DE-B5A2-E5FE633D55D1}.Debug|x64.ActiveCfg = Debug|x64
		{0C28DE0A-6D66-47DE-B5A2-E5FE633D55D1}.Debug|x64.Build.0 = Debug|x64
		{0C28DE0A-6D66-47DE-B5A2-E5FE633D55D1}.Debug|x86.ActiveCfg = Debug|Win32
		{0C28DE0A-6D66-47DE-B5A2-E5FE633D55D1}.Debug|x86.Build.0 = Debug|Win32
		{0C28DE0A-6D66-47DE-B5A2-E5FE633D55D1}.Release|x64.ActiveCfg = Release|x64
		{0C28DE0A-6D66-47DE-B5A2-E5FE633D55D1}.Release|x64.Build.0 = Release|x64
		{0C28DE0A-6D66-47DE-B5A2-E5FE633D55D1}.Release|x86.ActiveCfg = Release|Win32
		{0C28DE0A-6D66-47DE-B5A2-E5FE633D55D1}.Release|x86.Build.0 = Release|Win32
		{88411634-6A23-4A34-B34C-3BFCA584F572}.Debug|x64.ActiveCfg = Debug|x64
		{88411634-6A23-4A34-B34C-3BFCA584F572}.Debug|x64.Build.0 = Debug|x64
		{88411634-6A23-4A34-B34C-3BFCA584F572}.Debug|x86.ActiveCfg = Debug|Win32
		{88411634-6A23-4A34-B34C-3BFCA584F572}.Debug|x86.Build.0 = Debug|Win32
		{88411634-6A23-4A34-B34C-3BFCA584F572}.Release|x64.ActiveCfg = Release|x64
		{88411634-6A23-4A34-B34C-3BFCA584F572}.Release|x64.Build.0 = Release|x64
		{88411634-6A23-4A34-B34C-3BFCA584F572}.Release|x86.ActiveCfg = Release|Win32
		{88411634-6A23-4A34-B34C-3BFCA584F572}.Release|x86.Build.0 = Release|Win32
	EndGlobalSection
	GlobalSection(SolutionProperties) = preSolution
		HideSolutionNode = FALSE
	EndGlobalSection
	GlobalSection(ExtensibilityGlobals) = postSolution
		SolutionGuid = {5A52958D-F76D-4923-AB91-54C76BF2DBD7}
	EndGlobalSection
EndGlobal
